
Microsoft Visual Studio Solution File, Format Version 12.00
# Visual Studio 2012
Project("{FAE04EC0-301F-11D3-BF4B-00C04F79EFBC}") = "ACBrFramework.Net", "ACBrFramework.Net\ACBrFramework.Net.csproj", "{C66AC69F-8537-46AD-A6DB-576A61670FA4}"
EndProject
Project("{FAE04EC0-301F-11D3-BF4B-00C04F79EFBC}") = "ACBrFramework.Net.ECFTeste", "ACBrFramework.Net.ECFTeste\ACBrFramework.Net.ECFTeste.csproj", "{7D3D0596-A97E-4E91-9EF9-AAC50A5DB9B2}"
EndProject
Project("{FAE04EC0-301F-11D3-BF4B-00C04F79EFBC}") = "ACBrFramework.Net.PAFTeste", "ACBrFramework.Net.PAFTeste\ACBrFramework.Net.PAFTeste.csproj", "{7A7FEBE9-8685-4B76-BD46-84E4895F7A8C}"
EndProject
Project("{FAE04EC0-301F-11D3-BF4B-00C04F79EFBC}") = "ACBrFramework.Net.EADTeste", "ACBrFramework.Net.EADTeste\ACBrFramework.Net.EADTeste.csproj", "{2D36F678-5CEC-40AC-B173-CE456F45CF5D}"
EndProject
Project("{FAE04EC0-301F-11D3-BF4B-00C04F79EFBC}") = "ACBrFramework.Net.BALTeste", "ACBrFramework.Net.BALTeste\ACBrFramework.Net.BALTeste.csproj", "{9026C8D5-82E9-4874-BFD5-A101A8B06071}"
EndProject
Project("{FAE04EC0-301F-11D3-BF4B-00C04F79EFBC}") = "ACBrFramework.TEFDTeste", "ACBrFramework.TEFDTeste\ACBrFramework.TEFDTeste.csproj", "{C1944ECA-BCB2-47E0-93F1-696729E112C0}"
EndProject
Project("{FAE04EC0-301F-11D3-BF4B-00C04F79EFBC}") = "ACBrFramework.Net.CNIEETeste", "ACBrFramework.Net.CNIEETeste\ACBrFramework.Net.CNIEETeste.csproj", "{4A2E81C1-B85D-479D-8D34-199714000C79}"
EndProject
Project("{FAE04EC0-301F-11D3-BF4B-00C04F79EFBC}") = "ACBrFramework.Net.ValidadorTeste", "ACBrFramework.Net.ValidadorTeste\ACBrFramework.Net.ValidadorTeste.csproj", "{60214559-9908-43EC-97B2-21D9B294BB25}"
EndProject
Project("{FAE04EC0-301F-11D3-BF4B-00C04F79EFBC}") = "ACBrFramework.Net.SintegraTeste", "ACBrFramework.Net.SintegraTeste\ACBrFramework.Net.SintegraTeste.csproj", "{7B49BF1C-A848-4E3F-B049-21D35D1C2C80}"
EndProject
Project("{FAE04EC0-301F-11D3-BF4B-00C04F79EFBC}") = "ACBrFramework.Net.SpedFiscalTeste", "ACBrFramework.Net.SpedFiscalTeste\ACBrFramework.Net.SpedFiscalTeste.csproj", "{C8120983-E18C-4CE8-AE75-2C8269CAAF4F}"
EndProject
Global
	GlobalSection(SolutionConfigurationPlatforms) = preSolution
		COM Interop|x64 = COM Interop|x64
		COM Interop|x86 = COM Interop|x86
		Debug|x64 = Debug|x64
		Debug|x86 = Debug|x86
		Release|x64 = Release|x64
		Release|x86 = Release|x86
	EndGlobalSection
	GlobalSection(ProjectConfigurationPlatforms) = postSolution
		{C66AC69F-8537-46AD-A6DB-576A61670FA4}.COM Interop|x64.ActiveCfg = COM Interop|x86
		{C66AC69F-8537-46AD-A6DB-576A61670FA4}.COM Interop|x64.Build.0 = COM Interop|x86
		{C66AC69F-8537-46AD-A6DB-576A61670FA4}.COM Interop|x86.ActiveCfg = COM Interop|x86
		{C66AC69F-8537-46AD-A6DB-576A61670FA4}.COM Interop|x86.Build.0 = COM Interop|x86
		{C66AC69F-8537-46AD-A6DB-576A61670FA4}.Debug|x64.ActiveCfg = Debug|x64
		{C66AC69F-8537-46AD-A6DB-576A61670FA4}.Debug|x64.Build.0 = Debug|x64
		{C66AC69F-8537-46AD-A6DB-576A61670FA4}.Debug|x86.ActiveCfg = Debug|x86
		{C66AC69F-8537-46AD-A6DB-576A61670FA4}.Debug|x86.Build.0 = Debug|x86
		{C66AC69F-8537-46AD-A6DB-576A61670FA4}.Release|x64.ActiveCfg = Release|x64
		{C66AC69F-8537-46AD-A6DB-576A61670FA4}.Release|x64.Build.0 = Release|x64
		{C66AC69F-8537-46AD-A6DB-576A61670FA4}.Release|x86.ActiveCfg = Release|x86
		{C66AC69F-8537-46AD-A6DB-576A61670FA4}.Release|x86.Build.0 = Release|x86
		{7D3D0596-A97E-4E91-9EF9-AAC50A5DB9B2}.COM Interop|x64.ActiveCfg = Release|x64
		{7D3D0596-A97E-4E91-9EF9-AAC50A5DB9B2}.COM Interop|x86.ActiveCfg = Release|x86
		{7D3D0596-A97E-4E91-9EF9-AAC50A5DB9B2}.Debug|x64.ActiveCfg = Debug|x64
		{7D3D0596-A97E-4E91-9EF9-AAC50A5DB9B2}.Debug|x64.Build.0 = Debug|x64
		{7D3D0596-A97E-4E91-9EF9-AAC50A5DB9B2}.Debug|x86.ActiveCfg = Debug|x86
		{7D3D0596-A97E-4E91-9EF9-AAC50A5DB9B2}.Debug|x86.Build.0 = Debug|x86
		{7D3D0596-A97E-4E91-9EF9-AAC50A5DB9B2}.Release|x64.ActiveCfg = Release|x64
		{7D3D0596-A97E-4E91-9EF9-AAC50A5DB9B2}.Release|x64.Build.0 = Release|x64
		{7D3D0596-A97E-4E91-9EF9-AAC50A5DB9B2}.Release|x86.ActiveCfg = Release|x86
		{7D3D0596-A97E-4E91-9EF9-AAC50A5DB9B2}.Release|x86.Build.0 = Release|x86
		{7A7FEBE9-8685-4B76-BD46-84E4895F7A8C}.COM Interop|x64.ActiveCfg = Release|x64
		{7A7FEBE9-8685-4B76-BD46-84E4895F7A8C}.COM Interop|x86.ActiveCfg = Release|x86
		{7A7FEBE9-8685-4B76-BD46-84E4895F7A8C}.Debug|x64.ActiveCfg = Debug|x64
		{7A7FEBE9-8685-4B76-BD46-84E4895F7A8C}.Debug|x64.Build.0 = Debug|x64
		{7A7FEBE9-8685-4B76-BD46-84E4895F7A8C}.Debug|x86.ActiveCfg = Debug|x86
		{7A7FEBE9-8685-4B76-BD46-84E4895F7A8C}.Debug|x86.Build.0 = Debug|x86
		{7A7FEBE9-8685-4B76-BD46-84E4895F7A8C}.Release|x64.ActiveCfg = Release|x64
		{7A7FEBE9-8685-4B76-BD46-84E4895F7A8C}.Release|x64.Build.0 = Release|x64
		{7A7FEBE9-8685-4B76-BD46-84E4895F7A8C}.Release|x86.ActiveCfg = Release|x86
		{7A7FEBE9-8685-4B76-BD46-84E4895F7A8C}.Release|x86.Build.0 = Release|x86
		{2D36F678-5CEC-40AC-B173-CE456F45CF5D}.COM Interop|x64.ActiveCfg = Release|x64
		{2D36F678-5CEC-40AC-B173-CE456F45CF5D}.COM Interop|x86.ActiveCfg = Release|x86
		{2D36F678-5CEC-40AC-B173-CE456F45CF5D}.Debug|x64.ActiveCfg = Debug|x64
		{2D36F678-5CEC-40AC-B173-CE456F45CF5D}.Debug|x64.Build.0 = Debug|x64
		{2D36F678-5CEC-40AC-B173-CE456F45CF5D}.Debug|x86.ActiveCfg = Debug|x86
		{2D36F678-5CEC-40AC-B173-CE456F45CF5D}.Debug|x86.Build.0 = Debug|x86
		{2D36F678-5CEC-40AC-B173-CE456F45CF5D}.Release|x64.ActiveCfg = Release|x64
		{2D36F678-5CEC-40AC-B173-CE456F45CF5D}.Release|x64.Build.0 = Release|x64
		{2D36F678-5CEC-40AC-B173-CE456F45CF5D}.Release|x86.ActiveCfg = Release|x86
		{2D36F678-5CEC-40AC-B173-CE456F45CF5D}.Release|x86.Build.0 = Release|x86
		{9026C8D5-82E9-4874-BFD5-A101A8B06071}.COM Interop|x64.ActiveCfg = Release|x64
		{9026C8D5-82E9-4874-BFD5-A101A8B06071}.COM Interop|x86.ActiveCfg = Release|x86
		{9026C8D5-82E9-4874-BFD5-A101A8B06071}.Debug|x64.ActiveCfg = Debug|x64
		{9026C8D5-82E9-4874-BFD5-A101A8B06071}.Debug|x64.Build.0 = Debug|x64
		{9026C8D5-82E9-4874-BFD5-A101A8B06071}.Debug|x86.ActiveCfg = Debug|x86
		{9026C8D5-82E9-4874-BFD5-A101A8B06071}.Debug|x86.Build.0 = Debug|x86
		{9026C8D5-82E9-4874-BFD5-A101A8B06071}.Release|x64.ActiveCfg = Release|x64
		{9026C8D5-82E9-4874-BFD5-A101A8B06071}.Release|x64.Build.0 = Release|x64
		{9026C8D5-82E9-4874-BFD5-A101A8B06071}.Release|x86.ActiveCfg = Release|x86
		{9026C8D5-82E9-4874-BFD5-A101A8B06071}.Release|x86.Build.0 = Release|x86
		{C1944ECA-BCB2-47E0-93F1-696729E112C0}.COM Interop|x64.ActiveCfg = Release|x64
		{C1944ECA-BCB2-47E0-93F1-696729E112C0}.COM Interop|x86.ActiveCfg = Release|x86
		{C1944ECA-BCB2-47E0-93F1-696729E112C0}.Debug|x64.ActiveCfg = Debug|x64
		{C1944ECA-BCB2-47E0-93F1-696729E112C0}.Debug|x64.Build.0 = Debug|x64
		{C1944ECA-BCB2-47E0-93F1-696729E112C0}.Debug|x86.ActiveCfg = Debug|x86
		{C1944ECA-BCB2-47E0-93F1-696729E112C0}.Debug|x86.Build.0 = Debug|x86
		{C1944ECA-BCB2-47E0-93F1-696729E112C0}.Release|x64.ActiveCfg = Release|x64
		{C1944ECA-BCB2-47E0-93F1-696729E112C0}.Release|x64.Build.0 = Release|x64
		{C1944ECA-BCB2-47E0-93F1-696729E112C0}.Release|x86.ActiveCfg = Release|x86
		{C1944ECA-BCB2-47E0-93F1-696729E112C0}.Release|x86.Build.0 = Release|x86
		{4A2E81C1-B85D-479D-8D34-199714000C79}.COM Interop|x64.ActiveCfg = Release|x64
		{4A2E81C1-B85D-479D-8D34-199714000C79}.COM Interop|x86.ActiveCfg = Release|x86
		{4A2E81C1-B85D-479D-8D34-199714000C79}.Debug|x64.ActiveCfg = Debug|x64
		{4A2E81C1-B85D-479D-8D34-199714000C79}.Debug|x64.Build.0 = Debug|x64
		{4A2E81C1-B85D-479D-8D34-199714000C79}.Debug|x86.ActiveCfg = Debug|x86
		{4A2E81C1-B85D-479D-8D34-199714000C79}.Debug|x86.Build.0 = Debug|x86
		{4A2E81C1-B85D-479D-8D34-199714000C79}.Release|x64.ActiveCfg = Release|x64
		{4A2E81C1-B85D-479D-8D34-199714000C79}.Release|x64.Build.0 = Release|x64
		{4A2E81C1-B85D-479D-8D34-199714000C79}.Release|x86.ActiveCfg = Release|x86
		{4A2E81C1-B85D-479D-8D34-199714000C79}.Release|x86.Build.0 = Release|x86
		{60214559-9908-43EC-97B2-21D9B294BB25}.COM Interop|x64.ActiveCfg = Release|x64
		{60214559-9908-43EC-97B2-21D9B294BB25}.COM Interop|x86.ActiveCfg = Release|x86
		{60214559-9908-43EC-97B2-21D9B294BB25}.Debug|x64.ActiveCfg = Debug|x64
		{60214559-9908-43EC-97B2-21D9B294BB25}.Debug|x64.Build.0 = Debug|x64
		{60214559-9908-43EC-97B2-21D9B294BB25}.Debug|x86.ActiveCfg = Debug|x86
		{60214559-9908-43EC-97B2-21D9B294BB25}.Debug|x86.Build.0 = Debug|x86
		{60214559-9908-43EC-97B2-21D9B294BB25}.Release|x64.ActiveCfg = Release|x64
		{60214559-9908-43EC-97B2-21D9B294BB25}.Release|x64.Build.0 = Release|x64
		{60214559-9908-43EC-97B2-21D9B294BB25}.Release|x86.ActiveCfg = Release|x86
		{60214559-9908-43EC-97B2-21D9B294BB25}.Release|x86.Build.0 = Release|x86
		{7B49BF1C-A848-4E3F-B049-21D35D1C2C80}.COM Interop|x64.ActiveCfg = Release|x64
		{7B49BF1C-A848-4E3F-B049-21D35D1C2C80}.COM Interop|x86.ActiveCfg = Release|x86
		{7B49BF1C-A848-4E3F-B049-21D35D1C2C80}.Debug|x64.ActiveCfg = Debug|x64
		{7B49BF1C-A848-4E3F-B049-21D35D1C2C80}.Debug|x64.Build.0 = Debug|x64
		{7B49BF1C-A848-4E3F-B049-21D35D1C2C80}.Debug|x86.ActiveCfg = Debug|x86
		{7B49BF1C-A848-4E3F-B049-21D35D1C2C80}.Debug|x86.Build.0 = Debug|x86
		{7B49BF1C-A848-4E3F-B049-21D35D1C2C80}.Release|x64.ActiveCfg = Release|x64
		{7B49BF1C-A848-4E3F-B049-21D35D1C2C80}.Release|x64.Build.0 = Release|x64
		{7B49BF1C-A848-4E3F-B049-21D35D1C2C80}.Release|x86.ActiveCfg = Release|x86
		{7B49BF1C-A848-4E3F-B049-21D35D1C2C80}.Release|x86.Build.0 = Release|x86
		{C8120983-E18C-4CE8-AE75-2C8269CAAF4F}.COM Interop|x64.ActiveCfg = Release|x64
		{C8120983-E18C-4CE8-AE75-2C8269CAAF4F}.COM Interop|x86.ActiveCfg = Release|x86
		{C8120983-E18C-4CE8-AE75-2C8269CAAF4F}.Debug|x64.ActiveCfg = Debug|x64
		{C8120983-E18C-4CE8-AE75-2C8269CAAF4F}.Debug|x64.Build.0 = Debug|x64
		{C8120983-E18C-4CE8-AE75-2C8269CAAF4F}.Debug|x86.ActiveCfg = Debug|x86
		{C8120983-E18C-4CE8-AE75-2C8269CAAF4F}.Debug|x86.Build.0 = Debug|x86
		{C8120983-E18C-4CE8-AE75-2C8269CAAF4F}.Release|x64.ActiveCfg = Release|x64
		{C8120983-E18C-4CE8-AE75-2C8269CAAF4F}.Release|x64.Build.0 = Release|x64
		{C8120983-E18C-4CE8-AE75-2C8269CAAF4F}.Release|x86.ActiveCfg = Release|x86
		{C8120983-E18C-4CE8-AE75-2C8269CAAF4F}.Release|x86.Build.0 = Release|x86
	EndGlobalSection
	GlobalSection(SolutionProperties) = preSolution
		HideSolutionNode = FALSE
	EndGlobalSection
EndGlobal
