<?xml version="1.0" encoding="UTF-8"?>
<CONFIG>
  <ProjectOptions>
    <Version Value="9"/>
    <PathDelim Value="\"/>
    <General>
      <Flags>
        <MainUnitHasUsesSectionForAllUnits Value="False"/>
        <MainUnitHasCreateFormStatements Value="False"/>
        <MainUnitHasTitleStatement Value="False"/>
      </Flags>
      <MainUnit Value="0"/>
      <Title Value="ACBrFramework"/>
      <UseAppBundle Value="False"/>
      <ResourceType Value="res"/>
    </General>
    <i18n>
      <EnableI18N LFM="False"/>
    </i18n>
    <VersionInfo>
      <UseVersionInfo Value="True"/>
      <MinorVersionNr Value="9"/>
      <RevisionNr Value="7"/>
      <BuildNr Value="1"/>
      <Language Value="0416"/>
      <StringTable CompanyName="Projeto: Componentes ACBr " FileDescription="Projeto: Componentes ACBr " InternalName="ACBrFramework" LegalCopyright="Projeto: Componentes ACBr " LegalTrademarks="Projeto: Componentes ACBr " OriginalFilename="ACBrFramework32.dll" ProductName="ACBrFramework" ProductVersion="ACBrFramework"/>
    </VersionInfo>
    <MacroValues Count="1">
      <Macro1 Name="ACBrDir" Value="..\..\ACBr\"/>
    </MacroValues>
    <BuildModes Count="4" Active="x86 - CDECL">
      <Item1 Name="x86 - CDECL" Default="True"/>
      <Item2 Name="x86 - STDCALL">
        <MacroValues Count="1">
          <Macro1 Name="ACBrDir" Value="..\..\ACBr\"/>
        </MacroValues>
        <CompilerOptions>
          <Version Value="11"/>
          <PathDelim Value="\"/>
          <Target>
            <Filename Value="x86\stdcall\ACBrFramework32"/>
          </Target>
          <SearchPaths>
            <IncludeFiles Value="$(ProjOutDir);$(ACBrDir)\Fontes\ACBrComum"/>
            <OtherUnitFiles Value="$(ACBrDir)\Fontes\ACBrSerial;$(ACBrDir)\Fontes\ACBrTCP;$(ACBrDir)\Fontes\ACBrComum;$(ACBrDir)\Fontes\ACBrDiversos;$(ACBrDir)\Fontes\ACBrPAF;$(ACBrDir)\Fontes\ACBrSintegra;$(ACBrDir)\Fontes\ACBrTEFD;$(ACBrDir)\Fontes\ACBrSPED;$(ACBrDir)\Fontes\ACBrSPED\ACBrSPEDFiscal;$(ACBrDir)\Fontes\ACBrNFe2;$(ACBrDir)\Fontes\PCN2;$(ACBrDir)\Fontes\synalist"/>
            <UnitOutputDirectory Value="lib\$(TargetCPU)-$(TargetOS)"/>
          </SearchPaths>
          <Parsing>
            <SyntaxOptions>
              <SyntaxMode Value="Delphi"/>
            </SyntaxOptions>
          </Parsing>
          <CodeGeneration>
            <SmartLinkUnit Value="True"/>
            <TargetCPU Value="i386"/>
            <Optimizations>
              <OptimizationLevel Value="3"/>
            </Optimizations>
          </CodeGeneration>
          <Linking>
            <Debugging>
              <GenerateDebugInfo Value="False"/>
              <UseLineInfoUnit Value="False"/>
              <StripSymbols Value="True"/>
            </Debugging>
            <LinkSmart Value="True"/>
            <Options>
              <ExecutableType Value="Library"/>
            </Options>
          </Linking>
          <Other>
            <CustomOptions Value="-dNOGUI -dFRAMEWORK -dSTDCALL"/>
          </Other>
        </CompilerOptions>
      </Item2>
      <Item3 Name="x64 - CDECL">
        <MacroValues Count="1">
          <Macro1 Name="ACBrDir" Value="..\..\ACBr\"/>
        </MacroValues>
        <CompilerOptions>
          <Version Value="11"/>
          <PathDelim Value="\"/>
          <Target>
            <Filename Value="x64\cdecl\ACBrFramework64"/>
          </Target>
          <SearchPaths>
            <IncludeFiles Value="$(ProjOutDir);$(ACBrDir)\Fontes\ACBrComum"/>
            <OtherUnitFiles Value="$(ACBrDir)\Fontes\ACBrOpenSSL;$(ACBrDir)\Fontes\ACBrSerial;$(ACBrDir)\Fontes\ACBrTCP;$(ACBrDir)\Fontes\ACBrComum;$(ACBrDir)\Fontes\ACBrDiversos;$(ACBrDir)\Fontes\ACBrTEFD;$(ACBrDir)\Fontes\ACBrTXT\ACBrSPED;$(ACBrDir)\Fontes\ACBrTXT\ACBrSPED\ACBrSPEDFiscal;$(ACBrDir)\Fontes\ACBrTXT\ACBrSPED\ACBrSPEDECF;$(ACBrDir)\Fontes\ACBrDFe;$(ACBrDir)\Fontes\ACBrDFe\ACBrNFe;$(ACBrDir)\Fontes\ACBrDFe\ACBrNFe\PCNNFe;$(ACBrDir)\Fontes\Terceiros\synalist;$(ACBrDir)\Fontes\ACBrTXT;$(ACBrDir)\Fontes\ACBrTXT\ACBrLFD;$(ACBrDir)\Fontes\ACBrTXT\ACBrSEF2;$(ACBrDir)\Fontes\ACBrTXT\ACBrPAF;$(ACBrDir)\Fontes\ACBrTXT\ACBrSintegra"/>
            <UnitOutputDirectory Value="lib\$(TargetCPU)-$(TargetOS)"/>
          </SearchPaths>
          <Parsing>
            <SyntaxOptions>
              <SyntaxMode Value="Delphi"/>
            </SyntaxOptions>
          </Parsing>
          <CodeGeneration>
            <SmartLinkUnit Value="True"/>
            <TargetCPU Value="x86_64"/>
            <Optimizations>
              <OptimizationLevel Value="3"/>
            </Optimizations>
          </CodeGeneration>
          <Linking>
            <Debugging>
              <GenerateDebugInfo Value="False"/>
              <UseLineInfoUnit Value="False"/>
              <StripSymbols Value="True"/>
            </Debugging>
            <LinkSmart Value="True"/>
            <Options>
              <ExecutableType Value="Library"/>
            </Options>
          </Linking>
          <Other>
            <CustomOptions Value="-dNOGUI -dFRAMEWORK -dCDECL"/>
          </Other>
        </CompilerOptions>
      </Item3>
      <Item4 Name="x64 - STDCALL">
        <MacroValues Count="1">
          <Macro1 Name="ACBrDir" Value="..\..\ACBr\"/>
        </MacroValues>
        <CompilerOptions>
          <Version Value="11"/>
          <PathDelim Value="\"/>
          <Target>
            <Filename Value="x64\stdcall\ACBrFramework64"/>
          </Target>
          <SearchPaths>
            <IncludeFiles Value="$(ProjOutDir);$(ACBrDir)\Fontes\ACBrComum"/>
            <OtherUnitFiles Value="$(ACBrDir)\Fontes\ACBrSerial;$(ACBrDir)\Fontes\ACBrTCP;$(ACBrDir)\Fontes\ACBrComum;$(ACBrDir)\Fontes\ACBrDiversos;$(ACBrDir)\Fontes\ACBrPAF;$(ACBrDir)\Fontes\ACBrSintegra;$(ACBrDir)\Fontes\ACBrTEFD;$(ACBrDir)\Fontes\ACBrSPED;$(ACBrDir)\Fontes\ACBrSPED\ACBrSPEDFiscal;$(ACBrDir)\Fontes\ACBrNFe2;$(ACBrDir)\Fontes\PCN2;$(ACBrDir)\Fontes\synalist"/>
            <UnitOutputDirectory Value="lib\$(TargetCPU)-$(TargetOS)"/>
          </SearchPaths>
          <Parsing>
            <SyntaxOptions>
              <SyntaxMode Value="Delphi"/>
            </SyntaxOptions>
          </Parsing>
          <CodeGeneration>
            <SmartLinkUnit Value="True"/>
            <TargetCPU Value="x86_64"/>
            <TargetOS Value="win32"/>
            <Optimizations>
              <OptimizationLevel Value="3"/>
            </Optimizations>
          </CodeGeneration>
          <Linking>
            <Debugging>
              <GenerateDebugInfo Value="False"/>
              <UseLineInfoUnit Value="False"/>
              <StripSymbols Value="True"/>
            </Debugging>
            <LinkSmart Value="True"/>
            <Options>
              <ExecutableType Value="Library"/>
            </Options>
          </Linking>
          <Other>
            <CustomOptions Value="-dNOGUI -dFRAMEWORK -dSTDCALL"/>
          </Other>
        </CompilerOptions>
      </Item4>
      <SharedMatrixOptions Count="1">
        <Item1 ID="269401361166" Modes="x86 - CDECL,x86 - STDCALL,x64 - CDECL,x64 - STDCALL" Type="IDEMacro" MacroName="ACBrDir" Value="..\..\ACBr\"/>
      </SharedMatrixOptions>
    </BuildModes>
    <PublishOptions>
      <Version Value="2"/>
      <IncludeFileFilter Value="*.(pas|pp|inc|lfm|lpr|lrs|lpi|lpk|sh|xml)"/>
      <ExcludeFileFilter Value="*.(bak|ppu|ppw|o|so);*~;backup"/>
    </PublishOptions>
    <RunParams>
      <local>
        <FormatVersion Value="1"/>
      </local>
    </RunParams>
    <RequiredPackages Count="2">
      <Item1>
        <PackageName Value="FCL"/>
      </Item1>
      <Item2>
        <PackageName Value="LazUtils"/>
      </Item2>
    </RequiredPackages>
    <Units Count="107">
      <Unit0>
        <Filename Value="ACBrFramework.lpr"/>
        <IsPartOfProject Value="True"/>
        <EditorIndex Value="-1"/>
        <CursorPos X="25" Y="16"/>
        <UsageCount Value="200"/>
        <DefaultSyntaxHighlighter Value="Delphi"/>
      </Unit0>
      <Unit1>
        <Filename Value="ACBrCommonDll.pas"/>
        <IsPartOfProject Value="True"/>
        <EditorIndex Value="-1"/>
        <CursorPos Y="8"/>
        <UsageCount Value="211"/>
        <DefaultSyntaxHighlighter Value="Delphi"/>
      </Unit1>
      <Unit2>
        <Filename Value="ACBrECFDll.pas"/>
        <IsPartOfProject Value="True"/>
        <IsVisibleTab Value="True"/>
        <TopLine Value="6439"/>
        <CursorPos X="33" Y="6460"/>
        <ExtraEditorCount Value="1"/>
        <ExtraEditor1>
          <EditorIndex Value="-1"/>
          <TopLine Value="6452"/>
          <CursorPos X="32" Y="6460"/>
        </ExtraEditor1>
        <UsageCount Value="201"/>
        <Loaded Value="True"/>
        <DefaultSyntaxHighlighter Value="Delphi"/>
      </Unit2>
      <Unit3>
        <Filename Value="..\..\ACBr\Fontes\ACBrSerial\ACBrBALClass.pas"/>
        <TopLine Value="43"/>
        <CursorPos X="59" Y="49"/>
        <UsageCount Value="4"/>
        <DefaultSyntaxHighlighter Value="Delphi"/>
      </Unit3>
      <Unit4>
        <Filename Value="ACBrBALDll.pas"/>
        <IsPartOfProject Value="True"/>
        <TopLine Value="5"/>
        <CursorPos X="39" Y="15"/>
        <FoldState Value=" TLV0O2 T3iJ0M4 pifjd0N]9j1jY0K[I4ejV0K2K"/>
        <UsageCount Value="201"/>
        <DefaultSyntaxHighlighter Value="Delphi"/>
      </Unit4>
      <Unit5>
        <Filename Value="ACBrLCBDll.pas"/>
        <IsPartOfProject Value="True"/>
        <CursorPos X="16" Y="8"/>
        <UsageCount Value="200"/>
        <DefaultSyntaxHighlighter Value="Delphi"/>
      </Unit5>
      <Unit6>
        <Filename Value="..\..\ACBr\Fontes\ACBrSerial\ACBrECF.pas"/>
        <EditorIndex Value="-1"/>
        <TopLine Value="3280"/>
        <CursorPos X="48" Y="3295"/>
        <UsageCount Value="106"/>
        <DefaultSyntaxHighlighter Value="Delphi"/>
      </Unit6>
      <Unit7>
        <Filename Value="..\..\ACBr\Fontes\ACBrSerial\ACBrECFClass.pas"/>
        <EditorIndex Value="-1"/>
        <TopLine Value="1564"/>
        <CursorPos X="18" Y="1571"/>
        <UsageCount Value="77"/>
        <DefaultSyntaxHighlighter Value="Delphi"/>
      </Unit7>
      <Unit8>
        <Filename Value="..\..\ACBr\Fontes\ACBrSerial\ACBrBAL.pas"/>
        <TopLine Value="63"/>
        <CursorPos X="15" Y="118"/>
        <UsageCount Value="3"/>
        <DefaultSyntaxHighlighter Value="Delphi"/>
      </Unit8>
      <Unit9>
        <Filename Value="ACBrAACDll.pas"/>
        <IsPartOfProject Value="True"/>
        <EditorIndex Value="-1"/>
        <TopLine Value="2362"/>
        <CursorPos X="30" Y="2372"/>
        <UsageCount Value="200"/>
        <DefaultSyntaxHighlighter Value="Delphi"/>
      </Unit9>
      <Unit10>
        <Filename Value="ACBrPAFDll.pas"/>
        <IsPartOfProject Value="True"/>
        <EditorIndex Value="1"/>
        <TopLine Value="1068"/>
        <CursorPos X="69" Y="1083"/>
        <UsageCount Value="225"/>
        <Loaded Value="True"/>
        <DefaultSyntaxHighlighter Value="Delphi"/>
      </Unit10>
      <Unit11>
        <Filename Value="..\..\ACBr\Fontes\ACBrTEFD\ACBrTEFDClass.pas"/>
        <EditorIndex Value="-1"/>
        <TopLine Value="70"/>
        <CursorPos X="3" Y="87"/>
        <UsageCount Value="38"/>
        <DefaultSyntaxHighlighter Value="Delphi"/>
      </Unit11>
      <Unit12>
        <Filename Value="..\..\ACBr\Fontes\ACBrTEFD\ACBrTEFD.pas"/>
        <EditorIndex Value="-1"/>
        <TopLine Value="283"/>
        <CursorPos X="15" Y="299"/>
        <UsageCount Value="27"/>
        <DefaultSyntaxHighlighter Value="Delphi"/>
      </Unit12>
      <Unit13>
        <Filename Value="..\..\ACBr\Fontes\ACBrSPED\ACBrSped.pas"/>
        <TopLine Value="11"/>
        <CursorPos X="3" Y="52"/>
        <UsageCount Value="83"/>
        <DefaultSyntaxHighlighter Value="Delphi"/>
      </Unit13>
      <Unit14>
        <Filename Value="ACBrEADDll.pas"/>
        <IsPartOfProject Value="True"/>
        <CursorPos X="6" Y="12"/>
        <UsageCount Value="201"/>
        <DefaultSyntaxHighlighter Value="Delphi"/>
      </Unit14>
      <Unit15>
        <Filename Value="..\..\ACBr\Fontes\ACBrComum\ACBrEAD.pas"/>
        <TopLine Value="65"/>
        <CursorPos X="18" Y="81"/>
        <UsageCount Value="1"/>
        <DefaultSyntaxHighlighter Value="Delphi"/>
      </Unit15>
      <Unit16>
        <Filename Value="ACBrSintegraDll.pas"/>
        <IsPartOfProject Value="True"/>
        <TopLine Value="1676"/>
        <CursorPos X="61" Y="1686"/>
        <UsageCount Value="200"/>
        <DefaultSyntaxHighlighter Value="Delphi"/>
      </Unit16>
      <Unit17>
        <Filename Value="C:\lazarus\fpc\2.6.0\source\rtl\inc\objpash.inc"/>
        <TopLine Value="174"/>
        <CursorPos X="23" Y="192"/>
        <UsageCount Value="8"/>
      </Unit17>
      <Unit18>
        <Filename Value="ACBrDeviceDll.pas"/>
        <IsPartOfProject Value="True"/>
        <CursorPos X="36" Y="20"/>
        <UsageCount Value="203"/>
        <DefaultSyntaxHighlighter Value="Delphi"/>
      </Unit18>
      <Unit19>
        <Filename Value="ACBrSpedDll.pas"/>
        <IsPartOfProject Value="True"/>
        <EditorIndex Value="-1"/>
        <CursorPos X="64" Y="10"/>
        <UsageCount Value="211"/>
        <DefaultSyntaxHighlighter Value="Delphi"/>
      </Unit19>
      <Unit20>
        <Filename Value="ACBrSpedFiscalDll.pas"/>
        <IsPartOfProject Value="True"/>
        <UnitName Value="ACBrSpedFiscaldll"/>
        <EditorIndex Value="-1"/>
        <TopLine Value="113"/>
        <CursorPos X="23" Y="90"/>
        <UsageCount Value="204"/>
        <DefaultSyntaxHighlighter Value="Delphi"/>
      </Unit20>
      <Unit21>
        <Filename Value="..\..\ACBr\Fontes\ACBrSPED\ACBrSPEDFiscal\ACBrSpedFiscal.pas"/>
        <TopLine Value="161"/>
        <CursorPos X="3" Y="71"/>
        <UsageCount Value="82"/>
        <DefaultSyntaxHighlighter Value="Delphi"/>
      </Unit21>
      <Unit22>
        <Filename Value="ACBrTEFDll.pas"/>
        <IsPartOfProject Value="True"/>
        <EditorIndex Value="-1"/>
        <TopLine Value="10"/>
        <CursorPos X="58" Y="25"/>
        <ExtraEditorCount Value="1"/>
        <ExtraEditor1>
          <EditorIndex Value="-1"/>
          <TopLine Value="3869"/>
          <CursorPos X="190" Y="3884"/>
        </ExtraEditor1>
        <UsageCount Value="220"/>
        <DefaultSyntaxHighlighter Value="Delphi"/>
      </Unit22>
      <Unit23>
        <Filename Value="ACBrCNIEEDll.pas"/>
        <IsPartOfProject Value="True"/>
        <EditorIndex Value="2"/>
        <TopLine Value="516"/>
        <CursorPos X="10" Y="637"/>
        <UsageCount Value="231"/>
        <Loaded Value="True"/>
        <DefaultSyntaxHighlighter Value="Delphi"/>
      </Unit23>
      <Unit24>
        <Filename Value="..\..\ACBr\Fontes\ACBrTCP\ACBrSocket.pas"/>
        <TopLine Value="194"/>
        <CursorPos X="15" Y="199"/>
        <UsageCount Value="9"/>
        <DefaultSyntaxHighlighter Value="Delphi"/>
      </Unit24>
      <Unit25>
        <Filename Value="C:\lazarus\fpc\2.6.0\source\rtl\inc\objpas.inc"/>
        <TopLine Value="185"/>
        <CursorPos X="9" Y="271"/>
        <UsageCount Value="8"/>
      </Unit25>
      <Unit26>
        <Filename Value="..\..\ACBr\Fontes\ACBrSPED\ACBrSPEDFiscal\ACBrEFDBloco_0_Class.pas"/>
        <TopLine Value="112"/>
        <CursorPos X="14" Y="129"/>
        <UsageCount Value="14"/>
        <DefaultSyntaxHighlighter Value="Delphi"/>
      </Unit26>
      <Unit27>
        <Filename Value="..\..\ACBr\Fontes\ACBrSPED\ACBrSPEDFiscal\ACBrEFDBloco_0.pas"/>
        <TopLine Value="605"/>
        <CursorPos X="14" Y="618"/>
        <UsageCount Value="16"/>
        <DefaultSyntaxHighlighter Value="Delphi"/>
      </Unit27>
      <Unit28>
        <Filename Value="..\..\ACBr\Fontes\ACBrSPED\ACBrSPEDFiscal\ACBrEFDBlocos.pas"/>
        <TopLine Value="157"/>
        <CursorPos X="30" Y="171"/>
        <UsageCount Value="25"/>
        <DefaultSyntaxHighlighter Value="Delphi"/>
      </Unit28>
      <Unit29>
        <Filename Value="ACBrSMSDll.pas"/>
        <IsPartOfProject Value="True"/>
        <EditorIndex Value="3"/>
        <TopLine Value="964"/>
        <CursorPos X="48" Y="971"/>
        <UsageCount Value="208"/>
        <Loaded Value="True"/>
        <DefaultSyntaxHighlighter Value="Delphi"/>
      </Unit29>
      <Unit30>
        <Filename Value="ACBrIBGEDll.pas"/>
        <IsPartOfProject Value="True"/>
        <TopLine Value="34"/>
        <CursorPos X="25" Y="42"/>
        <UsageCount Value="202"/>
        <DefaultSyntaxHighlighter Value="Delphi"/>
      </Unit30>
      <Unit31>
        <Filename Value="ACBrValidadorDll.pas"/>
        <IsPartOfProject Value="True"/>
        <EditorIndex Value="4"/>
        <TopLine Value="1107"/>
        <CursorPos X="95" Y="1118"/>
        <UsageCount Value="202"/>
        <Loaded Value="True"/>
        <DefaultSyntaxHighlighter Value="Delphi"/>
      </Unit31>
      <Unit32>
        <Filename Value="ACBrRFDDll.pas"/>
        <IsPartOfProject Value="True"/>
        <UsageCount Value="200"/>
        <DefaultSyntaxHighlighter Value="Delphi"/>
      </Unit32>
      <Unit33>
        <Filename Value="..\..\ACBr\Fontes\ACBrSPED\ACBrSPEDFiscal\ACBrEFDBloco_1_Class.pas"/>
        <TopLine Value="210"/>
        <CursorPos X="42" Y="234"/>
        <UsageCount Value="17"/>
        <DefaultSyntaxHighlighter Value="Delphi"/>
      </Unit33>
      <Unit34>
        <Filename Value="..\..\ACBr\Fontes\ACBrSPED\ACBrSPEDFiscal\ACBrEFDBloco_1.pas"/>
        <TopLine Value="451"/>
        <CursorPos X="39" Y="469"/>
        <UsageCount Value="17"/>
        <DefaultSyntaxHighlighter Value="Delphi"/>
      </Unit34>
      <Unit35>
        <Filename Value="ACBrNFeDll.pas"/>
        <TopLine Value="33"/>
        <CursorPos X="9" Y="1779"/>
        <FoldState Value=" TJc2{P1 p)ejO2~q]Avc:32{51 T3*Q0L5 pj7je0J[948jd0[99I4 piYjJ0J[94XjP[96ZjL0L43"/>
        <UsageCount Value="9"/>
        <DefaultSyntaxHighlighter Value="Delphi"/>
      </Unit35>
      <Unit36>
        <Filename Value="..\..\ACBr\Fontes\PCN2\pcnGerador.pas"/>
        <TopLine Value="830"/>
        <CursorPos X="36" Y="838"/>
        <UsageCount Value="31"/>
        <DefaultSyntaxHighlighter Value="Delphi"/>
      </Unit36>
      <Unit37>
        <Filename Value="ACBrCEPDll.pas"/>
        <IsPartOfProject Value="True"/>
        <TopLine Value="4"/>
        <CursorPos X="24" Y="479"/>
        <UsageCount Value="202"/>
        <DefaultSyntaxHighlighter Value="Delphi"/>
      </Unit37>
      <Unit38>
        <Filename Value="..\..\ACBr\Fontes\ACBrTCP\ACBrCEP.pas"/>
        <TopLine Value="268"/>
        <CursorPos X="75" Y="274"/>
        <UsageCount Value="6"/>
        <DefaultSyntaxHighlighter Value="Delphi"/>
      </Unit38>
      <Unit39>
        <Filename Value="..\..\ACBr\Fontes\ACBrSPED\ACBrSPEDFiscal\ACBrEFDBloco_C_Class.pas"/>
        <TopLine Value="245"/>
        <CursorPos X="38" Y="256"/>
        <UsageCount Value="49"/>
        <DefaultSyntaxHighlighter Value="Delphi"/>
      </Unit39>
      <Unit40>
        <Filename Value="..\..\ACBr\Fontes\ACBrSPED\ACBrSPEDFiscal\ACBrEFDBloco_C.pas"/>
        <TopLine Value="1588"/>
        <CursorPos X="14" Y="1606"/>
        <UsageCount Value="49"/>
        <DefaultSyntaxHighlighter Value="Delphi"/>
      </Unit40>
      <Unit41>
        <Filename Value="..\..\ACBr\Fontes\ACBrSPED\ACBrSPEDFiscal\ACBrEFDBloco_D_Class.pas"/>
        <TopLine Value="138"/>
        <CursorPos X="41" Y="167"/>
        <UsageCount Value="13"/>
        <DefaultSyntaxHighlighter Value="Delphi"/>
      </Unit41>
      <Unit42>
        <Filename Value="..\..\ACBr\Fontes\ACBrSPED\ACBrSPEDFiscal\ACBrEFDBloco_D.pas"/>
        <TopLine Value="638"/>
        <CursorPos X="5" Y="656"/>
        <UsageCount Value="13"/>
        <DefaultSyntaxHighlighter Value="Delphi"/>
      </Unit42>
      <Unit43>
        <Filename Value="ACBrNFeDANFEFramework.pas"/>
        <UsageCount Value="9"/>
        <DefaultSyntaxHighlighter Value="Delphi"/>
      </Unit43>
      <Unit44>
        <Filename Value="..\..\ACBr\Fontes\ACBrNFe2\ACBrNFeNotasFiscais.pas"/>
        <TopLine Value="101"/>
        <CursorPos X="5" Y="117"/>
        <UsageCount Value="73"/>
        <DefaultSyntaxHighlighter Value="Delphi"/>
      </Unit44>
      <Unit45>
        <Filename Value="C:\lazarus\fpc\2.6.0\source\rtl\inc\wstringh.inc"/>
        <TopLine Value="11"/>
        <CursorPos X="11" Y="29"/>
        <UsageCount Value="8"/>
      </Unit45>
      <Unit46>
        <Filename Value="ACBrNFe2DANFEFramework.pas"/>
        <UsageCount Value="200"/>
        <DefaultSyntaxHighlighter Value="Delphi"/>
      </Unit46>
      <Unit47>
        <Filename Value="ACBrNFe2Dll.pas"/>
        <TopLine Value="4"/>
        <CursorPos X="54" Y="7797"/>
        <UsageCount Value="200"/>
        <DefaultSyntaxHighlighter Value="Delphi"/>
      </Unit47>
      <Unit48>
        <Filename Value="..\..\ACBr\Fontes\ACBrNFe2\ACBrNFe.pas"/>
        <TopLine Value="121"/>
        <CursorPos X="33" Y="129"/>
        <UsageCount Value="70"/>
        <DefaultSyntaxHighlighter Value="Delphi"/>
      </Unit48>
      <Unit49>
        <Filename Value="..\..\ACBr\Fontes\ACBrNFe2\ACBrNFeConfiguracoes.pas"/>
        <TopLine Value="588"/>
        <CursorPos X="16" Y="595"/>
        <UsageCount Value="10"/>
        <DefaultSyntaxHighlighter Value="Delphi"/>
      </Unit49>
      <Unit50>
        <Filename Value="..\..\ACBr\Fontes\PCN2\pcnNFe.pas"/>
        <TopLine Value="228"/>
        <CursorPos X="14" Y="981"/>
        <UsageCount Value="70"/>
        <DefaultSyntaxHighlighter Value="Delphi"/>
      </Unit50>
      <Unit51>
        <Filename Value="..\..\ACBr\Fontes\ACBrComum\ACBrAAC.pas"/>
        <TopLine Value="571"/>
        <CursorPos X="45" Y="583"/>
        <UsageCount Value="8"/>
        <DefaultSyntaxHighlighter Value="Delphi"/>
      </Unit51>
      <Unit52>
        <Filename Value="..\..\ACBr\Fontes\PCN2\pcnConversao.pas"/>
        <TopLine Value="174"/>
        <CursorPos X="35" Y="188"/>
        <UsageCount Value="38"/>
        <DefaultSyntaxHighlighter Value="Delphi"/>
      </Unit52>
      <Unit53>
        <Filename Value="..\..\ACBr\Fontes\ACBrPAF\ACBrPAF_R.pas"/>
        <TopLine Value="352"/>
        <CursorPos X="14" Y="392"/>
        <UsageCount Value="5"/>
        <DefaultSyntaxHighlighter Value="Delphi"/>
      </Unit53>
      <Unit54>
        <Filename Value="..\..\ACBr\Fontes\ACBrComum\ACBrPAFClass.pas"/>
        <EditorIndex Value="-1"/>
        <TopLine Value="234"/>
        <CursorPos X="30" Y="249"/>
        <UsageCount Value="8"/>
        <DefaultSyntaxHighlighter Value="Delphi"/>
      </Unit54>
      <Unit55>
        <Filename Value="C:\lazarus\fpc\2.6.2\source\rtl\objpas\objpas.pp"/>
        <TopLine Value="6"/>
        <CursorPos X="8" Y="28"/>
        <UsageCount Value="2"/>
      </Unit55>
      <Unit56>
        <Filename Value="C:\lazarus\fpc\2.6.2\source\rtl\inc\objpash.inc"/>
        <TopLine Value="174"/>
        <CursorPos X="23" Y="192"/>
        <UsageCount Value="8"/>
      </Unit56>
      <Unit57>
        <Filename Value="C:\lazarus\fpc\2.6.2\source\rtl\objpas\sysutils\sysstrh.inc"/>
        <TopLine Value="95"/>
        <CursorPos X="10" Y="113"/>
        <UsageCount Value="8"/>
      </Unit57>
      <Unit58>
        <Filename Value="..\..\ACBr\Fontes\ACBrTEFD\ACBrTEFDCliSiTef.pas"/>
        <TopLine Value="1264"/>
        <CursorPos X="53" Y="1240"/>
        <UsageCount Value="27"/>
        <DefaultSyntaxHighlighter Value="Delphi"/>
      </Unit58>
      <Unit59>
        <Filename Value="C:\lazarus\fpc\2.6.2\source\rtl\objpas\classes\classesh.inc"/>
        <TopLine Value="1764"/>
        <CursorPos X="29" Y="1776"/>
        <UsageCount Value="10"/>
      </Unit59>
      <Unit60>
        <Filename Value="..\..\ACBr\Fontes\ACBrComum\OpenSSL.pas"/>
        <TopLine Value="982"/>
        <CursorPos X="69" Y="993"/>
        <UsageCount Value="9"/>
        <DefaultSyntaxHighlighter Value="Delphi"/>
      </Unit60>
      <Unit61>
        <Filename Value="..\..\ACBr\Fontes\PCN2\pcnLeitor.pas"/>
        <TopLine Value="40"/>
        <UsageCount Value="9"/>
        <DefaultSyntaxHighlighter Value="Delphi"/>
      </Unit61>
      <Unit62>
        <Filename Value="..\..\ACBr\Fontes\ACBrComum\ACBrUtil.pas"/>
        <EditorIndex Value="-1"/>
        <TopLine Value="39"/>
        <CursorPos X="43" Y="52"/>
        <UsageCount Value="10"/>
        <DefaultSyntaxHighlighter Value="Delphi"/>
      </Unit62>
      <Unit63>
        <Filename Value="..\..\ACBr\Fontes\PCN2\pcnSignature.pas"/>
        <TopLine Value="33"/>
        <CursorPos X="5" Y="59"/>
        <UsageCount Value="9"/>
        <DefaultSyntaxHighlighter Value="Delphi"/>
      </Unit63>
      <Unit64>
        <Filename Value="C:\lazarus\fpc\2.6.2\source\packages\winunits-jedi\src\jwawincrypt.pas"/>
        <TopLine Value="133"/>
        <UsageCount Value="9"/>
      </Unit64>
      <Unit65>
        <Filename Value="C:\lazarus\fpc\2.6.2\source\rtl\inc\variants.pp"/>
        <TopLine Value="40"/>
        <UsageCount Value="9"/>
      </Unit65>
      <Unit66>
        <Filename Value="..\..\ACBr\Fontes\ACBrNFe2\ACBrNFeWebServices.pas"/>
        <TopLine Value="114"/>
        <CursorPos X="3" Y="122"/>
        <UsageCount Value="31"/>
        <DefaultSyntaxHighlighter Value="Delphi"/>
      </Unit66>
      <Unit67>
        <Filename Value="..\..\ACBr\Fontes\PCN2\pcnNFeW.pas"/>
        <TopLine Value="249"/>
        <CursorPos X="45" Y="1106"/>
        <UsageCount Value="30"/>
        <DefaultSyntaxHighlighter Value="Delphi"/>
      </Unit67>
      <Unit68>
        <Filename Value="..\..\ACBr\Fontes\PCN2\pcnAuxiliar.pas"/>
        <TopLine Value="322"/>
        <CursorPos X="24" Y="335"/>
        <UsageCount Value="31"/>
        <DefaultSyntaxHighlighter Value="Delphi"/>
      </Unit68>
      <Unit69>
        <Filename Value="C:\lazarus\fpc\2.6.2\source\rtl\objpas\sysutils\sysutilh.inc"/>
        <TopLine Value="272"/>
        <CursorPos X="13" Y="290"/>
        <UsageCount Value="2"/>
      </Unit69>
      <Unit70>
        <Filename Value="..\..\ACBr\Fontes\ACBrSerial\ACBrECFBematech.pas"/>
        <EditorIndex Value="-1"/>
        <TopLine Value="684"/>
        <CursorPos X="40" Y="705"/>
        <UsageCount Value="15"/>
        <DefaultSyntaxHighlighter Value="Delphi"/>
      </Unit70>
      <Unit71>
        <Filename Value="..\..\ACBr\Fontes\ACBrSerial\ACBrECFDaruma.pas"/>
        <EditorIndex Value="-1"/>
        <TopLine Value="5588"/>
        <CursorPos X="56" Y="5593"/>
        <UsageCount Value="11"/>
        <DefaultSyntaxHighlighter Value="Delphi"/>
      </Unit71>
      <Unit72>
        <Filename Value="..\..\ACBr\Fontes\ACBrSerial\ACBrDevice.pas"/>
        <EditorIndex Value="-1"/>
        <TopLine Value="146"/>
        <CursorPos X="56" Y="160"/>
        <UsageCount Value="10"/>
        <DefaultSyntaxHighlighter Value="Delphi"/>
      </Unit72>
      <Unit73>
        <Filename Value="..\..\ACBr\Fontes\ACBrTCP\ACBrIBGE.pas"/>
        <TopLine Value="85"/>
        <CursorPos X="21" Y="108"/>
        <UsageCount Value="2"/>
        <DefaultSyntaxHighlighter Value="Delphi"/>
      </Unit73>
      <Unit74>
        <Filename Value="..\..\ACBr\Fontes\ACBrPAF\ACBrPAF_R_Class.pas"/>
        <TopLine Value="50"/>
        <CursorPos X="14" Y="91"/>
        <UsageCount Value="2"/>
        <DefaultSyntaxHighlighter Value="Delphi"/>
      </Unit74>
      <Unit75>
        <Filename Value="..\..\ACBr\Fontes\ACBrPAF\ACBrPAF.pas"/>
        <TopLine Value="150"/>
        <CursorPos X="22" Y="168"/>
        <UsageCount Value="29"/>
        <DefaultSyntaxHighlighter Value="Delphi"/>
      </Unit75>
      <Unit76>
        <Filename Value="..\..\ACBr\Fontes\PCN2\pcnEnvEventoNFe.pas"/>
        <TopLine Value="64"/>
        <CursorPos X="3" Y="62"/>
        <UsageCount Value="35"/>
        <DefaultSyntaxHighlighter Value="Delphi"/>
      </Unit76>
      <Unit77>
        <Filename Value="..\..\ACBr\Fontes\PCN2\pcnDownloadNFe.pas"/>
        <TopLine Value="59"/>
        <CursorPos X="4" Y="71"/>
        <UsageCount Value="32"/>
        <DefaultSyntaxHighlighter Value="Delphi"/>
      </Unit77>
      <Unit78>
        <Filename Value="..\..\ACBr\Fontes\PCN2\pcnEventoNFe.pas"/>
        <TopLine Value="81"/>
        <CursorPos X="40" Y="106"/>
        <UsageCount Value="32"/>
        <DefaultSyntaxHighlighter Value="Delphi"/>
      </Unit78>
      <Unit79>
        <Filename Value="..\..\ACBr\Fontes\ACBrPAF\ACBrPAF_A_Class.pas"/>
        <TopLine Value="23"/>
        <CursorPos X="3" Y="44"/>
        <UsageCount Value="3"/>
        <DefaultSyntaxHighlighter Value="Delphi"/>
      </Unit79>
      <Unit80>
        <Filename Value="..\..\ACBr\Fontes\PCN2\pcnCancNFe.pas"/>
        <TopLine Value="82"/>
        <CursorPos X="3" Y="60"/>
        <UsageCount Value="30"/>
        <DefaultSyntaxHighlighter Value="Delphi"/>
      </Unit80>
      <Unit81>
        <Filename Value="C:\lazarus\fpc\2.6.2\source\rtl\objpas\sysutils\datih.inc"/>
        <TopLine Value="90"/>
        <CursorPos X="10" Y="112"/>
        <UsageCount Value="7"/>
      </Unit81>
      <Unit82>
        <Filename Value="C:\lazarus\fpc\2.6.2\source\rtl\inc\systemh.inc"/>
        <TopLine Value="847"/>
        <CursorPos X="11" Y="869"/>
        <UsageCount Value="2"/>
      </Unit82>
      <Unit83>
        <Filename Value="..\..\ACBr\Fontes\ACBrComum\ACBrBase.pas"/>
        <TopLine Value="249"/>
        <CursorPos X="35" Y="277"/>
        <UsageCount Value="23"/>
        <DefaultSyntaxHighlighter Value="Delphi"/>
      </Unit83>
      <Unit84>
        <Filename Value="..\..\ACBr\Fontes\ACBrTEFD\ACBrTEFDDial.pas"/>
        <TopLine Value="39"/>
        <CursorPos X="45" Y="56"/>
        <UsageCount Value="16"/>
        <DefaultSyntaxHighlighter Value="Delphi"/>
      </Unit84>
      <Unit85>
        <Filename Value="..\..\ACBr\Fontes\ACBrPAF\ACBrPAF_S_Class.pas"/>
        <TopLine Value="29"/>
        <CursorPos X="3" Y="44"/>
        <UsageCount Value="7"/>
        <DefaultSyntaxHighlighter Value="Delphi"/>
      </Unit85>
      <Unit86>
        <Filename Value="..\..\ACBr\Fontes\ACBrPAF\ACBrPAF_S.pas"/>
        <EditorIndex Value="-1"/>
        <TopLine Value="57"/>
        <CursorPos X="28" Y="66"/>
        <UsageCount Value="24"/>
        <DefaultSyntaxHighlighter Value="Delphi"/>
      </Unit86>
      <Unit87>
        <Filename Value="E:\usr\lib\lazarus\packager\registration\fcllaz.pas"/>
        <CursorPos X="56" Y="17"/>
        <UsageCount Value="6"/>
        <DefaultSyntaxHighlighter Value="Delphi"/>
      </Unit87>
      <Unit88>
        <Filename Value="..\..\ACBr\Fontes\ACBrSerial\ACBrDISSmakTeclado.pas"/>
        <TopLine Value="48"/>
        <CursorPos X="17" Y="62"/>
        <UsageCount Value="7"/>
        <DefaultSyntaxHighlighter Value="Delphi"/>
      </Unit88>
      <Unit89>
        <Filename Value="..\..\ACBr\Fontes\ACBrComum\ACBrTXTClass.pas"/>
        <EditorIndex Value="-1"/>
        <TopLine Value="36"/>
        <CursorPos X="3" Y="53"/>
        <UsageCount Value="20"/>
        <DefaultSyntaxHighlighter Value="Delphi"/>
      </Unit89>
      <Unit90>
        <Filename Value="C:\Users\RFTD\AppData\Local\Temp\Rar$DRa0.830\ACBrFramework\ACBrTEFDll.pas"/>
        <TopLine Value="10415"/>
        <CursorPos Y="10452"/>
        <FoldState Value=" TJj.J1#oM p0y]9U1 prP;B[A6[AAoJz5[KA2]A]n%C1}J T3m?H0Q16"/>
        <UsageCount Value="6"/>
        <DefaultSyntaxHighlighter Value="Delphi"/>
      </Unit90>
      <Unit91>
        <Filename Value="ACBrLFDdll.pas"/>
        <IsPartOfProject Value="True"/>
        <UnitName Value="ACBrLFDDll"/>
        <EditorIndex Value="-1"/>
        <TopLine Value="855"/>
        <CursorPos X="80" Y="867"/>
        <UsageCount Value="59"/>
        <DefaultSyntaxHighlighter Value="Delphi"/>
      </Unit91>
      <Unit92>
        <Filename Value="..\..\ACBr\Fontes\ACBrLFD\ACBrLFD.pas"/>
        <EditorIndex Value="-1"/>
        <TopLine Value="204"/>
        <CursorPos X="14" Y="217"/>
        <UsageCount Value="25"/>
        <DefaultSyntaxHighlighter Value="Delphi"/>
      </Unit92>
      <Unit93>
        <Filename Value="..\..\ACBr\Fontes\ACBrLFD\ACBrLFDBloco_0_Class.pas"/>
        <EditorIndex Value="-1"/>
        <TopLine Value="72"/>
        <CursorPos X="14" Y="125"/>
        <UsageCount Value="25"/>
        <DefaultSyntaxHighlighter Value="Delphi"/>
      </Unit93>
      <Unit94>
        <Filename Value="..\..\ACBr\Fontes\ACBrLFD\ACBrLFDBloco_0.pas"/>
        <EditorIndex Value="-1"/>
        <TopLine Value="581"/>
        <CursorPos X="40" Y="595"/>
        <UsageCount Value="25"/>
        <DefaultSyntaxHighlighter Value="Delphi"/>
      </Unit94>
      <Unit95>
        <Filename Value="..\..\ACBr\Fontes\ACBrLFD\ACBrLFDBlocos.pas"/>
        <EditorIndex Value="-1"/>
        <TopLine Value="473"/>
        <CursorPos X="3" Y="490"/>
        <UsageCount Value="24"/>
        <DefaultSyntaxHighlighter Value="Delphi"/>
      </Unit95>
      <Unit96>
        <Filename Value="ACBrLFDBlocosDll.pas"/>
        <IsPartOfProject Value="True"/>
        <EditorIndex Value="-1"/>
        <TopLine Value="347"/>
        <CursorPos X="3" Y="366"/>
        <UsageCount Value="57"/>
        <DefaultSyntaxHighlighter Value="Delphi"/>
      </Unit96>
      <Unit97>
        <Filename Value="..\..\ACBr\Fontes\ACBrLFD\ACBrLFD3505.pas"/>
        <EditorIndex Value="-1"/>
        <TopLine Value="24"/>
        <CursorPos X="3" Y="45"/>
        <UsageCount Value="20"/>
        <DefaultSyntaxHighlighter Value="Delphi"/>
      </Unit97>
      <Unit98>
        <Filename Value="..\..\ACBr\Fontes\ACBrLFD\ACBrLFDBloco_9_Class.pas"/>
        <EditorIndex Value="-1"/>
        <TopLine Value="181"/>
        <CursorPos X="3" Y="54"/>
        <UsageCount Value="17"/>
        <DefaultSyntaxHighlighter Value="Delphi"/>
      </Unit98>
      <Unit99>
        <Filename Value="..\..\ACBr\Fontes\ACBrLFD\ACBrLFDBloco_A_Class.pas"/>
        <EditorIndex Value="-1"/>
        <TopLine Value="42"/>
        <CursorPos X="17" Y="59"/>
        <UsageCount Value="16"/>
        <DefaultSyntaxHighlighter Value="Delphi"/>
      </Unit99>
      <Unit100>
        <Filename Value="..\..\ACBr\Fontes\ACBrLFD\ACBrLFDBloco_A.pas"/>
        <EditorIndex Value="-1"/>
        <TopLine Value="802"/>
        <CursorPos X="78" Y="830"/>
        <UsageCount Value="16"/>
        <DefaultSyntaxHighlighter Value="Delphi"/>
      </Unit100>
      <Unit101>
        <Filename Value="..\..\ACBr\Fontes\ACBrLFD\ACBrLFDBloco_C_Class.pas"/>
        <EditorIndex Value="-1"/>
        <TopLine Value="108"/>
        <CursorPos X="49" Y="114"/>
        <UsageCount Value="15"/>
        <DefaultSyntaxHighlighter Value="Delphi"/>
      </Unit101>
      <Unit102>
        <Filename Value="..\..\ACBr\Fontes\ACBrLFD\ACBrLFDBloco_C.pas"/>
        <EditorIndex Value="-1"/>
        <TopLine Value="1129"/>
        <CursorPos X="75" Y="1149"/>
        <UsageCount Value="14"/>
        <DefaultSyntaxHighlighter Value="Delphi"/>
      </Unit102>
      <Unit103>
        <Filename Value="..\..\ACBr\Fontes\ACBrLFD\ACBrLFDBloco_E_Events.pas"/>
        <EditorIndex Value="-1"/>
        <TopLine Value="32"/>
        <CursorPos X="33" Y="38"/>
        <UsageCount Value="14"/>
        <DefaultSyntaxHighlighter Value="Delphi"/>
      </Unit103>
      <Unit104>
        <Filename Value="..\..\ACBr\Fontes\ACBrSerial\ACBrRFD.pas"/>
        <EditorIndex Value="-1"/>
        <TopLine Value="43"/>
        <CursorPos X="35" Y="52"/>
        <UsageCount Value="10"/>
        <DefaultSyntaxHighlighter Value="Delphi"/>
      </Unit104>
      <Unit105>
        <Filename Value="..\..\ACBr\Fontes\ACBrTXT\ACBrPAF\ACBrPAF.pas"/>
        <EditorIndex Value="-1"/>
        <TopLine Value="232"/>
        <CursorPos X="3" Y="91"/>
        <UsageCount Value="12"/>
        <DefaultSyntaxHighlighter Value="Delphi"/>
      </Unit105>
      <Unit106>
        <Filename Value="..\..\ACBr\Fontes\Terceiros\synalist\synautil.pas"/>
        <EditorIndex Value="-1"/>
        <TopLine Value="28"/>
        <UsageCount Value="10"/>
        <DefaultSyntaxHighlighter Value="Delphi"/>
      </Unit106>
    </Units>
    <JumpHistory Count="18" HistoryIndex="17">
      <Position1>
        <Filename Value="ACBrECFDll.pas"/>
        <Caret Line="2895" Column="44" TopLine="2891"/>
      </Position1>
      <Position2>
        <Filename Value="ACBrECFDll.pas"/>
        <Caret Line="5755" Column="37" TopLine="5723"/>
      </Position2>
      <Position3>
        <Filename Value="ACBrECFDll.pas"/>
        <Caret Line="5810" Column="37" TopLine="5775"/>
      </Position3>
      <Position4>
        <Filename Value="ACBrECFDll.pas"/>
        <Caret Line="5864" Column="40" TopLine="5829"/>
      </Position4>
      <Position5>
        <Filename Value="ACBrECFDll.pas"/>
        <Caret Line="5866" Column="35" TopLine="5831"/>
      </Position5>
      <Position6>
        <Filename Value="ACBrECFDll.pas"/>
        <Caret Line="6015" Column="37" TopLine="5980"/>
      </Position6>
      <Position7>
        <Filename Value="ACBrECFDll.pas"/>
        <Caret Line="6050" Column="37" TopLine="6015"/>
      </Position7>
      <Position8>
        <Filename Value="ACBrECFDll.pas"/>
        <Caret Line="6424" Column="33" TopLine="6389"/>
      </Position8>
      <Position9>
        <Filename Value="ACBrECFDll.pas"/>
        <Caret Line="5755" Column="36" TopLine="5712"/>
      </Position9>
      <Position10>
        <Filename Value="ACBrECFDll.pas"/>
        <Caret Line="7" Column="10"/>
      </Position10>
      <Position11>
        <Filename Value="ACBrECFDll.pas"/>
        <Caret Line="5755" Column="36" TopLine="5720"/>
      </Position11>
      <Position12>
        <Filename Value="ACBrECFDll.pas"/>
        <Caret Line="5810" Column="36" TopLine="5775"/>
      </Position12>
      <Position13>
        <Filename Value="ACBrECFDll.pas"/>
        <Caret Line="5864" Column="39" TopLine="5829"/>
      </Position13>
      <Position14>
        <Filename Value="ACBrECFDll.pas"/>
        <Caret Line="5866" Column="34" TopLine="5831"/>
      </Position14>
      <Position15>
        <Filename Value="ACBrECFDll.pas"/>
        <Caret Line="6015" Column="36" TopLine="5980"/>
      </Position15>
      <Position16>
        <Filename Value="ACBrECFDll.pas"/>
        <Caret Line="5975" Column="51" TopLine="5967"/>
      </Position16>
      <Position17>
        <Filename Value="ACBrECFDll.pas"/>
        <Caret Line="6015" Column="36" TopLine="5980"/>
      </Position17>
      <Position18>
        <Filename Value="ACBrPAFDll.pas"/>
        <Caret Line="1088" TopLine="1068"/>
      </Position18>
    </JumpHistory>
    <CustomSessionData Count="2">
      <Item0 Name="SVN active" Value="-1"/>
      <Item1 Name="SVN repository" Value="..\..\ACBrFramework"/>
    </CustomSessionData>
  </ProjectOptions>
  <CompilerOptions>
    <Version Value="11"/>
    <PathDelim Value="\"/>
    <Target>
      <Filename Value="x86\cdecl\ACBrFramework32"/>
    </Target>
    <SearchPaths>
      <IncludeFiles Value="$(ProjOutDir);$(ACBrDir)\Fontes\ACBrComum"/>
      <OtherUnitFiles Value="$(ACBrDir)\Fontes\ACBrOpenSSL;$(ACBrDir)\Fontes\ACBrSerial;$(ACBrDir)\Fontes\ACBrTCP;$(ACBrDir)\Fontes\ACBrComum;$(ACBrDir)\Fontes\ACBrDiversos;$(ACBrDir)\Fontes\ACBrTEFD;$(ACBrDir)\Fontes\ACBrTXT\ACBrSPED;$(ACBrDir)\Fontes\ACBrTXT\ACBrSPED\ACBrSPEDFiscal;$(ACBrDir)\Fontes\ACBrTXT\ACBrSPED\ACBrSPEDECF;$(ACBrDir)\Fontes\ACBrDFe;$(ACBrDir)\Fontes\ACBrDFe\ACBrNFe;$(ACBrDir)\Fontes\ACBrDFe\ACBrNFe\PCNNFe;$(ACBrDir)\Fontes\Terceiros\synalist;$(ACBrDir)\Fontes\ACBrTXT;$(ACBrDir)\Fontes\ACBrTXT\ACBrLFD;$(ACBrDir)\Fontes\ACBrTXT\ACBrSEF2;$(ACBrDir)\Fontes\ACBrTXT\ACBrPAF;$(ACBrDir)\Fontes\ACBrTXT\ACBrSintegra"/>
      <UnitOutputDirectory Value="lib\$(TargetCPU)-$(TargetOS)"/>
    </SearchPaths>
    <Parsing>
      <SyntaxOptions>
        <SyntaxMode Value="Delphi"/>
      </SyntaxOptions>
    </Parsing>
    <CodeGeneration>
      <SmartLinkUnit Value="True"/>
      <TargetCPU Value="i386"/>
      <Optimizations>
        <OptimizationLevel Value="3"/>
      </Optimizations>
    </CodeGeneration>
    <Linking>
      <Debugging>
        <GenerateDebugInfo Value="False"/>
        <UseLineInfoUnit Value="False"/>
        <StripSymbols Value="True"/>
      </Debugging>
      <LinkSmart Value="True"/>
      <Options>
        <ExecutableType Value="Library"/>
      </Options>
    </Linking>
    <Other>
      <CustomOptions Value="-dNOGUI -dFRAMEWORK -dCDECL"/>
    </Other>
  </CompilerOptions>
  <Debugging>
    <Exceptions Count="3">
      <Item1>
        <Name Value="EAbort"/>
      </Item1>
      <Item2>
        <Name Value="ECodetoolError"/>
      </Item2>
      <Item3>
        <Name Value="EFOpenError"/>
      </Item3>
    </Exceptions>
  </Debugging>
</CONFIG>
