<?xml version="1.0"?>
<CONFIG>
  <ProjectOptions>
    <Version Value="9"/>
    <PathDelim Value="\"/>
    <General>
      <Flags>
        <MainUnitHasUsesSectionForAllUnits Value="False"/>
        <MainUnitHasCreateFormStatements Value="False"/>
        <MainUnitHasTitleStatement Value="False"/>
      </Flags>
      <MainUnit Value="0"/>
      <Title Value="ACBrFramework32"/>
      <UseAppBundle Value="False"/>
      <ResourceType Value="res"/>
      <ActiveWindowIndexAtStart Value="0"/>
    </General>
    <i18n>
      <EnableI18N LFM="False"/>
    </i18n>
    <VersionInfo>
      <UseVersionInfo Value="True"/>
      <MinorVersionNr Value="9"/>
      <RevisionNr Value="2"/>
      <BuildNr Value="6"/>
      <Language Value="0416"/>
      <StringTable CompanyName="Projeto: Componentes ACBr " FileDescription="Projeto: Componentes ACBr " ProductName="ACBrFramework" ProductVersion="ACBrFramework"/>
    </VersionInfo>
    <BuildModes Count="1" Active="Default">
      <Item1 Name="Default" Default="True"/>
    </BuildModes>
    <PublishOptions>
      <Version Value="2"/>
      <IncludeFileFilter Value="*.(pas|pp|inc|lfm|lpr|lrs|lpi|lpk|sh|xml)"/>
      <ExcludeFileFilter Value="*.(bak|ppu|ppw|o|so);*~;backup"/>
    </PublishOptions>
    <RunParams>
      <local>
        <FormatVersion Value="1"/>
      </local>
    </RunParams>
    <RequiredPackages Count="1">
      <Item1>
        <PackageName Value="LazUtils"/>
      </Item1>
    </RequiredPackages>
    <Units Count="50">
      <Unit0>
        <Filename Value="ACBrFramework.lpr"/>
        <IsPartOfProject Value="True"/>
        <EditorIndex Value="4"/>
        <WindowIndex Value="0"/>
        <TopLine Value="1"/>
        <CursorPos X="3" Y="13"/>
        <UsageCount Value="200"/>
        <Loaded Value="True"/>
        <DefaultSyntaxHighlighter Value="Delphi"/>
      </Unit0>
      <Unit1>
        <Filename Value="ACBrCommonDll.pas"/>
        <IsPartOfProject Value="True"/>
        <UnitName Value="ACBrCommonDll"/>
        <WindowIndex Value="0"/>
        <TopLine Value="1"/>
        <CursorPos X="1" Y="8"/>
        <UsageCount Value="211"/>
        <DefaultSyntaxHighlighter Value="Delphi"/>
      </Unit1>
      <Unit2>
        <Filename Value="ACBrECFDll.pas"/>
        <IsPartOfProject Value="True"/>
        <UnitName Value="ACBrECFDll"/>
        <EditorIndex Value="0"/>
        <WindowIndex Value="0"/>
        <TopLine Value="1"/>
        <CursorPos X="1" Y="7780"/>
        <ExtraEditorCount Value="1"/>
        <ExtraEditor1>
          <WindowIndex Value="0"/>
          <TopLine Value="8155"/>
          <CursorPos X="59" Y="8170"/>
        </ExtraEditor1>
        <UsageCount Value="201"/>
        <Loaded Value="True"/>
        <DefaultSyntaxHighlighter Value="Delphi"/>
      </Unit2>
      <Unit3>
        <Filename Value="..\..\ACBr\Fontes\ACBrSerial\ACBrBALClass.pas"/>
        <UnitName Value="ACBrBALClass"/>
        <WindowIndex Value="0"/>
        <TopLine Value="43"/>
        <CursorPos X="59" Y="49"/>
        <UsageCount Value="16"/>
        <DefaultSyntaxHighlighter Value="Delphi"/>
      </Unit3>
      <Unit4>
        <Filename Value="ACBrBALDll.pas"/>
        <IsPartOfProject Value="True"/>
        <UnitName Value="ACBrBALDll"/>
        <WindowIndex Value="0"/>
        <TopLine Value="1"/>
        <CursorPos X="10" Y="8"/>
        <UsageCount Value="201"/>
        <DefaultSyntaxHighlighter Value="Delphi"/>
      </Unit4>
      <Unit5>
        <Filename Value="ACBrLCBDll.pas"/>
        <IsPartOfProject Value="True"/>
        <UnitName Value="ACBrLCBDll"/>
        <WindowIndex Value="0"/>
        <TopLine Value="1"/>
        <CursorPos X="16" Y="8"/>
        <UsageCount Value="200"/>
        <DefaultSyntaxHighlighter Value="Delphi"/>
      </Unit5>
      <Unit6>
        <Filename Value="..\..\ACBr\Fontes\ACBrSerial\ACBrECF.pas"/>
        <UnitName Value="ACBrECF"/>
        <WindowIndex Value="0"/>
        <TopLine Value="2944"/>
        <CursorPos X="64" Y="2952"/>
        <UsageCount Value="93"/>
        <DefaultSyntaxHighlighter Value="Delphi"/>
      </Unit6>
      <Unit7>
        <Filename Value="..\..\ACBr\Fontes\ACBrSerial\ACBrECFClass.pas"/>
        <UnitName Value="ACBrECFClass"/>
        <WindowIndex Value="0"/>
        <TopLine Value="25"/>
        <CursorPos X="25" Y="4502"/>
        <UsageCount Value="76"/>
        <DefaultSyntaxHighlighter Value="Delphi"/>
      </Unit7>
      <Unit8>
        <Filename Value="..\..\ACBr\Fontes\ACBrSerial\ACBrBAL.pas"/>
        <UnitName Value="ACBrBAL"/>
        <WindowIndex Value="0"/>
        <TopLine Value="97"/>
        <CursorPos X="15" Y="114"/>
        <UsageCount Value="14"/>
        <DefaultSyntaxHighlighter Value="Delphi"/>
      </Unit8>
      <Unit9>
        <Filename Value="ACBrAACDll.pas"/>
        <IsPartOfProject Value="True"/>
        <UnitName Value="ACBrAACDLL"/>
        <WindowIndex Value="0"/>
        <TopLine Value="93"/>
        <CursorPos X="1" Y="175"/>
        <FoldState Value=" TJl22#i91 plLwT2{Z]AjGm72{F[A4AlO2~7]Ak3q92~)]An2ua2#[K4t3:92s T3l40N4 pifjV0K[94bjO0L[94djR[I6gjT0I[a6U0K3Q"/>
        <UsageCount Value="200"/>
        <DefaultSyntaxHighlighter Value="Delphi"/>
      </Unit9>
      <Unit10>
        <Filename Value="ACBrPAFDll.pas"/>
        <IsPartOfProject Value="True"/>
        <UnitName Value="ACBrPAFDll"/>
        <WindowIndex Value="0"/>
        <TopLine Value="1"/>
        <CursorPos X="16" Y="9"/>
        <UsageCount Value="225"/>
        <DefaultSyntaxHighlighter Value="Delphi"/>
      </Unit10>
      <Unit11>
        <Filename Value="..\..\ACBr\Fontes\ACBrTEFD\ACBrTEFDClass.pas"/>
        <UnitName Value="ACBrTEFDClass"/>
        <WindowIndex Value="0"/>
        <TopLine Value="25"/>
        <CursorPos X="1" Y="43"/>
        <UsageCount Value="3"/>
        <DefaultSyntaxHighlighter Value="Delphi"/>
      </Unit11>
      <Unit12>
        <Filename Value="..\..\ACBr\Fontes\ACBrTEFD\ACBrTEFD.pas"/>
        <UnitName Value="ACBrTEFD"/>
        <WindowIndex Value="0"/>
        <TopLine Value="1805"/>
        <CursorPos X="3" Y="1815"/>
        <UsageCount Value="9"/>
        <DefaultSyntaxHighlighter Value="Delphi"/>
      </Unit12>
      <Unit13>
        <Filename Value="..\..\ACBr\Fontes\ACBrSPED\ACBrSped.pas"/>
        <UnitName Value="ACBrSped"/>
        <WindowIndex Value="0"/>
        <TopLine Value="11"/>
        <CursorPos X="3" Y="52"/>
        <UsageCount Value="95"/>
        <DefaultSyntaxHighlighter Value="Delphi"/>
      </Unit13>
      <Unit14>
        <Filename Value="ACBrEADDll.pas"/>
        <IsPartOfProject Value="True"/>
        <UnitName Value="ACBrEADDll"/>
        <WindowIndex Value="0"/>
        <TopLine Value="1"/>
        <CursorPos X="6" Y="12"/>
        <UsageCount Value="201"/>
        <DefaultSyntaxHighlighter Value="Delphi"/>
      </Unit14>
      <Unit15>
        <Filename Value="..\..\ACBr\Fontes\ACBrComum\ACBrEAD.pas"/>
        <UnitName Value="ACBrEAD"/>
        <WindowIndex Value="0"/>
        <TopLine Value="116"/>
        <CursorPos X="15" Y="129"/>
        <UsageCount Value="9"/>
        <DefaultSyntaxHighlighter Value="Delphi"/>
      </Unit15>
      <Unit16>
        <Filename Value="ACBrSintegraDll.pas"/>
        <IsPartOfProject Value="True"/>
        <UnitName Value="ACBrSintegraDll"/>
        <WindowIndex Value="0"/>
        <TopLine Value="31"/>
        <CursorPos X="9" Y="45"/>
        <UsageCount Value="200"/>
        <DefaultSyntaxHighlighter Value="Delphi"/>
      </Unit16>
      <Unit17>
        <Filename Value="C:\lazarus\fpc\2.6.0\source\rtl\inc\objpash.inc"/>
        <WindowIndex Value="0"/>
        <TopLine Value="174"/>
        <CursorPos X="23" Y="192"/>
        <UsageCount Value="10"/>
      </Unit17>
      <Unit18>
        <Filename Value="ACBrDeviceDll.pas"/>
        <IsPartOfProject Value="True"/>
        <UnitName Value="ACBrDeviceDll"/>
        <WindowIndex Value="0"/>
        <TopLine Value="283"/>
        <CursorPos X="19" Y="508"/>
        <UsageCount Value="203"/>
        <DefaultSyntaxHighlighter Value="Delphi"/>
      </Unit18>
      <Unit19>
        <Filename Value="ACBrSpedDll.pas"/>
        <IsPartOfProject Value="True"/>
        <UnitName Value="ACBrSpedDll"/>
        <WindowIndex Value="0"/>
        <TopLine Value="1"/>
        <CursorPos X="1" Y="1062"/>
        <FoldState Value=" TJ92{%1 pm5pb2B]9wBwQ2~1 TCBQFs"/>
        <UsageCount Value="211"/>
        <DefaultSyntaxHighlighter Value="Delphi"/>
      </Unit19>
      <Unit20>
        <Filename Value="ACBrSpedFiscalDll.pas"/>
        <IsPartOfProject Value="True"/>
        <UnitName Value="ACBrSpedFiscaldll"/>
        <IsVisibleTab Value="True"/>
        <EditorIndex Value="5"/>
        <WindowIndex Value="0"/>
        <TopLine Value="6727"/>
        <CursorPos X="31" Y="529"/>
        <FoldState Value=" TJuV2#nZ p0xW2#pL]9zI2}a1 piiginY2#+1]L\f2#mW]9wT2~x T3k:S0JC"/>
        <UsageCount Value="204"/>
        <Loaded Value="True"/>
        <DefaultSyntaxHighlighter Value="Delphi"/>
      </Unit20>
      <Unit21>
        <Filename Value="..\..\ACBr\Fontes\ACBrSPED\ACBrSPEDFiscal\ACBrSpedFiscal.pas"/>
        <UnitName Value="ACBrSpedFiscal"/>
        <WindowIndex Value="0"/>
        <TopLine Value="161"/>
        <CursorPos X="3" Y="71"/>
        <UsageCount Value="94"/>
        <DefaultSyntaxHighlighter Value="Delphi"/>
      </Unit21>
      <Unit22>
        <Filename Value="ACBrTEFDll.pas"/>
        <IsPartOfProject Value="True"/>
        <UnitName Value="ACBrTEFDll"/>
        <WindowIndex Value="0"/>
        <TopLine Value="893"/>
        <CursorPos X="127" Y="3793"/>
        <FoldState Value=" TJD2L2 pkMlI2#n4 p0x12~}1 plEt92#sA]J;72#,Q T3jiU0J6"/>
        <ExtraEditorCount Value="1"/>
        <ExtraEditor1>
          <WindowIndex Value="0"/>
          <TopLine Value="3779"/>
          <CursorPos X="1" Y="204"/>
          <FoldState Value=" TJlV2#n4 p0x12~}1 plEt92#sA]J;72#,Q_"/>
        </ExtraEditor1>
        <UsageCount Value="220"/>
        <DefaultSyntaxHighlighter Value="Delphi"/>
      </Unit22>
      <Unit23>
        <Filename Value="ACBrCNIEEDll.pas"/>
        <IsPartOfProject Value="True"/>
        <UnitName Value="ACBrCNIEEDll"/>
        <WindowIndex Value="0"/>
        <TopLine Value="516"/>
        <CursorPos X="10" Y="637"/>
        <UsageCount Value="231"/>
        <DefaultSyntaxHighlighter Value="Delphi"/>
      </Unit23>
      <Unit24>
        <Filename Value="..\..\ACBr\Fontes\ACBrTCP\ACBrSocket.pas"/>
        <UnitName Value="ACBrSocket"/>
        <WindowIndex Value="0"/>
        <TopLine Value="194"/>
        <CursorPos X="15" Y="199"/>
        <UsageCount Value="1"/>
        <DefaultSyntaxHighlighter Value="Delphi"/>
      </Unit24>
      <Unit25>
        <Filename Value="C:\lazarus\fpc\2.6.0\source\rtl\inc\objpas.inc"/>
        <WindowIndex Value="0"/>
        <TopLine Value="185"/>
        <CursorPos X="9" Y="271"/>
        <UsageCount Value="10"/>
      </Unit25>
      <Unit26>
        <Filename Value="..\..\ACBr\Fontes\ACBrSPED\ACBrSPEDFiscal\ACBrEFDBloco_0_Class.pas"/>
        <UnitName Value="ACBrEFDBloco_0_Class"/>
        <WindowIndex Value="0"/>
        <TopLine Value="112"/>
        <CursorPos X="14" Y="129"/>
        <UsageCount Value="26"/>
        <DefaultSyntaxHighlighter Value="Delphi"/>
      </Unit26>
      <Unit27>
        <Filename Value="..\..\ACBr\Fontes\ACBrSPED\ACBrSPEDFiscal\ACBrEFDBloco_0.pas"/>
        <UnitName Value="ACBrEFDBloco_0"/>
        <WindowIndex Value="0"/>
        <TopLine Value="605"/>
        <CursorPos X="14" Y="618"/>
        <UsageCount Value="28"/>
        <DefaultSyntaxHighlighter Value="Delphi"/>
      </Unit27>
      <Unit28>
        <Filename Value="..\..\ACBr\Fontes\ACBrSPED\ACBrSPEDFiscal\ACBrEFDBlocos.pas"/>
        <UnitName Value="ACBrEFDBlocos"/>
        <WindowIndex Value="0"/>
        <TopLine Value="212"/>
        <CursorPos X="3" Y="225"/>
        <UsageCount Value="37"/>
        <DefaultSyntaxHighlighter Value="Delphi"/>
      </Unit28>
      <Unit29>
        <Filename Value="ACBrSMSDll.pas"/>
        <IsPartOfProject Value="True"/>
        <UnitName Value="ACBrSMSDll"/>
        <EditorIndex Value="1"/>
        <WindowIndex Value="0"/>
        <TopLine Value="894"/>
        <CursorPos X="61" Y="983"/>
        <UsageCount Value="208"/>
        <Loaded Value="True"/>
        <DefaultSyntaxHighlighter Value="Delphi"/>
      </Unit29>
      <Unit30>
        <Filename Value="..\..\ACBr\Fontes\ACBrSerial\ACBrSMSClass.pas"/>
        <UnitName Value="ACBrSMSClass"/>
        <EditorIndex Value="2"/>
        <WindowIndex Value="0"/>
        <TopLine Value="154"/>
        <CursorPos X="42" Y="166"/>
        <UsageCount Value="11"/>
        <Loaded Value="True"/>
        <DefaultSyntaxHighlighter Value="Delphi"/>
      </Unit30>
      <Unit31>
        <Filename Value="ACBrIBGEDll.pas"/>
        <IsPartOfProject Value="True"/>
        <UnitName Value="ACBrIBGEDll"/>
        <WindowIndex Value="0"/>
        <TopLine Value="42"/>
        <CursorPos X="1" Y="189"/>
        <FoldState Value=" TJf2{L011 TLg0O2 T3iU0K11211j"/>
        <UsageCount Value="202"/>
        <DefaultSyntaxHighlighter Value="Delphi"/>
      </Unit31>
      <Unit32>
        <Filename Value="ACBrValidadorDll.pas"/>
        <IsPartOfProject Value="True"/>
        <UnitName Value="ACBrValidadorDll"/>
        <WindowIndex Value="0"/>
        <TopLine Value="696"/>
        <CursorPos X="21" Y="879"/>
        <UsageCount Value="202"/>
        <DefaultSyntaxHighlighter Value="Delphi"/>
      </Unit32>
      <Unit33>
        <Filename Value="ACBrRFDDll.pas"/>
        <IsPartOfProject Value="True"/>
        <UnitName Value="ACBrRFDDll"/>
        <WindowIndex Value="0"/>
        <TopLine Value="13"/>
        <CursorPos X="7" Y="15"/>
        <UsageCount Value="200"/>
        <DefaultSyntaxHighlighter Value="Delphi"/>
      </Unit33>
      <Unit34>
        <Filename Value="..\..\ACBr\Fontes\ACBrSPED\ACBrSPEDFiscal\ACBrEFDBloco_1_Class.pas"/>
        <UnitName Value="ACBrEFDBloco_1_Class"/>
        <WindowIndex Value="0"/>
        <TopLine Value="210"/>
        <CursorPos X="42" Y="234"/>
        <UsageCount Value="29"/>
        <DefaultSyntaxHighlighter Value="Delphi"/>
      </Unit34>
      <Unit35>
        <Filename Value="..\..\ACBr\Fontes\ACBrSPED\ACBrSPEDFiscal\ACBrEFDBloco_1.pas"/>
        <UnitName Value="ACBrEFDBloco_1"/>
        <WindowIndex Value="0"/>
        <TopLine Value="451"/>
        <CursorPos X="39" Y="469"/>
        <UsageCount Value="29"/>
        <DefaultSyntaxHighlighter Value="Delphi"/>
      </Unit35>
      <Unit36>
        <Filename Value="..\..\ACBr\Fontes\ACBrSPED\ACBrSPEDFiscal\ACBrEFDBloco_E_Events.pas"/>
        <UnitName Value="ACBrEFDBloco_E_Events"/>
        <WindowIndex Value="0"/>
        <TopLine Value="28"/>
        <CursorPos X="17" Y="46"/>
        <UsageCount Value="6"/>
        <DefaultSyntaxHighlighter Value="Delphi"/>
      </Unit36>
      <Unit37>
        <Filename Value="ACBrNFeDll.pas"/>
        <UnitName Value="ACBrNFeDll"/>
        <WindowIndex Value="0"/>
        <TopLine Value="1676"/>
        <CursorPos X="147" Y="1682"/>
        <UsageCount Value="10"/>
        <DefaultSyntaxHighlighter Value="Delphi"/>
      </Unit37>
      <Unit38>
        <Filename Value="..\..\ACBr\Fontes\PCN2\pcnGerador.pas"/>
        <UnitName Value="pcnGerador"/>
        <WindowIndex Value="0"/>
        <TopLine Value="1"/>
        <CursorPos X="56" Y="703"/>
        <UsageCount Value="6"/>
        <DefaultSyntaxHighlighter Value="Delphi"/>
      </Unit38>
      <Unit39>
        <Filename Value="C:\lazarus\fpc\2.6.0\source\rtl\win32\windows.pp"/>
        <UnitName Value="windows"/>
        <WindowIndex Value="0"/>
        <TopLine Value="32"/>
        <CursorPos X="26" Y="32"/>
        <UsageCount Value="6"/>
      </Unit39>
      <Unit40>
        <Filename Value="C:\lazarus\fpc\2.6.0\source\rtl\win\wininc\redef.inc"/>
        <WindowIndex Value="0"/>
        <TopLine Value="717"/>
        <CursorPos X="10" Y="735"/>
        <UsageCount Value="6"/>
      </Unit40>
      <Unit41>
        <Filename Value="C:\lazarus\fpc\2.6.0\source\rtl\win\wininc\messages.inc"/>
        <WindowIndex Value="0"/>
        <TopLine Value="1163"/>
        <CursorPos X="19" Y="1181"/>
        <UsageCount Value="6"/>
      </Unit41>
      <Unit42>
        <Filename Value="C:\lazarus\fpc\2.6.0\source\rtl\win\wininc\defines.inc"/>
        <WindowIndex Value="0"/>
        <TopLine Value="1638"/>
        <CursorPos X="18" Y="1656"/>
        <UsageCount Value="6"/>
      </Unit42>
      <Unit43>
        <Filename Value="ACBrCEPDll.pas"/>
        <IsPartOfProject Value="True"/>
        <UnitName Value="ACBrCEPDll"/>
        <WindowIndex Value="0"/>
        <TopLine Value="877"/>
        <CursorPos X="5" Y="962"/>
        <UsageCount Value="179"/>
        <DefaultSyntaxHighlighter Value="Delphi"/>
      </Unit43>
      <Unit44>
        <Filename Value="..\..\ACBr\Fontes\ACBrTCP\ACBrCEP.pas"/>
        <UnitName Value="ACBrCEP"/>
        <WindowIndex Value="0"/>
        <TopLine Value="37"/>
        <CursorPos X="120" Y="55"/>
        <UsageCount Value="1"/>
        <DefaultSyntaxHighlighter Value="Delphi"/>
      </Unit44>
      <Unit45>
        <Filename Value="..\..\ACBr\Fontes\ACBrSPED\ACBrSPEDFiscal\ACBrEFDBloco_C_Class.pas"/>
        <UnitName Value="ACBrEFDBloco_C_Class"/>
        <WindowIndex Value="0"/>
        <TopLine Value="245"/>
        <CursorPos X="38" Y="256"/>
        <UsageCount Value="61"/>
        <DefaultSyntaxHighlighter Value="Delphi"/>
      </Unit45>
      <Unit46>
        <Filename Value="..\..\ACBr\Fontes\ACBrSPED\ACBrSPEDFiscal\ACBrEFDBloco_C.pas"/>
        <UnitName Value="ACBrEFDBloco_C"/>
        <WindowIndex Value="0"/>
        <TopLine Value="2282"/>
        <CursorPos X="27" Y="2307"/>
        <UsageCount Value="61"/>
        <DefaultSyntaxHighlighter Value="Delphi"/>
      </Unit46>
      <Unit47>
        <Filename Value="..\..\ACBr\Fontes\ACBrSPED\ACBrSPEDFiscal\ACBrEFDBloco_D_Class.pas"/>
        <UnitName Value="ACBrEFDBloco_D_Class"/>
        <WindowIndex Value="0"/>
        <TopLine Value="138"/>
        <CursorPos X="41" Y="167"/>
        <UsageCount Value="25"/>
        <DefaultSyntaxHighlighter Value="Delphi"/>
      </Unit47>
      <Unit48>
        <Filename Value="..\..\ACBr\Fontes\ACBrSPED\ACBrSPEDFiscal\ACBrEFDBloco_D.pas"/>
        <UnitName Value="ACBrEFDBloco_D"/>
        <WindowIndex Value="0"/>
        <TopLine Value="638"/>
        <CursorPos X="5" Y="656"/>
        <UsageCount Value="25"/>
        <DefaultSyntaxHighlighter Value="Delphi"/>
      </Unit48>
      <Unit49>
        <Filename Value="..\..\ACBr\Fontes\ACBrSerial\ACBrSMS.pas"/>
        <UnitName Value="ACBrSMS"/>
        <EditorIndex Value="3"/>
        <WindowIndex Value="0"/>
        <TopLine Value="76"/>
        <CursorPos X="15" Y="92"/>
        <UsageCount Value="11"/>
        <Loaded Value="True"/>
        <DefaultSyntaxHighlighter Value="Delphi"/>
      </Unit49>
    </Units>
    <JumpHistory Count="5" HistoryIndex="4">
      <Position1>
        <Filename Value="ACBrSMSDll.pas"/>
        <Caret Line="731" Column="41" TopLine="674"/>
      </Position1>
      <Position2>
        <Filename Value="ACBrSMSDll.pas"/>
        <Caret Line="971" Column="37" TopLine="830"/>
      </Position2>
      <Position3>
        <Filename Value="..\..\ACBr\Fontes\ACBrSerial\ACBrSMSClass.pas"/>
        <Caret Line="80" Column="28" TopLine="60"/>
      </Position3>
      <Position4>
        <Filename Value="ACBrSpedFiscalDll.pas"/>
        <Caret Line="4219" Column="1" TopLine="1"/>
      </Position4>
      <Position5>
        <Filename Value="ACBrSpedFiscalDll.pas"/>
        <Caret Line="545" Column="10" TopLine="531"/>
      </Position5>
    </JumpHistory>
    <CustomSessionData Count="2">
      <Item0 Name="SVN active" Value="-1"/>
      <Item1 Name="SVN repository" Value="..\..\ACBrFramework"/>
    </CustomSessionData>
  </ProjectOptions>
  <CompilerOptions>
    <Version Value="11"/>
    <PathDelim Value="\"/>
    <Target>
      <Filename Value="x86\ACBrFramework32"/>
    </Target>
    <SearchPaths>
      <IncludeFiles Value="$(ProjOutDir);..\..\ACBr\Fontes\ACBrComum"/>
      <OtherUnitFiles Value="..\..\ACBr\Fontes\ACBrSerial;..\..\ACBr\Fontes\ACBrTCP;..\..\ACBr\Fontes\ACBrComum;..\..\ACBr\Fontes\ACBrDiversos;..\..\ACBr\Fontes\ACBrPAF;..\..\ACBr\Fontes\ACBrSintegra;..\..\ACBr\Fontes\ACBrTEFD;..\..\ACBr\Fontes\ACBrSPED;..\..\ACBr\Fontes\ACBrSPED\ACBrSPEDFiscal;..\..\ACBr\Fontes\ACBrNFe2;..\..\ACBr\Fontes\PCN2;..\..\ACBr\Fontes\synalist"/>
      <UnitOutputDirectory Value="lib\$(TargetCPU)-$(TargetOS)"/>
    </SearchPaths>
    <Parsing>
      <SyntaxOptions>
        <SyntaxMode Value="Delphi"/>
      </SyntaxOptions>
    </Parsing>
    <CodeGeneration>
      <TargetCPU Value="i386"/>
      <TargetOS Value="win32"/>
    </CodeGeneration>
    <Linking>
      <Debugging>
        <GenerateDebugInfo Value="False"/>
        <UseLineInfoUnit Value="False"/>
        <StripSymbols Value="True"/>
      </Debugging>
      <Options>
        <ExecutableType Value="Library"/>
      </Options>
    </Linking>
    <Other>
      <CompilerMessages>
        <UseMsgFile Value="True"/>
      </CompilerMessages>
      <CustomOptions Value="-dCONSOLE -dFRAMEWORK -dCDECL"/>
      <CompilerPath Value="$(CompPath)"/>
    </Other>
  </CompilerOptions>
  <Debugging>
    <Exceptions Count="3">
      <Item1>
        <Name Value="EAbort"/>
      </Item1>
      <Item2>
        <Name Value="ECodetoolError"/>
      </Item2>
      <Item3>
        <Name Value="EFOpenError"/>
      </Item3>
    </Exceptions>
  </Debugging>
</CONFIG>
