<?xml version="1.0"?>
<CONFIG>
  <ProjectOptions>
    <Version Value="9"/>
    <PathDelim Value="\"/>
    <General>
      <Flags>
        <MainUnitHasUsesSectionForAllUnits Value="False"/>
        <MainUnitHasCreateFormStatements Value="False"/>
        <MainUnitHasTitleStatement Value="False"/>
      </Flags>
      <MainUnit Value="0"/>
      <Title Value="ACBrFramework32"/>
      <UseAppBundle Value="False"/>
      <ResourceType Value="res"/>
      <ActiveWindowIndexAtStart Value="0"/>
    </General>
    <i18n>
      <EnableI18N LFM="False"/>
    </i18n>
    <VersionInfo>
      <UseVersionInfo Value="True"/>
      <AutoIncrementBuild Value="True"/>
      <MinorVersionNr Value="9"/>
      <RevisionNr Value="1"/>
      <BuildNr Value="30"/>
      <Language Value="0416"/>
      <StringTable CompanyName="Projeto: Componentes ACBr " FileDescription="Projeto: Componentes ACBr " ProductName="ACBrFramework" ProductVersion="ACBrFramework"/>
    </VersionInfo>
    <BuildModes Count="1" Active="Default">
      <Item1 Name="Default" Default="True"/>
    </BuildModes>
    <PublishOptions>
      <Version Value="2"/>
      <IncludeFileFilter Value="*.(pas|pp|inc|lfm|lpr|lrs|lpi|lpk|sh|xml)"/>
      <ExcludeFileFilter Value="*.(bak|ppu|ppw|o|so);*~;backup"/>
    </PublishOptions>
    <RunParams>
      <local>
        <FormatVersion Value="1"/>
      </local>
    </RunParams>
    <Units Count="56">
      <Unit0>
        <Filename Value="ACBrFramework.lpr"/>
        <IsPartOfProject Value="True"/>
        <WindowIndex Value="0"/>
        <TopLine Value="1"/>
        <CursorPos X="3" Y="18"/>
        <UsageCount Value="200"/>
        <DefaultSyntaxHighlighter Value="Delphi"/>
      </Unit0>
      <Unit1>
        <Filename Value="ACBrCommonDll.pas"/>
        <IsPartOfProject Value="True"/>
        <UnitName Value="ACBrCommonDll"/>
        <WindowIndex Value="0"/>
        <TopLine Value="1"/>
        <CursorPos X="1" Y="8"/>
        <UsageCount Value="211"/>
        <DefaultSyntaxHighlighter Value="Delphi"/>
      </Unit1>
      <Unit2>
        <Filename Value="ACBrECFDll.pas"/>
        <IsPartOfProject Value="True"/>
        <UnitName Value="ACBrECFDll"/>
        <IsVisibleTab Value="True"/>
        <EditorIndex Value="0"/>
        <WindowIndex Value="0"/>
        <TopLine Value="139"/>
        <CursorPos X="1" Y="968"/>
        <FoldState Value=" TCidJq TJkC2{O1 pxT-92#ie p0sb2#-b]9\Y2w]Ro6pP2~p]AiXpe2~s2 pnAuM2}t]Kp6uH2{=[K4Pr92{7]Kjcm12{2]KlHnK2h[J4TkX2{I1]JPng2' TLlQ04 p0kqC0{m011 T3;f0J4]j0jX0N]9igjW0K[94fjS0M[94djS[I6b]9L[94e[R4[j6V0M[+42jY0J[I6S[I65jb0N[R6Z0M3]9SkF[s6XjM0J[96J0J[992D2A"/>
        <ExtraEditorCount Value="1"/>
        <ExtraEditor1>
          <IsVisibleTab Value="True"/>
          <WindowIndex Value="1"/>
        </ExtraEditor1>
        <UsageCount Value="201"/>
        <Loaded Value="True"/>
        <DefaultSyntaxHighlighter Value="Delphi"/>
      </Unit2>
      <Unit3>
        <Filename Value="..\..\ACBr\Fontes\ACBrSerial\ACBrBALClass.pas"/>
        <UnitName Value="ACBrBALClass"/>
        <WindowIndex Value="0"/>
        <TopLine Value="43"/>
        <CursorPos X="59" Y="49"/>
        <UsageCount Value="46"/>
        <DefaultSyntaxHighlighter Value="Delphi"/>
      </Unit3>
      <Unit4>
        <Filename Value="ACBrBALDll.pas"/>
        <IsPartOfProject Value="True"/>
        <UnitName Value="ACBrBALDll"/>
        <WindowIndex Value="0"/>
        <TopLine Value="440"/>
        <CursorPos X="17" Y="463"/>
        <UsageCount Value="201"/>
        <DefaultSyntaxHighlighter Value="Delphi"/>
      </Unit4>
      <Unit5>
        <Filename Value="ACBrLCBDll.pas"/>
        <IsPartOfProject Value="True"/>
        <UnitName Value="ACBrLCBDll"/>
        <WindowIndex Value="0"/>
        <TopLine Value="256"/>
        <CursorPos X="55" Y="281"/>
        <UsageCount Value="200"/>
        <DefaultSyntaxHighlighter Value="Delphi"/>
      </Unit5>
      <Unit6>
        <Filename Value="..\..\ACBr\Fontes\ACBrSerial\ACBrECF.pas"/>
        <UnitName Value="ACBrECF"/>
        <EditorIndex Value="1"/>
        <WindowIndex Value="0"/>
        <TopLine Value="1006"/>
        <CursorPos X="15" Y="1018"/>
        <UsageCount Value="74"/>
        <Loaded Value="True"/>
        <DefaultSyntaxHighlighter Value="Delphi"/>
      </Unit6>
      <Unit7>
        <Filename Value="..\..\ACBr\Fontes\ACBrSerial\ACBrECFClass.pas"/>
        <UnitName Value="ACBrECFClass"/>
        <EditorIndex Value="2"/>
        <WindowIndex Value="0"/>
        <TopLine Value="95"/>
        <CursorPos X="29" Y="109"/>
        <UsageCount Value="59"/>
        <Loaded Value="True"/>
        <DefaultSyntaxHighlighter Value="Delphi"/>
      </Unit7>
      <Unit8>
        <Filename Value="..\..\ACBr\Fontes\ACBrSerial\ACBrDevice.pas"/>
        <UnitName Value="ACBrDevice"/>
        <WindowIndex Value="0"/>
        <TopLine Value="141"/>
        <CursorPos X="1" Y="145"/>
        <UsageCount Value="6"/>
        <DefaultSyntaxHighlighter Value="Delphi"/>
      </Unit8>
      <Unit9>
        <Filename Value="C:\lazarus\fpc\2.4.2\source\rtl\objpas\sysutils\sysutilh.inc"/>
        <WindowIndex Value="0"/>
        <TopLine Value="226"/>
        <CursorPos X="27" Y="245"/>
        <UsageCount Value="10"/>
      </Unit9>
      <Unit10>
        <Filename Value="..\..\ACBr\Fontes\ACBrSerial\ACBrBAL.pas"/>
        <UnitName Value="ACBrBAL"/>
        <WindowIndex Value="0"/>
        <TopLine Value="97"/>
        <CursorPos X="15" Y="114"/>
        <UsageCount Value="44"/>
        <DefaultSyntaxHighlighter Value="Delphi"/>
      </Unit10>
      <Unit11>
        <Filename Value="..\..\ACBr\Exemplos\ACBrAAC\Delphi\Unit1.pas"/>
        <HasResources Value="True"/>
        <UnitName Value="Unit1"/>
        <WindowIndex Value="0"/>
        <TopLine Value="1"/>
        <CursorPos X="55" Y="7"/>
        <UsageCount Value="5"/>
        <DefaultSyntaxHighlighter Value="Delphi"/>
      </Unit11>
      <Unit12>
        <Filename Value="ACBrAACDll.pas"/>
        <IsPartOfProject Value="True"/>
        <UnitName Value="ACBrAACDLL"/>
        <EditorIndex Value="4"/>
        <WindowIndex Value="0"/>
        <TopLine Value="3086"/>
        <CursorPos X="1" Y="3098"/>
        <FoldState Value=" TJi62{J1 ps6uO2{D]AjUlg2{L01[C4Ang2~7]Ak3q92~)]An2ua2~o]At3-92g T3k50D4 pigjQ0M[94cjR0J[94bjN0N4]!4jb0H[I4ejS0J04[K46mW[T60]TKw"/>
        <UsageCount Value="200"/>
        <Loaded Value="True"/>
        <DefaultSyntaxHighlighter Value="Delphi"/>
      </Unit12>
      <Unit13>
        <Filename Value="..\..\ACBr\Exemplos\ACBrAAC\Delphi2\unit1.pas"/>
        <HasResources Value="True"/>
        <UnitName Value="Unit1"/>
        <WindowIndex Value="0"/>
        <TopLine Value="130"/>
        <CursorPos X="34" Y="138"/>
        <UsageCount Value="2"/>
        <DefaultSyntaxHighlighter Value="Delphi"/>
      </Unit13>
      <Unit14>
        <Filename Value="..\..\ACBr\Fontes\ACBrComum\ACBrAAC.pas"/>
        <UnitName Value="ACBrAAC"/>
        <WindowIndex Value="0"/>
        <TopLine Value="771"/>
        <CursorPos X="22" Y="783"/>
        <UsageCount Value="20"/>
        <DefaultSyntaxHighlighter Value="Delphi"/>
      </Unit14>
      <Unit15>
        <Filename Value="..\..\ACBr\Fontes\ACBrComum\ACBrPAFClass.pas"/>
        <UnitName Value="ACBrPAFClass"/>
        <WindowIndex Value="0"/>
        <TopLine Value="117"/>
        <CursorPos X="3" Y="132"/>
        <UsageCount Value="13"/>
        <DefaultSyntaxHighlighter Value="Delphi"/>
      </Unit15>
      <Unit16>
        <Filename Value="ACBrPAFDll.pas"/>
        <IsPartOfProject Value="True"/>
        <UnitName Value="ACBrPAFDll"/>
        <WindowIndex Value="0"/>
        <TopLine Value="1523"/>
        <CursorPos X="9" Y="1636"/>
        <UsageCount Value="225"/>
        <DefaultSyntaxHighlighter Value="Delphi"/>
      </Unit16>
      <Unit17>
        <Filename Value="ACBrTEFDDll.pas"/>
        <UnitName Value="ACBrTEFDDll"/>
        <WindowIndex Value="0"/>
        <TopLine Value="1"/>
        <CursorPos X="14" Y="12"/>
        <FoldState Value=" T3a0I3B"/>
        <UsageCount Value="5"/>
        <DefaultSyntaxHighlighter Value="Delphi"/>
      </Unit17>
      <Unit18>
        <Filename Value="..\..\ACBr\Fontes\ACBrTEFD\ACBrTEFDClass.pas"/>
        <UnitName Value="ACBrTEFDClass"/>
        <WindowIndex Value="0"/>
        <TopLine Value="416"/>
        <CursorPos X="15" Y="430"/>
        <UsageCount Value="30"/>
        <DefaultSyntaxHighlighter Value="Delphi"/>
      </Unit18>
      <Unit19>
        <Filename Value="..\..\ACBr\Fontes\ACBrTEFD\ACBrTEFD.pas"/>
        <UnitName Value="ACBrTEFD"/>
        <WindowIndex Value="0"/>
        <TopLine Value="195"/>
        <CursorPos X="15" Y="203"/>
        <UsageCount Value="35"/>
        <DefaultSyntaxHighlighter Value="Delphi"/>
      </Unit19>
      <Unit20>
        <Filename Value="..\..\ACBr\Fontes\ACBrPAF\ACBrPAF_C.pas"/>
        <UnitName Value="ACBrPAF_C"/>
        <WindowIndex Value="0"/>
        <TopLine Value="79"/>
        <CursorPos X="14" Y="97"/>
        <UsageCount Value="5"/>
        <DefaultSyntaxHighlighter Value="Delphi"/>
      </Unit20>
      <Unit21>
        <Filename Value="..\..\ACBr\Fontes\ACBrPAF\ACBrPAF.pas"/>
        <UnitName Value="ACBrPAF"/>
        <WindowIndex Value="0"/>
        <TopLine Value="1"/>
        <CursorPos X="1" Y="1"/>
        <UsageCount Value="8"/>
        <DefaultSyntaxHighlighter Value="Delphi"/>
      </Unit21>
      <Unit22>
        <Filename Value="C:\lazarus\lcl\lresources.pp"/>
        <UnitName Value="LResources"/>
        <WindowIndex Value="0"/>
        <TopLine Value="29"/>
        <CursorPos X="40" Y="39"/>
        <UsageCount Value="5"/>
      </Unit22>
      <Unit23>
        <Filename Value="..\..\ACBr\Fontes\ACBrPAF\ACBrPAF_B_Class.pas"/>
        <UnitName Value="ACBrPAF_B_Class"/>
        <WindowIndex Value="0"/>
        <TopLine Value="55"/>
        <CursorPos X="14" Y="73"/>
        <UsageCount Value="18"/>
        <DefaultSyntaxHighlighter Value="Delphi"/>
      </Unit23>
      <Unit24>
        <Filename Value="..\..\ACBr\Fontes\ACBrSPED\ACBrSped.pas"/>
        <UnitName Value="ACBrSped"/>
        <WindowIndex Value="0"/>
        <TopLine Value="35"/>
        <CursorPos X="1" Y="1"/>
        <UsageCount Value="5"/>
        <DefaultSyntaxHighlighter Value="Delphi"/>
      </Unit24>
      <Unit25>
        <Filename Value="..\..\ACBr\Fontes\ACBrSPED\ACBrSpedUtils.pas"/>
        <UnitName Value="ACBrSpedUtils"/>
        <WindowIndex Value="0"/>
        <TopLine Value="217"/>
        <CursorPos X="1" Y="1"/>
        <UsageCount Value="5"/>
        <DefaultSyntaxHighlighter Value="Delphi"/>
      </Unit25>
      <Unit26>
        <Filename Value="..\..\ACBr\Fontes\ACBrPAF\ACBrPAF.lrs"/>
        <WindowIndex Value="0"/>
        <TopLine Value="1"/>
        <CursorPos X="17" Y="1"/>
        <UsageCount Value="5"/>
        <DefaultSyntaxHighlighter Value="Delphi"/>
      </Unit26>
      <Unit27>
        <Filename Value="ACBrEADDll.pas"/>
        <IsPartOfProject Value="True"/>
        <UnitName Value="ACBrEADDll"/>
        <WindowIndex Value="0"/>
        <TopLine Value="90"/>
        <CursorPos X="1" Y="141"/>
        <FoldState Value=" T3j90Q5 pidjc0H1C6 TJkB2{a1("/>
        <UsageCount Value="201"/>
        <DefaultSyntaxHighlighter Value="Delphi"/>
      </Unit27>
      <Unit28>
        <Filename Value="..\..\ACBr\Fontes\ACBrComum\ACBrEAD.pas"/>
        <UnitName Value="ACBrEAD"/>
        <WindowIndex Value="0"/>
        <TopLine Value="116"/>
        <CursorPos X="15" Y="129"/>
        <UsageCount Value="39"/>
        <DefaultSyntaxHighlighter Value="Delphi"/>
      </Unit28>
      <Unit29>
        <Filename Value="..\..\ACBr\Fontes\ACBrComum\ACBrConsts.pas"/>
        <UnitName Value="ACBrConsts"/>
        <WindowIndex Value="0"/>
        <TopLine Value="150"/>
        <CursorPos X="1" Y="1"/>
        <UsageCount Value="6"/>
        <DefaultSyntaxHighlighter Value="Delphi"/>
      </Unit29>
      <Unit30>
        <Filename Value="C:\lazarus\fpc\2.6.0\source\rtl\objpas\sysutils\syspchh.inc"/>
        <WindowIndex Value="0"/>
        <TopLine Value="14"/>
        <CursorPos X="10" Y="45"/>
        <UsageCount Value="4"/>
      </Unit30>
      <Unit31>
        <Filename Value="ACBrSintegraDll.pas"/>
        <IsPartOfProject Value="True"/>
        <UnitName Value="ACBrSintegraDll"/>
        <WindowIndex Value="0"/>
        <TopLine Value="10"/>
        <CursorPos X="61" Y="881"/>
        <UsageCount Value="199"/>
        <DefaultSyntaxHighlighter Value="Delphi"/>
      </Unit31>
      <Unit32>
        <Filename Value="..\..\ACBr\Fontes\ACBrSintegra\ACBrSintegra.pas"/>
        <UnitName Value="ACBrSintegra"/>
        <WindowIndex Value="0"/>
        <TopLine Value="504"/>
        <CursorPos X="6" Y="509"/>
        <UsageCount Value="26"/>
        <DefaultSyntaxHighlighter Value="Delphi"/>
      </Unit32>
      <Unit33>
        <Filename Value="..\..\ACBr\Fontes\ACBrPAF\ACBrPAF_B.pas"/>
        <UnitName Value="ACBrPAF_B"/>
        <WindowIndex Value="0"/>
        <TopLine Value="57"/>
        <CursorPos X="5" Y="78"/>
        <UsageCount Value="3"/>
        <DefaultSyntaxHighlighter Value="Delphi"/>
      </Unit33>
      <Unit34>
        <Filename Value="..\..\ACBr\Fontes\ACBrPAF\ACBrPAF_N.pas"/>
        <UnitName Value="ACBrPAF_N"/>
        <WindowIndex Value="0"/>
        <TopLine Value="69"/>
        <CursorPos X="6" Y="78"/>
        <UsageCount Value="10"/>
        <DefaultSyntaxHighlighter Value="Delphi"/>
      </Unit34>
      <Unit35>
        <Filename Value="C:\lazarus\fpc\2.6.0\source\rtl\inc\objpash.inc"/>
        <WindowIndex Value="0"/>
        <TopLine Value="174"/>
        <CursorPos X="22" Y="194"/>
        <UsageCount Value="30"/>
      </Unit35>
      <Unit36>
        <Filename Value="C:\lazarus\fpc\2.6.0\source\rtl\objpas\classes\classesh.inc"/>
        <WindowIndex Value="0"/>
        <TopLine Value="876"/>
        <CursorPos X="3" Y="895"/>
        <UsageCount Value="6"/>
      </Unit36>
      <Unit37>
        <Filename Value="..\..\ACBr\Projetos\ACBrDLL\Sintegra\DllACBrSintegra.pas"/>
        <UnitName Value="DllACBrSintegra"/>
        <WindowIndex Value="0"/>
        <TopLine Value="560"/>
        <CursorPos X="5" Y="593"/>
        <UsageCount Value="6"/>
        <DefaultSyntaxHighlighter Value="Delphi"/>
      </Unit37>
      <Unit38>
        <Filename Value="C:\lazarus\fpc\2.6.0\source\rtl\inc\varianth.inc"/>
        <WindowIndex Value="0"/>
        <TopLine Value="215"/>
        <CursorPos X="10" Y="224"/>
        <UsageCount Value="10"/>
      </Unit38>
      <Unit39>
        <Filename Value="C:\lazarus\fpc\2.6.0\source\rtl\objpas\sysutils\sysutilh.inc"/>
        <WindowIndex Value="0"/>
        <TopLine Value="13"/>
        <CursorPos X="4" Y="36"/>
        <UsageCount Value="2"/>
      </Unit39>
      <Unit40>
        <Filename Value="ACBrDeviceDll.pas"/>
        <IsPartOfProject Value="True"/>
        <UnitName Value="ACBrDeviceDll"/>
        <EditorIndex Value="3"/>
        <WindowIndex Value="0"/>
        <TopLine Value="461"/>
        <CursorPos X="1" Y="486"/>
        <UsageCount Value="26"/>
        <Loaded Value="True"/>
        <DefaultSyntaxHighlighter Value="Delphi"/>
      </Unit40>
      <Unit41>
        <Filename Value="..\..\ACBr\Fontes\ACBrComum\ACBrBase.pas"/>
        <UnitName Value="ACBrBase"/>
        <WindowIndex Value="0"/>
        <TopLine Value="89"/>
        <CursorPos X="19" Y="95"/>
        <UsageCount Value="11"/>
        <DefaultSyntaxHighlighter Value="Delphi"/>
      </Unit41>
      <Unit42>
        <Filename Value="..\..\ACBr\Fontes\ACBrSerial\ACBrECFBematech.pas"/>
        <UnitName Value="ACBrECFBematech"/>
        <WindowIndex Value="0"/>
        <TopLine Value="1913"/>
        <CursorPos X="69" Y="1935"/>
        <UsageCount Value="4"/>
        <DefaultSyntaxHighlighter Value="Delphi"/>
      </Unit42>
      <Unit43>
        <Filename Value="..\..\ACBr\Fontes\ACBrPAF\ACBrPAF_TITP.pas"/>
        <UnitName Value="ACBrPAF_TITP"/>
        <WindowIndex Value="0"/>
        <TopLine Value="46"/>
        <CursorPos X="24" Y="67"/>
        <UsageCount Value="4"/>
        <DefaultSyntaxHighlighter Value="Delphi"/>
      </Unit43>
      <Unit44>
        <Filename Value="ACBrSpeedFiscaldll.pas"/>
        <UnitName Value="ACBrSPEDFiscaldll"/>
        <WindowIndex Value="0"/>
        <TopLine Value="1"/>
        <CursorPos X="37" Y="5"/>
        <UsageCount Value="15"/>
        <DefaultSyntaxHighlighter Value="Delphi"/>
      </Unit44>
      <Unit45>
        <Filename Value="ACBrSpedDll.pas"/>
        <UnitName Value="ACBrSpedFiscaldll"/>
        <WindowIndex Value="0"/>
        <TopLine Value="1"/>
        <CursorPos X="28" Y="3"/>
        <UsageCount Value="5"/>
        <DefaultSyntaxHighlighter Value="Delphi"/>
      </Unit45>
      <Unit46>
        <Filename Value="ACBrSpedFiscalDll.pas"/>
        <IsPartOfProject Value="True"/>
        <UnitName Value="ACBrSpedFiscaldll"/>
        <WindowIndex Value="0"/>
        <TopLine Value="503"/>
        <CursorPos X="66" Y="518"/>
        <UsageCount Value="107"/>
        <DefaultSyntaxHighlighter Value="Delphi"/>
      </Unit46>
      <Unit47>
        <Filename Value="..\..\ACBr\Fontes\ACBrSPED\ACBrSPEDFiscal\ACBrSpedFiscal.pas"/>
        <UnitName Value="ACBrSpedFiscal"/>
        <WindowIndex Value="0"/>
        <TopLine Value="390"/>
        <CursorPos X="40" Y="398"/>
        <UsageCount Value="14"/>
        <DefaultSyntaxHighlighter Value="Delphi"/>
      </Unit47>
      <Unit48>
        <Filename Value="ACBrTEFDll.pas"/>
        <IsPartOfProject Value="True"/>
        <UnitName Value="ACBrTEFDll"/>
        <WindowIndex Value="0"/>
        <TopLine Value="3619"/>
        <CursorPos X="1" Y="3630"/>
        <FoldState Value=" TLjE0O2 T3k20K4 piajU[98N0L[94bjP0I5 pj1jV0I[I4YjJ0L[a6O0M1 p0i:Z0I1 TJlT2#mQ]IwN2~{]RlDt72#sA[b4sU2{u]KvgzB2#T]ArO;9[AA[KK3[A5sf:Q2{+;"/>
        <ExtraEditorCount Value="1"/>
        <ExtraEditor1>
          <WindowIndex Value="0"/>
          <TopLine Value="9255"/>
          <CursorPos X="13" Y="9333"/>
          <FoldState Value=" TJ+P2~{1 plDt72#sA p0;]9,Q]9'X2#m4]9w12#T]brO;9[AA[KK3#T T3jlU0M)"/>
        </ExtraEditor1>
        <UsageCount Value="83"/>
        <DefaultSyntaxHighlighter Value="Delphi"/>
      </Unit48>
      <Unit49>
        <Filename Value="C:\lazarus\fpc\2.6.0\source\rtl\inc\systemh.inc"/>
        <WindowIndex Value="0"/>
        <TopLine Value="254"/>
        <CursorPos X="3" Y="272"/>
        <UsageCount Value="5"/>
      </Unit49>
      <Unit50>
        <Filename Value="ACBrCNIEEDll.pas"/>
        <IsPartOfProject Value="True"/>
        <UnitName Value="ACBrCNIEEDll"/>
        <WindowIndex Value="0"/>
        <TopLine Value="516"/>
        <CursorPos X="10" Y="637"/>
        <UsageCount Value="94"/>
        <DefaultSyntaxHighlighter Value="Delphi"/>
      </Unit50>
      <Unit51>
        <Filename Value="..\..\ACBr\Fontes\ACBrTCP\ACBrCNIEE.pas"/>
        <UnitName Value="ACBrCNIEE"/>
        <WindowIndex Value="0"/>
        <TopLine Value="131"/>
        <CursorPos X="15" Y="142"/>
        <UsageCount Value="15"/>
        <DefaultSyntaxHighlighter Value="Delphi"/>
      </Unit51>
      <Unit52>
        <Filename Value="..\..\ACBr\Fontes\ACBrTCP\ACBrSocket.pas"/>
        <UnitName Value="ACBrSocket"/>
        <WindowIndex Value="0"/>
        <TopLine Value="195"/>
        <CursorPos X="26" Y="207"/>
        <UsageCount Value="5"/>
        <DefaultSyntaxHighlighter Value="Delphi"/>
      </Unit52>
      <Unit53>
        <Filename Value="..\..\ACBr\Fontes\ACBrSerial\ACBrRFD.pas"/>
        <UnitName Value="ACBrRFD"/>
        <WindowIndex Value="0"/>
        <TopLine Value="658"/>
        <CursorPos X="36" Y="670"/>
        <UsageCount Value="6"/>
        <DefaultSyntaxHighlighter Value="Delphi"/>
      </Unit53>
      <Unit54>
        <Filename Value="C:\lazarus\fpc\2.6.0\source\rtl\inc\objpas.inc"/>
        <WindowIndex Value="0"/>
        <TopLine Value="185"/>
        <CursorPos X="9" Y="271"/>
        <UsageCount Value="30"/>
      </Unit54>
      <Unit55>
        <Filename Value="..\..\ACBr\Fontes\ACBrSPED\ACBrSPEDFiscal\ACBrEFDBloco_C_Events.pas"/>
        <UnitName Value="ACBrEFDBloco_C_Events"/>
        <WindowIndex Value="0"/>
        <TopLine Value="34"/>
        <CursorPos X="17" Y="46"/>
        <UsageCount Value="10"/>
        <DefaultSyntaxHighlighter Value="Delphi"/>
      </Unit55>
    </Units>
    <JumpHistory Count="28" HistoryIndex="27">
      <Position1>
        <Filename Value="ACBrAACDll.pas"/>
        <Caret Line="161" Column="60" TopLine="135"/>
      </Position1>
      <Position2>
        <Filename Value="ACBrAACDll.pas"/>
        <Caret Line="2651" Column="44" TopLine="102"/>
      </Position2>
      <Position3>
        <Filename Value="ACBrAACDll.pas"/>
        <Caret Line="166" Column="41" TopLine="135"/>
      </Position3>
      <Position4>
        <Filename Value="ACBrAACDll.pas"/>
        <Caret Line="396" Column="63" TopLine="331"/>
      </Position4>
      <Position5>
        <Filename Value="ACBrAACDll.pas"/>
        <Caret Line="2928" Column="57" TopLine="2917"/>
      </Position5>
      <Position6>
        <Filename Value="ACBrAACDll.pas"/>
        <Caret Line="579" Column="45" TopLine="516"/>
      </Position6>
      <Position7>
        <Filename Value="ACBrECFDll.pas"/>
        <Caret Line="5693" Column="42" TopLine="5674"/>
      </Position7>
      <Position8>
        <Filename Value="ACBrECFDll.pas"/>
        <Caret Line="5695" Column="88" TopLine="5674"/>
      </Position8>
      <Position9>
        <Filename Value="ACBrECFDll.pas"/>
        <Caret Line="419" Column="45" TopLine="319"/>
      </Position9>
      <Position10>
        <Filename Value="ACBrDeviceDll.pas"/>
        <Caret Line="533" Column="1" TopLine="246"/>
      </Position10>
      <Position11>
        <Filename Value="ACBrDeviceDll.pas"/>
        <Caret Line="472" Column="48" TopLine="462"/>
      </Position11>
      <Position12>
        <Filename Value="ACBrECFDll.pas"/>
        <Caret Line="5783" Column="66" TopLine="5776"/>
      </Position12>
      <Position13>
        <Filename Value="ACBrAACDll.pas"/>
        <Caret Line="2925" Column="16" TopLine="2917"/>
      </Position13>
      <Position14>
        <Filename Value="ACBrAACDll.pas"/>
        <Caret Line="1" Column="1" TopLine="1"/>
      </Position14>
      <Position15>
        <Filename Value="ACBrAACDll.pas"/>
        <Caret Line="201" Column="25" TopLine="178"/>
      </Position15>
      <Position16>
        <Filename Value="ACBrAACDll.pas"/>
        <Caret Line="2914" Column="134" TopLine="2911"/>
      </Position16>
      <Position17>
        <Filename Value="ACBrAACDll.pas"/>
        <Caret Line="1" Column="1" TopLine="1"/>
      </Position17>
      <Position18>
        <Filename Value="ACBrAACDll.pas"/>
        <Caret Line="577" Column="32" TopLine="559"/>
      </Position18>
      <Position19>
        <Filename Value="ACBrAACDll.pas"/>
        <Caret Line="2870" Column="34" TopLine="951"/>
      </Position19>
      <Position20>
        <Filename Value="ACBrAACDll.pas"/>
        <Caret Line="2871" Column="36" TopLine="2345"/>
      </Position20>
      <Position21>
        <Filename Value="ACBrECFDll.pas"/>
        <Caret Line="1954" Column="1" TopLine="1565"/>
      </Position21>
      <Position22>
        <Filename Value="ACBrECFDll.pas"/>
        <Caret Line="1004" Column="36" TopLine="961"/>
      </Position22>
      <Position23>
        <Filename Value="ACBrECFDll.pas"/>
        <Caret Line="1193" Column="48" TopLine="1136"/>
      </Position23>
      <Position24>
        <Filename Value="..\..\ACBr\Fontes\ACBrSerial\ACBrECFClass.pas"/>
        <Caret Line="109" Column="14" TopLine="98"/>
      </Position24>
      <Position25>
        <Filename Value="ACBrECFDll.pas"/>
        <Caret Line="1464" Column="57" TopLine="1387"/>
      </Position25>
      <Position26>
        <Filename Value="ACBrECFDll.pas"/>
        <Caret Line="1388" Column="10" TopLine="1181"/>
      </Position26>
      <Position27>
        <Filename Value="ACBrECFDll.pas"/>
        <Caret Line="6378" Column="1" TopLine="1016"/>
      </Position27>
      <Position28>
        <Filename Value="ACBrECFDll.pas"/>
        <Caret Line="1250" Column="33" TopLine="1157"/>
      </Position28>
    </JumpHistory>
    <CustomSessionData Count="2">
      <Item0 Name="SVN active" Value="-1"/>
      <Item1 Name="SVN repository" Value="..\..\ACBrFramework"/>
    </CustomSessionData>
  </ProjectOptions>
  <CompilerOptions>
    <Version Value="11"/>
    <PathDelim Value="\"/>
    <Target>
      <Filename Value="x86\ACBrFramework32"/>
    </Target>
    <SearchPaths>
      <IncludeFiles Value="$(ProjOutDir);..\..\ACBr\Fontes\ACBrComum"/>
      <OtherUnitFiles Value="..\..\ACBr\Fontes\ACBrSerial;..\..\ACBr\Fontes\ACBrTCP;..\..\ACBr\Fontes\ACBrComum;..\..\ACBr\Fontes\ACBrDiversos;..\..\ACBr\Fontes\ACBrPAF;..\..\ACBr\Fontes\ACBrSintegra;..\..\ACBr\Fontes\ACBrTEFD;..\..\ACBr\Fontes\ACBrSPED;..\..\ACBr\Fontes\ACBrSPED\ACBrSPEDFiscal;..\..\ACBr\Fontes\synalist"/>
      <UnitOutputDirectory Value="lib\$(TargetCPU)-$(TargetOS)"/>
    </SearchPaths>
    <Parsing>
      <SyntaxOptions>
        <SyntaxMode Value="Delphi"/>
      </SyntaxOptions>
    </Parsing>
    <CodeGeneration>
      <TargetCPU Value="i386"/>
      <TargetOS Value="win32"/>
    </CodeGeneration>
    <Linking>
      <Debugging>
        <GenerateDebugInfo Value="False"/>
        <UseLineInfoUnit Value="False"/>
        <StripSymbols Value="True"/>
      </Debugging>
      <Options>
        <ExecutableType Value="Library"/>
      </Options>
    </Linking>
    <Other>
      <CompilerMessages>
        <UseMsgFile Value="True"/>
      </CompilerMessages>
      <CustomOptions Value="-dCONSOLE -dFRAMEWORK -dCDECL"/>
      <CompilerPath Value="$(CompPath)"/>
    </Other>
  </CompilerOptions>
  <Debugging>
    <Exceptions Count="3">
      <Item1>
        <Name Value="EAbort"/>
      </Item1>
      <Item2>
        <Name Value="ECodetoolError"/>
      </Item2>
      <Item3>
        <Name Value="EFOpenError"/>
      </Item3>
    </Exceptions>
  </Debugging>
</CONFIG>
