<?xml version="1.0" encoding="UTF-8"?>
<CONFIG>
  <ProjectOptions>
    <Version Value="9"/>
    <PathDelim Value="\"/>
    <General>
      <Flags>
        <MainUnitHasUsesSectionForAllUnits Value="False"/>
        <MainUnitHasCreateFormStatements Value="False"/>
        <MainUnitHasTitleStatement Value="False"/>
      </Flags>
      <MainUnit Value="0"/>
      <Title Value="ACBrFramework32"/>
      <UseAppBundle Value="False"/>
      <ResourceType Value="res"/>
      <ActiveWindowIndexAtStart Value="0"/>
    </General>
    <i18n>
      <EnableI18N LFM="False"/>
    </i18n>
    <VersionInfo>
      <UseVersionInfo Value="True"/>
      <MinorVersionNr Value="9"/>
      <RevisionNr Value="4"/>
      <BuildNr Value="5"/>
      <Language Value="0416"/>
      <StringTable CompanyName="Projeto: Componentes ACBr " FileDescription="Projeto: Componentes ACBr " ProductName="ACBrFramework" ProductVersion="ACBrFramework"/>
    </VersionInfo>
    <BuildModes Count="1" Active="Default">
      <Item1 Name="Default" Default="True"/>
    </BuildModes>
    <PublishOptions>
      <Version Value="2"/>
      <IncludeFileFilter Value="*.(pas|pp|inc|lfm|lpr|lrs|lpi|lpk|sh|xml)"/>
      <ExcludeFileFilter Value="*.(bak|ppu|ppw|o|so);*~;backup"/>
    </PublishOptions>
    <RunParams>
      <local>
        <FormatVersion Value="1"/>
      </local>
    </RunParams>
    <RequiredPackages Count="1">
      <Item1>
        <PackageName Value="LazUtils"/>
      </Item1>
    </RequiredPackages>
    <Units Count="106">
      <Unit0>
        <Filename Value="ACBrFramework.lpr"/>
        <IsPartOfProject Value="True"/>
        <WindowIndex Value="0"/>
        <TopLine Value="1"/>
        <CursorPos X="34" Y="18"/>
        <UsageCount Value="200"/>
        <DefaultSyntaxHighlighter Value="Delphi"/>
      </Unit0>
      <Unit1>
        <Filename Value="ACBrCommonDll.pas"/>
        <IsPartOfProject Value="True"/>
        <UnitName Value="ACBrCommonDll"/>
        <WindowIndex Value="0"/>
        <TopLine Value="1"/>
        <CursorPos X="1" Y="8"/>
        <UsageCount Value="211"/>
        <DefaultSyntaxHighlighter Value="Delphi"/>
      </Unit1>
      <Unit2>
        <Filename Value="ACBrECFDll.pas"/>
        <IsPartOfProject Value="True"/>
        <UnitName Value="ACBrECFDll"/>
        <EditorIndex Value="0"/>
        <WindowIndex Value="0"/>
        <TopLine Value="7622"/>
        <CursorPos X="32" Y="7635"/>
        <FoldState Value=" TJG1L1 pkZlR1h]9jHkN1#pA p0z71#rD]9+A1}O[b47oU1#+I]J!F1{8]JoVqc1~![v48qb1~s[A4LqV1}q]AnSsa1_V[x4Lt81i2 p\c?21{7 T3kmg0JZ"/>
        <ExtraEditorCount Value="1"/>
        <ExtraEditor1>
          <WindowIndex Value="0"/>
          <TopLine Value="5796"/>
          <CursorPos X="3" Y="209"/>
          <FoldState Value=" TJG2L1 pkZlR2h]9jHkN2#oW p0yT]94[9412}O1 T3ilX0K1l"/>
        </ExtraEditor1>
        <UsageCount Value="201"/>
        <Loaded Value="True"/>
        <DefaultSyntaxHighlighter Value="Delphi"/>
      </Unit2>
      <Unit3>
        <Filename Value="..\..\ACBr\Fontes\ACBrSerial\ACBrBALClass.pas"/>
        <UnitName Value="ACBrBALClass"/>
        <WindowIndex Value="0"/>
        <TopLine Value="43"/>
        <CursorPos X="59" Y="49"/>
        <UsageCount Value="14"/>
        <DefaultSyntaxHighlighter Value="Delphi"/>
      </Unit3>
      <Unit4>
        <Filename Value="ACBrBALDll.pas"/>
        <IsPartOfProject Value="True"/>
        <UnitName Value="ACBrBALDll"/>
        <WindowIndex Value="0"/>
        <TopLine Value="1"/>
        <CursorPos X="20" Y="13"/>
        <FoldState Value=" TLV0O2 T3iJ0M4 pifjd0N]9j1jY0K[I4ejV0K2K"/>
        <UsageCount Value="201"/>
        <DefaultSyntaxHighlighter Value="Delphi"/>
      </Unit4>
      <Unit5>
        <Filename Value="ACBrLCBDll.pas"/>
        <IsPartOfProject Value="True"/>
        <UnitName Value="ACBrLCBDll"/>
        <WindowIndex Value="0"/>
        <TopLine Value="1"/>
        <CursorPos X="16" Y="8"/>
        <UsageCount Value="200"/>
        <DefaultSyntaxHighlighter Value="Delphi"/>
      </Unit5>
      <Unit6>
        <Filename Value="..\..\ACBr\Fontes\ACBrSerial\ACBrECF.pas"/>
        <UnitName Value="ACBrECF"/>
        <EditorIndex Value="1"/>
        <WindowIndex Value="0"/>
        <TopLine Value="772"/>
        <CursorPos X="15" Y="791"/>
        <UsageCount Value="100"/>
        <Loaded Value="True"/>
        <DefaultSyntaxHighlighter Value="Delphi"/>
      </Unit6>
      <Unit7>
        <Filename Value="..\..\ACBr\Fontes\ACBrSerial\ACBrECFClass.pas"/>
        <UnitName Value="ACBrECFClass"/>
        <WindowIndex Value="0"/>
        <TopLine Value="4113"/>
        <CursorPos X="41" Y="4131"/>
        <UsageCount Value="79"/>
        <DefaultSyntaxHighlighter Value="Delphi"/>
      </Unit7>
      <Unit8>
        <Filename Value="..\..\ACBr\Fontes\ACBrSerial\ACBrBAL.pas"/>
        <UnitName Value="ACBrBAL"/>
        <WindowIndex Value="0"/>
        <TopLine Value="63"/>
        <CursorPos X="15" Y="118"/>
        <UsageCount Value="13"/>
        <DefaultSyntaxHighlighter Value="Delphi"/>
      </Unit8>
      <Unit9>
        <Filename Value="ACBrAACDll.pas"/>
        <IsPartOfProject Value="True"/>
        <UnitName Value="ACBrAACDLL"/>
        <WindowIndex Value="0"/>
        <TopLine Value="1529"/>
        <CursorPos X="1" Y="1169"/>
        <FoldState Value=" TJiT2{J1 ps4uM2}Q]AjUoC2{L[A4AlU2{F]An2pG2~o2 pl6sE2~)]K0.e2#j8]9t52o1 T3*90N3C2E]JxP0K3S[94f0J4 piZjL0K[96M0J[II1w"/>
        <UsageCount Value="200"/>
        <DefaultSyntaxHighlighter Value="Delphi"/>
      </Unit9>
      <Unit10>
        <Filename Value="ACBrPAFDll.pas"/>
        <IsPartOfProject Value="True"/>
        <UnitName Value="ACBrPAFDll"/>
        <IsVisibleTab Value="True"/>
        <EditorIndex Value="5"/>
        <WindowIndex Value="0"/>
        <TopLine Value="1280"/>
        <CursorPos X="18" Y="1279"/>
        <FoldState Value=" TJr41~/ T3yV0w2 pkfmJ0x]9jMl10vy"/>
        <UsageCount Value="225"/>
        <Loaded Value="True"/>
        <DefaultSyntaxHighlighter Value="Delphi"/>
      </Unit10>
      <Unit11>
        <Filename Value="..\..\ACBr\Fontes\ACBrTEFD\ACBrTEFDClass.pas"/>
        <UnitName Value="ACBrTEFDClass"/>
        <WindowIndex Value="0"/>
        <TopLine Value="25"/>
        <CursorPos X="1" Y="43"/>
        <UsageCount Value="1"/>
        <DefaultSyntaxHighlighter Value="Delphi"/>
      </Unit11>
      <Unit12>
        <Filename Value="..\..\ACBr\Fontes\ACBrTEFD\ACBrTEFD.pas"/>
        <UnitName Value="ACBrTEFD"/>
        <WindowIndex Value="0"/>
        <TopLine Value="37"/>
        <CursorPos X="6" Y="130"/>
        <UsageCount Value="9"/>
        <DefaultSyntaxHighlighter Value="Delphi"/>
      </Unit12>
      <Unit13>
        <Filename Value="..\..\ACBr\Fontes\ACBrSPED\ACBrSped.pas"/>
        <UnitName Value="ACBrSped"/>
        <WindowIndex Value="0"/>
        <TopLine Value="11"/>
        <CursorPos X="3" Y="52"/>
        <UsageCount Value="93"/>
        <DefaultSyntaxHighlighter Value="Delphi"/>
      </Unit13>
      <Unit14>
        <Filename Value="ACBrEADDll.pas"/>
        <IsPartOfProject Value="True"/>
        <UnitName Value="ACBrEADDll"/>
        <EditorIndex Value="7"/>
        <WindowIndex Value="0"/>
        <TopLine Value="1"/>
        <CursorPos X="6" Y="12"/>
        <UsageCount Value="201"/>
        <Loaded Value="True"/>
        <DefaultSyntaxHighlighter Value="Delphi"/>
      </Unit14>
      <Unit15>
        <Filename Value="..\..\ACBr\Fontes\ACBrComum\ACBrEAD.pas"/>
        <UnitName Value="ACBrEAD"/>
        <EditorIndex Value="8"/>
        <WindowIndex Value="0"/>
        <TopLine Value="65"/>
        <CursorPos X="18" Y="81"/>
        <UsageCount Value="11"/>
        <Loaded Value="True"/>
        <DefaultSyntaxHighlighter Value="Delphi"/>
      </Unit15>
      <Unit16>
        <Filename Value="ACBrSintegraDll.pas"/>
        <IsPartOfProject Value="True"/>
        <UnitName Value="ACBrSintegraDll"/>
        <WindowIndex Value="0"/>
        <TopLine Value="31"/>
        <CursorPos X="9" Y="45"/>
        <UsageCount Value="200"/>
        <DefaultSyntaxHighlighter Value="Delphi"/>
      </Unit16>
      <Unit17>
        <Filename Value="C:\lazarus\fpc\2.6.0\source\rtl\inc\objpash.inc"/>
        <WindowIndex Value="0"/>
        <TopLine Value="174"/>
        <CursorPos X="23" Y="192"/>
        <UsageCount Value="8"/>
      </Unit17>
      <Unit18>
        <Filename Value="ACBrDeviceDll.pas"/>
        <IsPartOfProject Value="True"/>
        <UnitName Value="ACBrDeviceDll"/>
        <WindowIndex Value="0"/>
        <TopLine Value="495"/>
        <CursorPos X="56" Y="517"/>
        <UsageCount Value="203"/>
        <DefaultSyntaxHighlighter Value="Delphi"/>
      </Unit18>
      <Unit19>
        <Filename Value="ACBrSpedDll.pas"/>
        <IsPartOfProject Value="True"/>
        <UnitName Value="ACBrSpedDll"/>
        <WindowIndex Value="0"/>
        <TopLine Value="804"/>
        <CursorPos X="12" Y="834"/>
        <FoldState Value=" TJG2{%1 pm5pb2B TCqTQT4{"/>
        <UsageCount Value="211"/>
        <DefaultSyntaxHighlighter Value="Delphi"/>
      </Unit19>
      <Unit20>
        <Filename Value="ACBrSpedFiscalDll.pas"/>
        <IsPartOfProject Value="True"/>
        <UnitName Value="ACBrSpedFiscaldll"/>
        <WindowIndex Value="0"/>
        <TopLine Value="3680"/>
        <CursorPos X="19" Y="3688"/>
        <UsageCount Value="204"/>
        <DefaultSyntaxHighlighter Value="Delphi"/>
      </Unit20>
      <Unit21>
        <Filename Value="..\..\ACBr\Fontes\ACBrSPED\ACBrSPEDFiscal\ACBrSpedFiscal.pas"/>
        <UnitName Value="ACBrSpedFiscal"/>
        <WindowIndex Value="0"/>
        <TopLine Value="161"/>
        <CursorPos X="3" Y="71"/>
        <UsageCount Value="92"/>
        <DefaultSyntaxHighlighter Value="Delphi"/>
      </Unit21>
      <Unit22>
        <Filename Value="ACBrTEFDll.pas"/>
        <IsPartOfProject Value="True"/>
        <UnitName Value="ACBrTEFDll"/>
        <WindowIndex Value="0"/>
        <TopLine Value="870"/>
        <CursorPos X="1" Y="891"/>
        <FoldState Value=" TJD2L2 T3lX0J4 pibjN0L[96P0J5 pj5ja0I[947jb[a6cjO0J3a"/>
        <ExtraEditorCount Value="1"/>
        <ExtraEditor1>
          <WindowIndex Value="0"/>
          <TopLine Value="90"/>
          <CursorPos X="53" Y="1316"/>
          <FoldState Value=" TJD2L2 pkMlI2#p4 p0z12~}1 T3lX0J]HibjN0L[96P0J5 pj5ja0I[947jb[a6cjO[96ajM0J3%"/>
        </ExtraEditor1>
        <UsageCount Value="220"/>
        <DefaultSyntaxHighlighter Value="Delphi"/>
      </Unit22>
      <Unit23>
        <Filename Value="ACBrCNIEEDll.pas"/>
        <IsPartOfProject Value="True"/>
        <UnitName Value="ACBrCNIEEDll"/>
        <WindowIndex Value="0"/>
        <TopLine Value="516"/>
        <CursorPos X="10" Y="637"/>
        <UsageCount Value="231"/>
        <DefaultSyntaxHighlighter Value="Delphi"/>
      </Unit23>
      <Unit24>
        <Filename Value="..\..\ACBr\Fontes\ACBrTCP\ACBrSocket.pas"/>
        <UnitName Value="ACBrSocket"/>
        <WindowIndex Value="0"/>
        <TopLine Value="194"/>
        <CursorPos X="15" Y="199"/>
        <UsageCount Value="9"/>
        <DefaultSyntaxHighlighter Value="Delphi"/>
      </Unit24>
      <Unit25>
        <Filename Value="C:\lazarus\fpc\2.6.0\source\rtl\inc\objpas.inc"/>
        <WindowIndex Value="0"/>
        <TopLine Value="185"/>
        <CursorPos X="9" Y="271"/>
        <UsageCount Value="8"/>
      </Unit25>
      <Unit26>
        <Filename Value="..\..\ACBr\Fontes\ACBrSPED\ACBrSPEDFiscal\ACBrEFDBloco_0_Class.pas"/>
        <UnitName Value="ACBrEFDBloco_0_Class"/>
        <WindowIndex Value="0"/>
        <TopLine Value="112"/>
        <CursorPos X="14" Y="129"/>
        <UsageCount Value="24"/>
        <DefaultSyntaxHighlighter Value="Delphi"/>
      </Unit26>
      <Unit27>
        <Filename Value="..\..\ACBr\Fontes\ACBrSPED\ACBrSPEDFiscal\ACBrEFDBloco_0.pas"/>
        <UnitName Value="ACBrEFDBloco_0"/>
        <WindowIndex Value="0"/>
        <TopLine Value="605"/>
        <CursorPos X="14" Y="618"/>
        <UsageCount Value="26"/>
        <DefaultSyntaxHighlighter Value="Delphi"/>
      </Unit27>
      <Unit28>
        <Filename Value="..\..\ACBr\Fontes\ACBrSPED\ACBrSPEDFiscal\ACBrEFDBlocos.pas"/>
        <UnitName Value="ACBrEFDBlocos"/>
        <WindowIndex Value="0"/>
        <TopLine Value="212"/>
        <CursorPos X="3" Y="225"/>
        <UsageCount Value="35"/>
        <DefaultSyntaxHighlighter Value="Delphi"/>
      </Unit28>
      <Unit29>
        <Filename Value="ACBrSMSDll.pas"/>
        <IsPartOfProject Value="True"/>
        <UnitName Value="ACBrSMSDll"/>
        <WindowIndex Value="0"/>
        <TopLine Value="894"/>
        <CursorPos X="61" Y="983"/>
        <UsageCount Value="208"/>
        <DefaultSyntaxHighlighter Value="Delphi"/>
      </Unit29>
      <Unit30>
        <Filename Value="..\..\ACBr\Fontes\ACBrSerial\ACBrSMSClass.pas"/>
        <UnitName Value="ACBrSMSClass"/>
        <WindowIndex Value="0"/>
        <TopLine Value="154"/>
        <CursorPos X="42" Y="166"/>
        <UsageCount Value="10"/>
        <DefaultSyntaxHighlighter Value="Delphi"/>
      </Unit30>
      <Unit31>
        <Filename Value="ACBrIBGEDll.pas"/>
        <IsPartOfProject Value="True"/>
        <UnitName Value="ACBrIBGEDll"/>
        <EditorIndex Value="4"/>
        <WindowIndex Value="0"/>
        <TopLine Value="34"/>
        <CursorPos X="25" Y="42"/>
        <UsageCount Value="202"/>
        <Loaded Value="True"/>
        <DefaultSyntaxHighlighter Value="Delphi"/>
      </Unit31>
      <Unit32>
        <Filename Value="ACBrValidadorDll.pas"/>
        <IsPartOfProject Value="True"/>
        <UnitName Value="ACBrValidadorDll"/>
        <WindowIndex Value="0"/>
        <TopLine Value="696"/>
        <CursorPos X="21" Y="879"/>
        <UsageCount Value="202"/>
        <DefaultSyntaxHighlighter Value="Delphi"/>
      </Unit32>
      <Unit33>
        <Filename Value="ACBrRFDDll.pas"/>
        <IsPartOfProject Value="True"/>
        <UnitName Value="ACBrRFDDll"/>
        <WindowIndex Value="0"/>
        <TopLine Value="1"/>
        <CursorPos X="1" Y="1"/>
        <UsageCount Value="200"/>
        <DefaultSyntaxHighlighter Value="Delphi"/>
      </Unit33>
      <Unit34>
        <Filename Value="..\..\ACBr\Fontes\ACBrSPED\ACBrSPEDFiscal\ACBrEFDBloco_1_Class.pas"/>
        <UnitName Value="ACBrEFDBloco_1_Class"/>
        <WindowIndex Value="0"/>
        <TopLine Value="210"/>
        <CursorPos X="42" Y="234"/>
        <UsageCount Value="27"/>
        <DefaultSyntaxHighlighter Value="Delphi"/>
      </Unit34>
      <Unit35>
        <Filename Value="..\..\ACBr\Fontes\ACBrSPED\ACBrSPEDFiscal\ACBrEFDBloco_1.pas"/>
        <UnitName Value="ACBrEFDBloco_1"/>
        <WindowIndex Value="0"/>
        <TopLine Value="451"/>
        <CursorPos X="39" Y="469"/>
        <UsageCount Value="27"/>
        <DefaultSyntaxHighlighter Value="Delphi"/>
      </Unit35>
      <Unit36>
        <Filename Value="..\..\ACBr\Fontes\ACBrSPED\ACBrSPEDFiscal\ACBrEFDBloco_E_Events.pas"/>
        <UnitName Value="ACBrEFDBloco_E_Events"/>
        <WindowIndex Value="0"/>
        <TopLine Value="28"/>
        <CursorPos X="17" Y="46"/>
        <UsageCount Value="4"/>
        <DefaultSyntaxHighlighter Value="Delphi"/>
      </Unit36>
      <Unit37>
        <Filename Value="ACBrNFeDll.pas"/>
        <UnitName Value="ACBrNFeDll"/>
        <WindowIndex Value="0"/>
        <TopLine Value="33"/>
        <CursorPos X="9" Y="1779"/>
        <FoldState Value=" TJc2{P1 p)ejO2~q]Avc:32{51 T3*Q0L5 pj7je0J[948jd0[99I4 piYjJ0J[94XjP[96ZjL0L43"/>
        <UsageCount Value="19"/>
        <DefaultSyntaxHighlighter Value="Delphi"/>
      </Unit37>
      <Unit38>
        <Filename Value="..\..\ACBr\Fontes\PCN2\pcnGerador.pas"/>
        <UnitName Value="pcnGerador"/>
        <WindowIndex Value="0"/>
        <TopLine Value="31"/>
        <CursorPos X="22" Y="55"/>
        <UsageCount Value="12"/>
        <DefaultSyntaxHighlighter Value="Delphi"/>
      </Unit38>
      <Unit39>
        <Filename Value="C:\lazarus\fpc\2.6.0\source\rtl\win32\windows.pp"/>
        <UnitName Value="windows"/>
        <WindowIndex Value="0"/>
        <TopLine Value="32"/>
        <CursorPos X="26" Y="32"/>
        <UsageCount Value="4"/>
      </Unit39>
      <Unit40>
        <Filename Value="C:\lazarus\fpc\2.6.0\source\rtl\win\wininc\redef.inc"/>
        <WindowIndex Value="0"/>
        <TopLine Value="717"/>
        <CursorPos X="10" Y="735"/>
        <UsageCount Value="4"/>
      </Unit40>
      <Unit41>
        <Filename Value="C:\lazarus\fpc\2.6.0\source\rtl\win\wininc\messages.inc"/>
        <WindowIndex Value="0"/>
        <TopLine Value="1163"/>
        <CursorPos X="19" Y="1181"/>
        <UsageCount Value="4"/>
      </Unit41>
      <Unit42>
        <Filename Value="C:\lazarus\fpc\2.6.0\source\rtl\win\wininc\defines.inc"/>
        <WindowIndex Value="0"/>
        <TopLine Value="1638"/>
        <CursorPos X="18" Y="1656"/>
        <UsageCount Value="4"/>
      </Unit42>
      <Unit43>
        <Filename Value="ACBrCEPDll.pas"/>
        <IsPartOfProject Value="True"/>
        <UnitName Value="ACBrCEPDll"/>
        <EditorIndex Value="2"/>
        <WindowIndex Value="0"/>
        <TopLine Value="4"/>
        <CursorPos X="24" Y="479"/>
        <UsageCount Value="202"/>
        <Loaded Value="True"/>
        <DefaultSyntaxHighlighter Value="Delphi"/>
      </Unit43>
      <Unit44>
        <Filename Value="..\..\ACBr\Fontes\ACBrTCP\ACBrCEP.pas"/>
        <UnitName Value="ACBrCEP"/>
        <EditorIndex Value="3"/>
        <WindowIndex Value="0"/>
        <TopLine Value="1172"/>
        <CursorPos X="5" Y="256"/>
        <UsageCount Value="13"/>
        <Loaded Value="True"/>
        <DefaultSyntaxHighlighter Value="Delphi"/>
      </Unit44>
      <Unit45>
        <Filename Value="..\..\ACBr\Fontes\ACBrSPED\ACBrSPEDFiscal\ACBrEFDBloco_C_Class.pas"/>
        <UnitName Value="ACBrEFDBloco_C_Class"/>
        <WindowIndex Value="0"/>
        <TopLine Value="245"/>
        <CursorPos X="38" Y="256"/>
        <UsageCount Value="59"/>
        <DefaultSyntaxHighlighter Value="Delphi"/>
      </Unit45>
      <Unit46>
        <Filename Value="..\..\ACBr\Fontes\ACBrSPED\ACBrSPEDFiscal\ACBrEFDBloco_C.pas"/>
        <UnitName Value="ACBrEFDBloco_C"/>
        <WindowIndex Value="0"/>
        <TopLine Value="1588"/>
        <CursorPos X="14" Y="1606"/>
        <UsageCount Value="59"/>
        <DefaultSyntaxHighlighter Value="Delphi"/>
      </Unit46>
      <Unit47>
        <Filename Value="..\..\ACBr\Fontes\ACBrSPED\ACBrSPEDFiscal\ACBrEFDBloco_D_Class.pas"/>
        <UnitName Value="ACBrEFDBloco_D_Class"/>
        <WindowIndex Value="0"/>
        <TopLine Value="138"/>
        <CursorPos X="41" Y="167"/>
        <UsageCount Value="23"/>
        <DefaultSyntaxHighlighter Value="Delphi"/>
      </Unit47>
      <Unit48>
        <Filename Value="..\..\ACBr\Fontes\ACBrSPED\ACBrSPEDFiscal\ACBrEFDBloco_D.pas"/>
        <UnitName Value="ACBrEFDBloco_D"/>
        <WindowIndex Value="0"/>
        <TopLine Value="638"/>
        <CursorPos X="5" Y="656"/>
        <UsageCount Value="23"/>
        <DefaultSyntaxHighlighter Value="Delphi"/>
      </Unit48>
      <Unit49>
        <Filename Value="..\..\ACBr\Fontes\ACBrSerial\ACBrSMS.pas"/>
        <UnitName Value="ACBrSMS"/>
        <WindowIndex Value="0"/>
        <TopLine Value="76"/>
        <CursorPos X="15" Y="92"/>
        <UsageCount Value="10"/>
        <DefaultSyntaxHighlighter Value="Delphi"/>
      </Unit49>
      <Unit50>
        <Filename Value="ACBrNFeDANFEFramework.pas"/>
        <UsageCount Value="19"/>
        <DefaultSyntaxHighlighter Value="Delphi"/>
      </Unit50>
      <Unit51>
        <Filename Value="..\..\ACBr\Fontes\ACBrNFe2\ACBrNFeNotasFiscais.pas"/>
        <UnitName Value="ACBrNFeNotasFiscais"/>
        <WindowIndex Value="0"/>
        <TopLine Value="693"/>
        <CursorPos X="22" Y="704"/>
        <UsageCount Value="54"/>
        <DefaultSyntaxHighlighter Value="Delphi"/>
      </Unit51>
      <Unit52>
        <Filename Value="C:\lazarus\fpc\2.6.0\source\rtl\objpas\classes\classesh.inc"/>
        <WindowIndex Value="0"/>
        <TopLine Value="18"/>
        <CursorPos X="4" Y="32"/>
        <UsageCount Value="10"/>
      </Unit52>
      <Unit53>
        <Filename Value="C:\lazarus\fpc\2.6.0\source\rtl\inc\wstringh.inc"/>
        <WindowIndex Value="0"/>
        <TopLine Value="11"/>
        <CursorPos X="11" Y="29"/>
        <UsageCount Value="8"/>
      </Unit53>
      <Unit54>
        <Filename Value="ACBrNFe2DANFEFramework.pas"/>
        <IsPartOfProject Value="True"/>
        <UsageCount Value="119"/>
        <DefaultSyntaxHighlighter Value="Delphi"/>
      </Unit54>
      <Unit55>
        <Filename Value="ACBrNFe2Dll.pas"/>
        <IsPartOfProject Value="True"/>
        <UnitName Value="ACBrNFe2Dll"/>
        <WindowIndex Value="0"/>
        <TopLine Value="7784"/>
        <CursorPos X="54" Y="7797"/>
        <UsageCount Value="119"/>
        <DefaultSyntaxHighlighter Value="Delphi"/>
      </Unit55>
      <Unit56>
        <Filename Value="..\..\ACBr\Fontes\ACBrNFe2\ACBrNFe.pas"/>
        <UnitName Value="ACBrNFe"/>
        <WindowIndex Value="0"/>
        <TopLine Value="43"/>
        <CursorPos X="33" Y="60"/>
        <UsageCount Value="54"/>
        <DefaultSyntaxHighlighter Value="Delphi"/>
      </Unit56>
      <Unit57>
        <Filename Value="..\..\ACBr\Fontes\ACBrNFe2\ACBrNFeConfiguracoes.pas"/>
        <UnitName Value="ACBrNFeConfiguracoes"/>
        <WindowIndex Value="0"/>
        <TopLine Value="588"/>
        <CursorPos X="16" Y="595"/>
        <UsageCount Value="20"/>
        <DefaultSyntaxHighlighter Value="Delphi"/>
      </Unit57>
      <Unit58>
        <Filename Value="..\..\ACBr\Fontes\PCN2\pcnNFe.pas"/>
        <UnitName Value="pcnNFe"/>
        <WindowIndex Value="0"/>
        <TopLine Value="691"/>
        <CursorPos X="57" Y="717"/>
        <UsageCount Value="51"/>
        <DefaultSyntaxHighlighter Value="Delphi"/>
      </Unit58>
      <Unit59>
        <Filename Value="..\..\ACBr\Fontes\ACBrComum\ACBrAAC.pas"/>
        <UnitName Value="ACBrAAC"/>
        <WindowIndex Value="0"/>
        <TopLine Value="571"/>
        <CursorPos X="45" Y="583"/>
        <UsageCount Value="8"/>
        <DefaultSyntaxHighlighter Value="Delphi"/>
      </Unit59>
      <Unit60>
        <Filename Value="..\..\ACBr\Fontes\PCN2\pcnConversao.pas"/>
        <UnitName Value="pcnConversao"/>
        <WindowIndex Value="0"/>
        <TopLine Value="116"/>
        <CursorPos X="7" Y="134"/>
        <UsageCount Value="41"/>
        <DefaultSyntaxHighlighter Value="Delphi"/>
      </Unit60>
      <Unit61>
        <Filename Value="..\..\ACBr\Fontes\ACBrPAF\ACBrPAF_R.pas"/>
        <UnitName Value="ACBrPAF_R"/>
        <EditorIndex Value="10"/>
        <WindowIndex Value="0"/>
        <TopLine Value="88"/>
        <CursorPos X="14" Y="132"/>
        <UsageCount Value="12"/>
        <Loaded Value="True"/>
        <DefaultSyntaxHighlighter Value="Delphi"/>
      </Unit61>
      <Unit62>
        <Filename Value="ACBrDISDll.pas"/>
        <UnitName Value="ACBrDISDll"/>
        <WindowIndex Value="0"/>
        <TopLine Value="1"/>
        <CursorPos X="10" Y="8"/>
        <FoldState Value=" T3j70Q4 piZjU0K3Y"/>
        <UsageCount Value="10"/>
        <DefaultSyntaxHighlighter Value="Delphi"/>
      </Unit62>
      <Unit63>
        <Filename Value="..\..\ACBr\Fontes\ACBrSerial\ACBrDIS.pas"/>
        <UnitName Value="ACBrDIS"/>
        <WindowIndex Value="0"/>
        <TopLine Value="225"/>
        <CursorPos X="62" Y="243"/>
        <UsageCount Value="10"/>
        <DefaultSyntaxHighlighter Value="Delphi"/>
      </Unit63>
      <Unit64>
        <Filename Value="C:\lazarus\fpc\2.6.0\source\rtl\objpas\types.pp"/>
        <UnitName Value="types"/>
        <WindowIndex Value="0"/>
        <TopLine Value="54"/>
        <CursorPos X="3" Y="68"/>
        <UsageCount Value="10"/>
      </Unit64>
      <Unit65>
        <Filename Value="C:\lazarus\fpc\2.6.0\source\rtl\win\wininc\struct.inc"/>
        <WindowIndex Value="0"/>
        <TopLine Value="203"/>
        <CursorPos X="1" Y="218"/>
        <UsageCount Value="10"/>
      </Unit65>
      <Unit66>
        <Filename Value="..\..\ACBr\Fontes\ACBrComum\ACBrPAFClass.pas"/>
        <UnitName Value="ACBrPAFClass"/>
        <WindowIndex Value="0"/>
        <TopLine Value="179"/>
        <CursorPos X="3" Y="147"/>
        <UsageCount Value="8"/>
        <DefaultSyntaxHighlighter Value="Delphi"/>
      </Unit66>
      <Unit67>
        <Filename Value="C:\lazarus\fpc\2.6.2\source\rtl\objpas\objpas.pp"/>
        <UnitName Value="objpas"/>
        <WindowIndex Value="0"/>
        <TopLine Value="10"/>
        <CursorPos X="8" Y="28"/>
        <UsageCount Value="8"/>
      </Unit67>
      <Unit68>
        <Filename Value="C:\lazarus\fpc\2.6.2\source\rtl\inc\objpash.inc"/>
        <WindowIndex Value="0"/>
        <TopLine Value="174"/>
        <CursorPos X="23" Y="192"/>
        <UsageCount Value="8"/>
      </Unit68>
      <Unit69>
        <Filename Value="C:\lazarus\fpc\2.6.2\source\rtl\objpas\sysutils\sysstrh.inc"/>
        <WindowIndex Value="0"/>
        <TopLine Value="95"/>
        <CursorPos X="10" Y="113"/>
        <UsageCount Value="8"/>
      </Unit69>
      <Unit70>
        <Filename Value="..\..\ACBr\Fontes\ACBrTEFD\ACBrTEFDCliSiTef.pas"/>
        <UnitName Value="ACBrTEFDCliSiTef"/>
        <WindowIndex Value="0"/>
        <TopLine Value="207"/>
        <CursorPos X="15" Y="233"/>
        <UsageCount Value="9"/>
        <DefaultSyntaxHighlighter Value="Delphi"/>
      </Unit70>
      <Unit71>
        <Filename Value="C:\lazarus\fpc\2.6.2\source\rtl\objpas\classes\classesh.inc"/>
        <WindowIndex Value="0"/>
        <TopLine Value="560"/>
        <CursorPos X="14" Y="573"/>
        <UsageCount Value="10"/>
      </Unit71>
      <Unit72>
        <Filename Value="..\..\ACBr\Fontes\ACBrComum\OpenSSL.pas"/>
        <UnitName Value="OpenSSL"/>
        <WindowIndex Value="0"/>
        <TopLine Value="982"/>
        <CursorPos X="69" Y="993"/>
        <UsageCount Value="9"/>
        <DefaultSyntaxHighlighter Value="Delphi"/>
      </Unit72>
      <Unit73>
        <Filename Value="..\..\ACBr\Fontes\ACBrComum\ACBrDFeUtil.pas"/>
        <UnitName Value="ACBrDFeUtil"/>
        <WindowIndex Value="0"/>
        <TopLine Value="67"/>
        <CursorPos X="38" Y="55"/>
        <UsageCount Value="10"/>
        <DefaultSyntaxHighlighter Value="Delphi"/>
      </Unit73>
      <Unit74>
        <Filename Value="..\..\ACBr\Fontes\PCN2\pcnLeitor.pas"/>
        <UnitName Value="pcnLeitor"/>
        <WindowIndex Value="0"/>
        <TopLine Value="40"/>
        <CursorPos X="1" Y="1"/>
        <UsageCount Value="9"/>
        <DefaultSyntaxHighlighter Value="Delphi"/>
      </Unit74>
      <Unit75>
        <Filename Value="..\..\ACBr\Fontes\ACBrComum\ACBrUtil.pas"/>
        <UnitName Value="ACBrUtil"/>
        <WindowIndex Value="0"/>
        <TopLine Value="88"/>
        <CursorPos X="1" Y="1"/>
        <UsageCount Value="9"/>
        <DefaultSyntaxHighlighter Value="Delphi"/>
      </Unit75>
      <Unit76>
        <Filename Value="..\..\ACBr\Fontes\PCN2\pcnSignature.pas"/>
        <UnitName Value="pcnSignature"/>
        <WindowIndex Value="0"/>
        <TopLine Value="33"/>
        <CursorPos X="5" Y="59"/>
        <UsageCount Value="9"/>
        <DefaultSyntaxHighlighter Value="Delphi"/>
      </Unit76>
      <Unit77>
        <Filename Value="..\..\ACBr\Fontes\ACBrNFe2\ACBrNFeUtil.pas"/>
        <UnitName Value="ACBrNFeUtil"/>
        <WindowIndex Value="0"/>
        <TopLine Value="37"/>
        <CursorPos X="42" Y="52"/>
        <UsageCount Value="10"/>
        <DefaultSyntaxHighlighter Value="Delphi"/>
      </Unit77>
      <Unit78>
        <Filename Value="C:\lazarus\fpc\2.6.2\source\packages\winunits-jedi\src\jwawincrypt.pas"/>
        <UnitName Value="JwaWinCrypt"/>
        <WindowIndex Value="0"/>
        <TopLine Value="133"/>
        <CursorPos X="1" Y="1"/>
        <UsageCount Value="9"/>
      </Unit78>
      <Unit79>
        <Filename Value="C:\lazarus\fpc\2.6.2\source\rtl\inc\variants.pp"/>
        <UnitName Value="variants"/>
        <WindowIndex Value="0"/>
        <TopLine Value="40"/>
        <CursorPos X="1" Y="1"/>
        <UsageCount Value="9"/>
      </Unit79>
      <Unit80>
        <Filename Value="..\..\ACBr\Fontes\ACBrNFe2\ACBrNFeWebServices.pas"/>
        <UnitName Value="ACBrNFeWebServices"/>
        <WindowIndex Value="0"/>
        <TopLine Value="87"/>
        <CursorPos X="5" Y="105"/>
        <UsageCount Value="10"/>
        <DefaultSyntaxHighlighter Value="Delphi"/>
      </Unit80>
      <Unit81>
        <Filename Value="..\..\ACBr\Fontes\PCN2\pcnNFeW.pas"/>
        <UnitName Value="pcnNFeW"/>
        <WindowIndex Value="0"/>
        <TopLine Value="49"/>
        <CursorPos X="14" Y="132"/>
        <UsageCount Value="10"/>
        <DefaultSyntaxHighlighter Value="Delphi"/>
      </Unit81>
      <Unit82>
        <Filename Value="..\..\ACBr\Fontes\PCN2\pcnAuxiliar.pas"/>
        <UnitName Value="pcnAuxiliar"/>
        <WindowIndex Value="0"/>
        <TopLine Value="145"/>
        <CursorPos X="1" Y="1"/>
        <UsageCount Value="12"/>
        <DefaultSyntaxHighlighter Value="Delphi"/>
      </Unit82>
      <Unit83>
        <Filename Value="..\..\ACBr\Fontes\PCN2\pcnLayoutTXT.pas"/>
        <UnitName Value="pcnLayoutTXT"/>
        <WindowIndex Value="0"/>
        <TopLine Value="1"/>
        <CursorPos X="50" Y="2"/>
        <UsageCount Value="10"/>
        <DefaultSyntaxHighlighter Value="Delphi"/>
      </Unit83>
      <Unit84>
        <Filename Value="C:\lazarus\fpc\2.6.2\source\rtl\objpas\sysutils\sysutilh.inc"/>
        <WindowIndex Value="0"/>
        <TopLine Value="199"/>
        <CursorPos X="14" Y="214"/>
        <UsageCount Value="10"/>
      </Unit84>
      <Unit85>
        <Filename Value="..\..\ACBr\Fontes\ACBrSerial\ACBrECFYanco.pas"/>
        <UnitName Value="ACBrECFYanco"/>
        <WindowIndex Value="0"/>
        <TopLine Value="41"/>
        <CursorPos X="1" Y="1"/>
        <UsageCount Value="10"/>
        <DefaultSyntaxHighlighter Value="Delphi"/>
      </Unit85>
      <Unit86>
        <Filename Value="..\..\ACBr\Fontes\ACBrSerial\ACBrECFBematech.pas"/>
        <UnitName Value="ACBrECFBematech"/>
        <WindowIndex Value="0"/>
        <TopLine Value="436"/>
        <CursorPos X="12" Y="445"/>
        <UsageCount Value="10"/>
        <DefaultSyntaxHighlighter Value="Delphi"/>
      </Unit86>
      <Unit87>
        <Filename Value="..\..\ACBr\Fontes\ACBrSerial\ACBrECFDaruma.pas"/>
        <UnitName Value="ACBrECFDaruma"/>
        <WindowIndex Value="0"/>
        <TopLine Value="4741"/>
        <CursorPos X="12" Y="4771"/>
        <UsageCount Value="10"/>
        <DefaultSyntaxHighlighter Value="Delphi"/>
      </Unit87>
      <Unit88>
        <Filename Value="..\..\ACBr\Fontes\ACBrSerial\ACBrECFDataRegis.pas"/>
        <UnitName Value="ACBrECFDataRegis"/>
        <WindowIndex Value="0"/>
        <TopLine Value="302"/>
        <CursorPos X="13" Y="332"/>
        <UsageCount Value="10"/>
        <DefaultSyntaxHighlighter Value="Delphi"/>
      </Unit88>
      <Unit89>
        <Filename Value="..\..\ACBr\Fontes\ACBrSerial\ACBrECFEpson.pas"/>
        <UnitName Value="ACBrECFEpson"/>
        <WindowIndex Value="0"/>
        <TopLine Value="352"/>
        <CursorPos X="13" Y="382"/>
        <UsageCount Value="10"/>
        <DefaultSyntaxHighlighter Value="Delphi"/>
      </Unit89>
      <Unit90>
        <Filename Value="..\..\ACBr\Fontes\ACBrSerial\ACBrECFEscECF.pas"/>
        <UnitName Value="ACBrECFEscECF"/>
        <WindowIndex Value="0"/>
        <TopLine Value="348"/>
        <CursorPos X="12" Y="378"/>
        <UsageCount Value="10"/>
        <DefaultSyntaxHighlighter Value="Delphi"/>
      </Unit90>
      <Unit91>
        <Filename Value="..\..\ACBr\Fontes\ACBrSerial\ACBrECFFiscNET.pas"/>
        <UnitName Value="ACBrECFFiscNET"/>
        <WindowIndex Value="0"/>
        <TopLine Value="328"/>
        <CursorPos X="13" Y="358"/>
        <UsageCount Value="10"/>
        <DefaultSyntaxHighlighter Value="Delphi"/>
      </Unit91>
      <Unit92>
        <Filename Value="..\..\ACBr\Fontes\ACBrSerial\ACBrECFICash.pas"/>
        <UnitName Value="ACBrECFICash"/>
        <WindowIndex Value="0"/>
        <TopLine Value="167"/>
        <CursorPos X="12" Y="197"/>
        <UsageCount Value="10"/>
        <DefaultSyntaxHighlighter Value="Delphi"/>
      </Unit92>
      <Unit93>
        <Filename Value="..\..\ACBr\Fontes\ACBrSerial\ACBrECFMecaf.pas"/>
        <UnitName Value="ACBrECFMecaf"/>
        <WindowIndex Value="0"/>
        <TopLine Value="206"/>
        <CursorPos X="12" Y="236"/>
        <UsageCount Value="10"/>
        <DefaultSyntaxHighlighter Value="Delphi"/>
      </Unit93>
      <Unit94>
        <Filename Value="..\..\ACBr\Fontes\ACBrSerial\ACBrECFNaoFiscal.pas"/>
        <UnitName Value="ACBrECFNaoFiscal"/>
        <WindowIndex Value="0"/>
        <TopLine Value="64"/>
        <CursorPos X="15" Y="94"/>
        <UsageCount Value="10"/>
        <DefaultSyntaxHighlighter Value="Delphi"/>
      </Unit94>
      <Unit95>
        <Filename Value="..\..\ACBr\Fontes\ACBrSerial\ACBrECFNCR.pas"/>
        <UnitName Value="ACBrECFNCR"/>
        <WindowIndex Value="0"/>
        <TopLine Value="210"/>
        <CursorPos X="9" Y="240"/>
        <UsageCount Value="10"/>
        <DefaultSyntaxHighlighter Value="Delphi"/>
      </Unit95>
      <Unit96>
        <Filename Value="..\..\ACBr\Fontes\ACBrSerial\ACBrECFQuattro.pas"/>
        <UnitName Value="ACBrECFQuattro"/>
        <WindowIndex Value="0"/>
        <TopLine Value="172"/>
        <CursorPos X="13" Y="202"/>
        <UsageCount Value="10"/>
        <DefaultSyntaxHighlighter Value="Delphi"/>
      </Unit96>
      <Unit97>
        <Filename Value="..\..\ACBr\Fontes\ACBrSerial\ACBrECFSchalter.pas"/>
        <UnitName Value="ACBrECFSchalter"/>
        <WindowIndex Value="0"/>
        <TopLine Value="191"/>
        <CursorPos X="12" Y="221"/>
        <UsageCount Value="10"/>
        <DefaultSyntaxHighlighter Value="Delphi"/>
      </Unit97>
      <Unit98>
        <Filename Value="..\..\ACBr\Fontes\ACBrSerial\ACBrECFSweda.pas"/>
        <UnitName Value="ACBrECFSweda"/>
        <WindowIndex Value="0"/>
        <TopLine Value="3389"/>
        <CursorPos X="10" Y="3419"/>
        <UsageCount Value="10"/>
        <DefaultSyntaxHighlighter Value="Delphi"/>
      </Unit98>
      <Unit99>
        <Filename Value="..\..\ACBr\Fontes\ACBrSerial\ACBrECFSwedaSTX.pas"/>
        <UnitName Value="ACBrECFSwedaSTX"/>
        <WindowIndex Value="0"/>
        <TopLine Value="273"/>
        <CursorPos X="11" Y="303"/>
        <UsageCount Value="10"/>
        <DefaultSyntaxHighlighter Value="Delphi"/>
      </Unit99>
      <Unit100>
        <Filename Value="..\..\ACBr\Fontes\ACBrSerial\ACBrECFUrano.pas"/>
        <UnitName Value="ACBrECFUrano"/>
        <WindowIndex Value="0"/>
        <TopLine Value="171"/>
        <CursorPos X="13" Y="201"/>
        <UsageCount Value="10"/>
        <DefaultSyntaxHighlighter Value="Delphi"/>
      </Unit100>
      <Unit101>
        <Filename Value="C:\lazarus\components\lazutils\lazfileutils.pas"/>
        <UnitName Value="LazFileUtils"/>
        <WindowIndex Value="0"/>
        <TopLine Value="27"/>
        <CursorPos X="57" Y="37"/>
        <UsageCount Value="10"/>
      </Unit101>
      <Unit102>
        <Filename Value="..\..\ACBr\Fontes\ACBrSerial\ACBrDevice.pas"/>
        <UnitName Value="ACBrDevice"/>
        <WindowIndex Value="0"/>
        <TopLine Value="102"/>
        <CursorPos X="30" Y="120"/>
        <UsageCount Value="11"/>
        <DefaultSyntaxHighlighter Value="Delphi"/>
      </Unit102>
      <Unit103>
        <Filename Value="..\..\ACBr\Fontes\ACBrTCP\ACBrIBGE.pas"/>
        <UnitName Value="ACBrIBGE"/>
        <EditorIndex Value="11"/>
        <WindowIndex Value="0"/>
        <TopLine Value="85"/>
        <CursorPos X="21" Y="108"/>
        <UsageCount Value="12"/>
        <Loaded Value="True"/>
        <DefaultSyntaxHighlighter Value="Delphi"/>
      </Unit103>
      <Unit104>
        <Filename Value="..\..\ACBr\Fontes\ACBrPAF\ACBrPAF_R_Class.pas"/>
        <UnitName Value="ACBrPAF_R_Class"/>
        <EditorIndex Value="9"/>
        <WindowIndex Value="0"/>
        <TopLine Value="50"/>
        <CursorPos X="14" Y="91"/>
        <UsageCount Value="12"/>
        <Loaded Value="True"/>
        <DefaultSyntaxHighlighter Value="Delphi"/>
      </Unit104>
      <Unit105>
        <Filename Value="..\..\ACBr\Fontes\ACBrPAF\ACBrPAF.pas"/>
        <UnitName Value="ACBrPAF"/>
        <EditorIndex Value="6"/>
        <WindowIndex Value="0"/>
        <TopLine Value="168"/>
        <CursorPos X="3" Y="83"/>
        <UsageCount Value="12"/>
        <Loaded Value="True"/>
        <DefaultSyntaxHighlighter Value="Delphi"/>
      </Unit105>
    </Units>
    <JumpHistory Count="25" HistoryIndex="24">
      <Position1>
        <Filename Value="ACBrPAFDll.pas"/>
        <Caret Line="1257" Column="4" TopLine="1247"/>
      </Position1>
      <Position2>
        <Filename Value="ACBrPAFDll.pas"/>
        <Caret Line="1258" Column="4" TopLine="1247"/>
      </Position2>
      <Position3>
        <Filename Value="ACBrPAFDll.pas"/>
        <Caret Line="1259" Column="4" TopLine="1247"/>
      </Position3>
      <Position4>
        <Filename Value="ACBrPAFDll.pas"/>
        <Caret Line="1260" Column="4" TopLine="1247"/>
      </Position4>
      <Position5>
        <Filename Value="ACBrPAFDll.pas"/>
        <Caret Line="1261" Column="4" TopLine="1247"/>
      </Position5>
      <Position6>
        <Filename Value="ACBrPAFDll.pas"/>
        <Caret Line="1262" Column="4" TopLine="1247"/>
      </Position6>
      <Position7>
        <Filename Value="ACBrPAFDll.pas"/>
        <Caret Line="1263" Column="4" TopLine="1247"/>
      </Position7>
      <Position8>
        <Filename Value="ACBrPAFDll.pas"/>
        <Caret Line="1264" Column="4" TopLine="1247"/>
      </Position8>
      <Position9>
        <Filename Value="ACBrPAFDll.pas"/>
        <Caret Line="1265" Column="4" TopLine="1247"/>
      </Position9>
      <Position10>
        <Filename Value="ACBrPAFDll.pas"/>
        <Caret Line="1266" Column="4" TopLine="1247"/>
      </Position10>
      <Position11>
        <Filename Value="ACBrPAFDll.pas"/>
        <Caret Line="1267" Column="4" TopLine="1247"/>
      </Position11>
      <Position12>
        <Filename Value="ACBrPAFDll.pas"/>
        <Caret Line="1268" Column="4" TopLine="1247"/>
      </Position12>
      <Position13>
        <Filename Value="ACBrPAFDll.pas"/>
        <Caret Line="1269" Column="4" TopLine="1247"/>
      </Position13>
      <Position14>
        <Filename Value="ACBrPAFDll.pas"/>
        <Caret Line="1270" Column="4" TopLine="1247"/>
      </Position14>
      <Position15>
        <Filename Value="ACBrPAFDll.pas"/>
        <Caret Line="1271" Column="4" TopLine="1247"/>
      </Position15>
      <Position16>
        <Filename Value="..\..\ACBr\Fontes\ACBrPAF\ACBrPAF_R.pas"/>
        <Caret Line="54" Column="3" TopLine="36"/>
      </Position16>
      <Position17>
        <Filename Value="..\..\ACBr\Fontes\ACBrPAF\ACBrPAF_R.pas"/>
        <Caret Line="173" Column="3" TopLine="155"/>
      </Position17>
      <Position18>
        <Filename Value="ACBrPAFDll.pas"/>
        <Caret Line="1278" Column="9" TopLine="1226"/>
      </Position18>
      <Position19>
        <Filename Value="ACBrPAFDll.pas"/>
        <Caret Line="1395" Column="30" TopLine="1226"/>
      </Position19>
      <Position20>
        <Filename Value="ACBrECFDll.pas"/>
        <Caret Line="7343" Column="30" TopLine="5954"/>
      </Position20>
      <Position21>
        <Filename Value="ACBrECFDll.pas"/>
        <Caret Line="209" Column="3" TopLine="40"/>
      </Position21>
      <Position22>
        <Filename Value="ACBrECFDll.pas"/>
        <Caret Line="7380" Column="1" TopLine="5802"/>
      </Position22>
      <Position23>
        <Filename Value="ACBrECFDll.pas"/>
        <Caret Line="7783" Column="1" TopLine="7675"/>
      </Position23>
      <Position24>
        <Filename Value="ACBrPAFDll.pas"/>
        <Caret Line="26" Column="3" TopLine="8"/>
      </Position24>
      <Position25>
        <Filename Value="..\..\ACBr\Fontes\ACBrPAF\ACBrPAF_R_Class.pas"/>
        <Caret Line="91" Column="21" TopLine="62"/>
      </Position25>
    </JumpHistory>
    <CustomSessionData Count="2">
      <Item0 Name="SVN active" Value="-1"/>
      <Item1 Name="SVN repository" Value="..\..\ACBrFramework"/>
    </CustomSessionData>
  </ProjectOptions>
  <CompilerOptions>
    <Version Value="11"/>
    <PathDelim Value="\"/>
    <Target>
      <Filename Value="x86\ACBrFramework32"/>
    </Target>
    <SearchPaths>
      <IncludeFiles Value="$(ProjOutDir);..\..\ACBr\Fontes\ACBrComum"/>
      <OtherUnitFiles Value="..\..\ACBr\Fontes\ACBrSerial;..\..\ACBr\Fontes\ACBrTCP;..\..\ACBr\Fontes\ACBrComum;..\..\ACBr\Fontes\ACBrDiversos;..\..\ACBr\Fontes\ACBrPAF;..\..\ACBr\Fontes\ACBrSintegra;..\..\ACBr\Fontes\ACBrTEFD;..\..\ACBr\Fontes\ACBrSPED;..\..\ACBr\Fontes\ACBrSPED\ACBrSPEDFiscal;..\..\ACBr\Fontes\ACBrNFe2;..\..\ACBr\Fontes\PCN2;..\..\ACBr\Fontes\synalist"/>
      <UnitOutputDirectory Value="lib\$(TargetCPU)-$(TargetOS)"/>
    </SearchPaths>
    <Parsing>
      <SyntaxOptions>
        <SyntaxMode Value="Delphi"/>
      </SyntaxOptions>
    </Parsing>
    <CodeGeneration>
      <SmartLinkUnit Value="True"/>
      <TargetCPU Value="i386"/>
      <TargetOS Value="win32"/>
      <Optimizations>
        <OptimizationLevel Value="3"/>
      </Optimizations>
    </CodeGeneration>
    <Linking>
      <Debugging>
        <GenerateDebugInfo Value="False"/>
        <UseLineInfoUnit Value="False"/>
        <StripSymbols Value="True"/>
      </Debugging>
      <LinkSmart Value="True"/>
      <Options>
        <ExecutableType Value="Library"/>
      </Options>
    </Linking>
    <Other>
      <CompilerMessages>
        <UseMsgFile Value="True"/>
      </CompilerMessages>
      <CustomOptions Value="-dNOGUI -dFRAMEWORK -dCDECL"/>
      <CompilerPath Value="$(CompPath)"/>
    </Other>
  </CompilerOptions>
  <Debugging>
    <Exceptions Count="3">
      <Item1>
        <Name Value="EAbort"/>
      </Item1>
      <Item2>
        <Name Value="ECodetoolError"/>
      </Item2>
      <Item3>
        <Name Value="EFOpenError"/>
      </Item3>
    </Exceptions>
  </Debugging>
  <EditorMacros Count="0"/>
</CONFIG>
