<?xml version="1.0"?>
<CONFIG>
  <ProjectOptions>
    <Version Value="9"/>
    <PathDelim Value="\"/>
    <General>
      <Flags>
        <MainUnitHasUsesSectionForAllUnits Value="False"/>
        <MainUnitHasCreateFormStatements Value="False"/>
        <MainUnitHasTitleStatement Value="False"/>
      </Flags>
      <MainUnit Value="0"/>
      <Title Value="ACBrFramework32"/>
      <UseAppBundle Value="False"/>
      <ResourceType Value="res"/>
      <ActiveWindowIndexAtStart Value="0"/>
    </General>
    <i18n>
      <EnableI18N LFM="False"/>
    </i18n>
    <VersionInfo>
      <UseVersionInfo Value="True"/>
      <MinorVersionNr Value="9"/>
      <RevisionNr Value="2"/>
      <BuildNr Value="8"/>
      <Language Value="0416"/>
      <StringTable CompanyName="Projeto: Componentes ACBr " FileDescription="Projeto: Componentes ACBr " ProductName="ACBrFramework" ProductVersion="ACBrFramework"/>
    </VersionInfo>
    <BuildModes Count="1" Active="Default">
      <Item1 Name="Default" Default="True"/>
    </BuildModes>
    <PublishOptions>
      <Version Value="2"/>
      <IncludeFileFilter Value="*.(pas|pp|inc|lfm|lpr|lrs|lpi|lpk|sh|xml)"/>
      <ExcludeFileFilter Value="*.(bak|ppu|ppw|o|so);*~;backup"/>
    </PublishOptions>
    <RunParams>
      <local>
        <FormatVersion Value="1"/>
      </local>
    </RunParams>
    <RequiredPackages Count="1">
      <Item1>
        <PackageName Value="LazUtils"/>
      </Item1>
    </RequiredPackages>
    <Units Count="73">
      <Unit0>
        <Filename Value="ACBrFramework.lpr"/>
        <IsPartOfProject Value="True"/>
        <EditorIndex Value="4"/>
        <WindowIndex Value="0"/>
        <TopLine Value="1"/>
        <CursorPos X="25" Y="13"/>
        <UsageCount Value="200"/>
        <Loaded Value="True"/>
        <DefaultSyntaxHighlighter Value="Delphi"/>
      </Unit0>
      <Unit1>
        <Filename Value="ACBrCommonDll.pas"/>
        <IsPartOfProject Value="True"/>
        <UnitName Value="ACBrCommonDll"/>
        <WindowIndex Value="0"/>
        <TopLine Value="1"/>
        <CursorPos X="1" Y="8"/>
        <UsageCount Value="211"/>
        <DefaultSyntaxHighlighter Value="Delphi"/>
      </Unit1>
      <Unit2>
        <Filename Value="ACBrECFDll.pas"/>
        <IsPartOfProject Value="True"/>
        <UnitName Value="ACBrECFDll"/>
        <WindowIndex Value="0"/>
        <TopLine Value="1654"/>
        <CursorPos X="55" Y="1678"/>
        <ExtraEditorCount Value="1"/>
        <ExtraEditor1>
          <WindowIndex Value="0"/>
          <TopLine Value="40"/>
          <CursorPos X="3" Y="209"/>
          <FoldState Value=" TJG2L1 pkZlR2h]9jHkN2#oW p0yT2#ie]9sb2}O[b47oU2#+I]J!F2{8]JoVqc2~![v48qb2~s[A40qA2}q]AnSsa2_V[x4Lt82i2 p\H!O2{7[d4cm12{2]KlHnK[{i6TkX2{J012 T3ljg0f4]L3kF0J311#"/>
        </ExtraEditor1>
        <UsageCount Value="201"/>
        <DefaultSyntaxHighlighter Value="Delphi"/>
      </Unit2>
      <Unit3>
        <Filename Value="..\..\ACBr\Fontes\ACBrSerial\ACBrBALClass.pas"/>
        <UnitName Value="ACBrBALClass"/>
        <WindowIndex Value="0"/>
        <TopLine Value="43"/>
        <CursorPos X="59" Y="49"/>
        <UsageCount Value="15"/>
        <DefaultSyntaxHighlighter Value="Delphi"/>
      </Unit3>
      <Unit4>
        <Filename Value="ACBrBALDll.pas"/>
        <IsPartOfProject Value="True"/>
        <UnitName Value="ACBrBALDll"/>
        <WindowIndex Value="0"/>
        <TopLine Value="1"/>
        <CursorPos X="10" Y="8"/>
        <UsageCount Value="201"/>
        <DefaultSyntaxHighlighter Value="Delphi"/>
      </Unit4>
      <Unit5>
        <Filename Value="ACBrLCBDll.pas"/>
        <IsPartOfProject Value="True"/>
        <UnitName Value="ACBrLCBDll"/>
        <WindowIndex Value="0"/>
        <TopLine Value="1"/>
        <CursorPos X="16" Y="8"/>
        <UsageCount Value="200"/>
        <DefaultSyntaxHighlighter Value="Delphi"/>
      </Unit5>
      <Unit6>
        <Filename Value="..\..\ACBr\Fontes\ACBrSerial\ACBrECF.pas"/>
        <UnitName Value="ACBrECF"/>
        <WindowIndex Value="0"/>
        <TopLine Value="2983"/>
        <CursorPos X="53" Y="2990"/>
        <UsageCount Value="99"/>
        <DefaultSyntaxHighlighter Value="Delphi"/>
      </Unit6>
      <Unit7>
        <Filename Value="..\..\ACBr\Fontes\ACBrSerial\ACBrECFClass.pas"/>
        <UnitName Value="ACBrECFClass"/>
        <WindowIndex Value="0"/>
        <TopLine Value="75"/>
        <CursorPos X="7" Y="102"/>
        <UsageCount Value="78"/>
        <DefaultSyntaxHighlighter Value="Delphi"/>
      </Unit7>
      <Unit8>
        <Filename Value="..\..\ACBr\Fontes\ACBrSerial\ACBrBAL.pas"/>
        <UnitName Value="ACBrBAL"/>
        <WindowIndex Value="0"/>
        <TopLine Value="97"/>
        <CursorPos X="15" Y="114"/>
        <UsageCount Value="13"/>
        <DefaultSyntaxHighlighter Value="Delphi"/>
      </Unit8>
      <Unit9>
        <Filename Value="ACBrAACDll.pas"/>
        <IsPartOfProject Value="True"/>
        <UnitName Value="ACBrAACDLL"/>
        <WindowIndex Value="0"/>
        <TopLine Value="1529"/>
        <CursorPos X="1" Y="1169"/>
        <FoldState Value=" TJiT2{J1 ps4uM2}Q]AjUoC2{L[A4AlU2{F]An2pG2~o2 pl6sE2~)]K0.e2#j8]9t52o1 T3*90N3C2E]JxP0K3S[94f0J4 piZjL0K[96M0J[II1w"/>
        <UsageCount Value="200"/>
        <DefaultSyntaxHighlighter Value="Delphi"/>
      </Unit9>
      <Unit10>
        <Filename Value="ACBrPAFDll.pas"/>
        <IsPartOfProject Value="True"/>
        <UnitName Value="ACBrPAFDll"/>
        <WindowIndex Value="0"/>
        <TopLine Value="1321"/>
        <CursorPos X="55" Y="1325"/>
        <FoldState Value=" TCYN65 piajBM6815 TJoU2{H1 T3r30N2B2C"/>
        <UsageCount Value="225"/>
        <DefaultSyntaxHighlighter Value="Delphi"/>
      </Unit10>
      <Unit11>
        <Filename Value="..\..\ACBr\Fontes\ACBrTEFD\ACBrTEFDClass.pas"/>
        <UnitName Value="ACBrTEFDClass"/>
        <WindowIndex Value="0"/>
        <TopLine Value="25"/>
        <CursorPos X="1" Y="43"/>
        <UsageCount Value="2"/>
        <DefaultSyntaxHighlighter Value="Delphi"/>
      </Unit11>
      <Unit12>
        <Filename Value="..\..\ACBr\Fontes\ACBrTEFD\ACBrTEFD.pas"/>
        <UnitName Value="ACBrTEFD"/>
        <WindowIndex Value="0"/>
        <TopLine Value="37"/>
        <CursorPos X="6" Y="130"/>
        <UsageCount Value="10"/>
        <DefaultSyntaxHighlighter Value="Delphi"/>
      </Unit12>
      <Unit13>
        <Filename Value="..\..\ACBr\Fontes\ACBrSPED\ACBrSped.pas"/>
        <UnitName Value="ACBrSped"/>
        <WindowIndex Value="0"/>
        <TopLine Value="11"/>
        <CursorPos X="3" Y="52"/>
        <UsageCount Value="94"/>
        <DefaultSyntaxHighlighter Value="Delphi"/>
      </Unit13>
      <Unit14>
        <Filename Value="ACBrEADDll.pas"/>
        <IsPartOfProject Value="True"/>
        <UnitName Value="ACBrEADDll"/>
        <WindowIndex Value="0"/>
        <TopLine Value="1"/>
        <CursorPos X="6" Y="12"/>
        <UsageCount Value="201"/>
        <DefaultSyntaxHighlighter Value="Delphi"/>
      </Unit14>
      <Unit15>
        <Filename Value="..\..\ACBr\Fontes\ACBrComum\ACBrEAD.pas"/>
        <UnitName Value="ACBrEAD"/>
        <WindowIndex Value="0"/>
        <TopLine Value="116"/>
        <CursorPos X="15" Y="129"/>
        <UsageCount Value="8"/>
        <DefaultSyntaxHighlighter Value="Delphi"/>
      </Unit15>
      <Unit16>
        <Filename Value="ACBrSintegraDll.pas"/>
        <IsPartOfProject Value="True"/>
        <UnitName Value="ACBrSintegraDll"/>
        <WindowIndex Value="0"/>
        <TopLine Value="31"/>
        <CursorPos X="9" Y="45"/>
        <UsageCount Value="200"/>
        <DefaultSyntaxHighlighter Value="Delphi"/>
      </Unit16>
      <Unit17>
        <Filename Value="C:\lazarus\fpc\2.6.0\source\rtl\inc\objpash.inc"/>
        <WindowIndex Value="0"/>
        <TopLine Value="174"/>
        <CursorPos X="23" Y="192"/>
        <UsageCount Value="9"/>
      </Unit17>
      <Unit18>
        <Filename Value="ACBrDeviceDll.pas"/>
        <IsPartOfProject Value="True"/>
        <UnitName Value="ACBrDeviceDll"/>
        <WindowIndex Value="0"/>
        <TopLine Value="495"/>
        <CursorPos X="56" Y="517"/>
        <UsageCount Value="203"/>
        <DefaultSyntaxHighlighter Value="Delphi"/>
      </Unit18>
      <Unit19>
        <Filename Value="ACBrSpedDll.pas"/>
        <IsPartOfProject Value="True"/>
        <UnitName Value="ACBrSpedDll"/>
        <WindowIndex Value="0"/>
        <TopLine Value="804"/>
        <CursorPos X="12" Y="834"/>
        <FoldState Value=" TJG2{%1 pm5pb2B TCqTQT4{"/>
        <UsageCount Value="211"/>
        <DefaultSyntaxHighlighter Value="Delphi"/>
      </Unit19>
      <Unit20>
        <Filename Value="ACBrSpedFiscalDll.pas"/>
        <IsPartOfProject Value="True"/>
        <UnitName Value="ACBrSpedFiscaldll"/>
        <WindowIndex Value="0"/>
        <TopLine Value="3680"/>
        <CursorPos X="19" Y="3688"/>
        <UsageCount Value="204"/>
        <DefaultSyntaxHighlighter Value="Delphi"/>
      </Unit20>
      <Unit21>
        <Filename Value="..\..\ACBr\Fontes\ACBrSPED\ACBrSPEDFiscal\ACBrSpedFiscal.pas"/>
        <UnitName Value="ACBrSpedFiscal"/>
        <WindowIndex Value="0"/>
        <TopLine Value="161"/>
        <CursorPos X="3" Y="71"/>
        <UsageCount Value="93"/>
        <DefaultSyntaxHighlighter Value="Delphi"/>
      </Unit21>
      <Unit22>
        <Filename Value="ACBrTEFDll.pas"/>
        <IsPartOfProject Value="True"/>
        <UnitName Value="ACBrTEFDll"/>
        <WindowIndex Value="0"/>
        <TopLine Value="4490"/>
        <CursorPos X="28" Y="4640"/>
        <FoldState Value=" TJlV2#n4 p0x12~}1 plEt92#sA]J;72#,Q]9%N2{k T3jlU0M]jifjU0K[96S[I6bjQ0Q[94djW[R6ZjM0J]9j1]jS1,"/>
        <ExtraEditorCount Value="1"/>
        <ExtraEditor1>
          <WindowIndex Value="0"/>
          <TopLine Value="870"/>
          <CursorPos X="1" Y="891"/>
          <FoldState Value=" TJD2L2 T3lX0J4 pibjN0L[96P0J5 pj5ja0I[947jb[a6cjO0J3a"/>
        </ExtraEditor1>
        <UsageCount Value="220"/>
        <DefaultSyntaxHighlighter Value="Delphi"/>
      </Unit22>
      <Unit23>
        <Filename Value="ACBrCNIEEDll.pas"/>
        <IsPartOfProject Value="True"/>
        <UnitName Value="ACBrCNIEEDll"/>
        <WindowIndex Value="0"/>
        <TopLine Value="516"/>
        <CursorPos X="10" Y="637"/>
        <UsageCount Value="231"/>
        <DefaultSyntaxHighlighter Value="Delphi"/>
      </Unit23>
      <Unit24>
        <Filename Value="..\..\ACBr\Fontes\ACBrTCP\ACBrSocket.pas"/>
        <UnitName Value="ACBrSocket"/>
        <WindowIndex Value="0"/>
        <TopLine Value="194"/>
        <CursorPos X="15" Y="199"/>
        <UsageCount Value="10"/>
        <DefaultSyntaxHighlighter Value="Delphi"/>
      </Unit24>
      <Unit25>
        <Filename Value="C:\lazarus\fpc\2.6.0\source\rtl\inc\objpas.inc"/>
        <WindowIndex Value="0"/>
        <TopLine Value="185"/>
        <CursorPos X="9" Y="271"/>
        <UsageCount Value="9"/>
      </Unit25>
      <Unit26>
        <Filename Value="..\..\ACBr\Fontes\ACBrSPED\ACBrSPEDFiscal\ACBrEFDBloco_0_Class.pas"/>
        <UnitName Value="ACBrEFDBloco_0_Class"/>
        <WindowIndex Value="0"/>
        <TopLine Value="112"/>
        <CursorPos X="14" Y="129"/>
        <UsageCount Value="25"/>
        <DefaultSyntaxHighlighter Value="Delphi"/>
      </Unit26>
      <Unit27>
        <Filename Value="..\..\ACBr\Fontes\ACBrSPED\ACBrSPEDFiscal\ACBrEFDBloco_0.pas"/>
        <UnitName Value="ACBrEFDBloco_0"/>
        <WindowIndex Value="0"/>
        <TopLine Value="605"/>
        <CursorPos X="14" Y="618"/>
        <UsageCount Value="27"/>
        <DefaultSyntaxHighlighter Value="Delphi"/>
      </Unit27>
      <Unit28>
        <Filename Value="..\..\ACBr\Fontes\ACBrSPED\ACBrSPEDFiscal\ACBrEFDBlocos.pas"/>
        <UnitName Value="ACBrEFDBlocos"/>
        <WindowIndex Value="0"/>
        <TopLine Value="212"/>
        <CursorPos X="3" Y="225"/>
        <UsageCount Value="36"/>
        <DefaultSyntaxHighlighter Value="Delphi"/>
      </Unit28>
      <Unit29>
        <Filename Value="ACBrSMSDll.pas"/>
        <IsPartOfProject Value="True"/>
        <UnitName Value="ACBrSMSDll"/>
        <WindowIndex Value="0"/>
        <TopLine Value="894"/>
        <CursorPos X="61" Y="983"/>
        <UsageCount Value="208"/>
        <DefaultSyntaxHighlighter Value="Delphi"/>
      </Unit29>
      <Unit30>
        <Filename Value="..\..\ACBr\Fontes\ACBrSerial\ACBrSMSClass.pas"/>
        <UnitName Value="ACBrSMSClass"/>
        <WindowIndex Value="0"/>
        <TopLine Value="154"/>
        <CursorPos X="42" Y="166"/>
        <UsageCount Value="11"/>
        <DefaultSyntaxHighlighter Value="Delphi"/>
      </Unit30>
      <Unit31>
        <Filename Value="ACBrIBGEDll.pas"/>
        <IsPartOfProject Value="True"/>
        <UnitName Value="ACBrIBGEDll"/>
        <WindowIndex Value="0"/>
        <TopLine Value="42"/>
        <CursorPos X="1" Y="189"/>
        <FoldState Value=" TJf2{L011 TLg0O2 T3iU0K11211j"/>
        <UsageCount Value="202"/>
        <DefaultSyntaxHighlighter Value="Delphi"/>
      </Unit31>
      <Unit32>
        <Filename Value="ACBrValidadorDll.pas"/>
        <IsPartOfProject Value="True"/>
        <UnitName Value="ACBrValidadorDll"/>
        <WindowIndex Value="0"/>
        <TopLine Value="696"/>
        <CursorPos X="21" Y="879"/>
        <UsageCount Value="202"/>
        <DefaultSyntaxHighlighter Value="Delphi"/>
      </Unit32>
      <Unit33>
        <Filename Value="ACBrRFDDll.pas"/>
        <IsPartOfProject Value="True"/>
        <UnitName Value="ACBrRFDDll"/>
        <WindowIndex Value="0"/>
        <TopLine Value="1"/>
        <CursorPos X="1" Y="1"/>
        <UsageCount Value="200"/>
        <DefaultSyntaxHighlighter Value="Delphi"/>
      </Unit33>
      <Unit34>
        <Filename Value="..\..\ACBr\Fontes\ACBrSPED\ACBrSPEDFiscal\ACBrEFDBloco_1_Class.pas"/>
        <UnitName Value="ACBrEFDBloco_1_Class"/>
        <WindowIndex Value="0"/>
        <TopLine Value="210"/>
        <CursorPos X="42" Y="234"/>
        <UsageCount Value="28"/>
        <DefaultSyntaxHighlighter Value="Delphi"/>
      </Unit34>
      <Unit35>
        <Filename Value="..\..\ACBr\Fontes\ACBrSPED\ACBrSPEDFiscal\ACBrEFDBloco_1.pas"/>
        <UnitName Value="ACBrEFDBloco_1"/>
        <WindowIndex Value="0"/>
        <TopLine Value="451"/>
        <CursorPos X="39" Y="469"/>
        <UsageCount Value="28"/>
        <DefaultSyntaxHighlighter Value="Delphi"/>
      </Unit35>
      <Unit36>
        <Filename Value="..\..\ACBr\Fontes\ACBrSPED\ACBrSPEDFiscal\ACBrEFDBloco_E_Events.pas"/>
        <UnitName Value="ACBrEFDBloco_E_Events"/>
        <WindowIndex Value="0"/>
        <TopLine Value="28"/>
        <CursorPos X="17" Y="46"/>
        <UsageCount Value="5"/>
        <DefaultSyntaxHighlighter Value="Delphi"/>
      </Unit36>
      <Unit37>
        <Filename Value="ACBrNFeDll.pas"/>
        <UnitName Value="ACBrNFeDll"/>
        <WindowIndex Value="0"/>
        <TopLine Value="33"/>
        <CursorPos X="9" Y="1779"/>
        <FoldState Value=" TJc2{P1 p)ejO2~q]Avc:32{51 T3*Q0L5 pj7je0J[948jd0[99I4 piYjJ0J[94XjP[96ZjL0L43"/>
        <UsageCount Value="20"/>
        <DefaultSyntaxHighlighter Value="Delphi"/>
      </Unit37>
      <Unit38>
        <Filename Value="..\..\ACBr\Fontes\PCN2\pcnGerador.pas"/>
        <UnitName Value="pcnGerador"/>
        <WindowIndex Value="0"/>
        <TopLine Value="1"/>
        <CursorPos X="56" Y="703"/>
        <UsageCount Value="5"/>
        <DefaultSyntaxHighlighter Value="Delphi"/>
      </Unit38>
      <Unit39>
        <Filename Value="C:\lazarus\fpc\2.6.0\source\rtl\win32\windows.pp"/>
        <UnitName Value="windows"/>
        <WindowIndex Value="0"/>
        <TopLine Value="32"/>
        <CursorPos X="26" Y="32"/>
        <UsageCount Value="5"/>
      </Unit39>
      <Unit40>
        <Filename Value="C:\lazarus\fpc\2.6.0\source\rtl\win\wininc\redef.inc"/>
        <WindowIndex Value="0"/>
        <TopLine Value="717"/>
        <CursorPos X="10" Y="735"/>
        <UsageCount Value="5"/>
      </Unit40>
      <Unit41>
        <Filename Value="C:\lazarus\fpc\2.6.0\source\rtl\win\wininc\messages.inc"/>
        <WindowIndex Value="0"/>
        <TopLine Value="1163"/>
        <CursorPos X="19" Y="1181"/>
        <UsageCount Value="5"/>
      </Unit41>
      <Unit42>
        <Filename Value="C:\lazarus\fpc\2.6.0\source\rtl\win\wininc\defines.inc"/>
        <WindowIndex Value="0"/>
        <TopLine Value="1638"/>
        <CursorPos X="18" Y="1656"/>
        <UsageCount Value="5"/>
      </Unit42>
      <Unit43>
        <Filename Value="ACBrCEPDll.pas"/>
        <IsPartOfProject Value="True"/>
        <UnitName Value="ACBrCEPDll"/>
        <WindowIndex Value="0"/>
        <TopLine Value="877"/>
        <CursorPos X="5" Y="962"/>
        <UsageCount Value="202"/>
        <DefaultSyntaxHighlighter Value="Delphi"/>
      </Unit43>
      <Unit44>
        <Filename Value="..\..\ACBr\Fontes\ACBrTCP\ACBrCEP.pas"/>
        <UnitName Value="ACBrCEP"/>
        <WindowIndex Value="0"/>
        <TopLine Value="165"/>
        <CursorPos X="10" Y="179"/>
        <UsageCount Value="9"/>
        <DefaultSyntaxHighlighter Value="Delphi"/>
      </Unit44>
      <Unit45>
        <Filename Value="..\..\ACBr\Fontes\ACBrSPED\ACBrSPEDFiscal\ACBrEFDBloco_C_Class.pas"/>
        <UnitName Value="ACBrEFDBloco_C_Class"/>
        <WindowIndex Value="0"/>
        <TopLine Value="245"/>
        <CursorPos X="38" Y="256"/>
        <UsageCount Value="60"/>
        <DefaultSyntaxHighlighter Value="Delphi"/>
      </Unit45>
      <Unit46>
        <Filename Value="..\..\ACBr\Fontes\ACBrSPED\ACBrSPEDFiscal\ACBrEFDBloco_C.pas"/>
        <UnitName Value="ACBrEFDBloco_C"/>
        <WindowIndex Value="0"/>
        <TopLine Value="1588"/>
        <CursorPos X="14" Y="1606"/>
        <UsageCount Value="60"/>
        <DefaultSyntaxHighlighter Value="Delphi"/>
      </Unit46>
      <Unit47>
        <Filename Value="..\..\ACBr\Fontes\ACBrSPED\ACBrSPEDFiscal\ACBrEFDBloco_D_Class.pas"/>
        <UnitName Value="ACBrEFDBloco_D_Class"/>
        <WindowIndex Value="0"/>
        <TopLine Value="138"/>
        <CursorPos X="41" Y="167"/>
        <UsageCount Value="24"/>
        <DefaultSyntaxHighlighter Value="Delphi"/>
      </Unit47>
      <Unit48>
        <Filename Value="..\..\ACBr\Fontes\ACBrSPED\ACBrSPEDFiscal\ACBrEFDBloco_D.pas"/>
        <UnitName Value="ACBrEFDBloco_D"/>
        <WindowIndex Value="0"/>
        <TopLine Value="638"/>
        <CursorPos X="5" Y="656"/>
        <UsageCount Value="24"/>
        <DefaultSyntaxHighlighter Value="Delphi"/>
      </Unit48>
      <Unit49>
        <Filename Value="..\..\ACBr\Fontes\ACBrSerial\ACBrSMS.pas"/>
        <UnitName Value="ACBrSMS"/>
        <WindowIndex Value="0"/>
        <TopLine Value="76"/>
        <CursorPos X="15" Y="92"/>
        <UsageCount Value="11"/>
        <DefaultSyntaxHighlighter Value="Delphi"/>
      </Unit49>
      <Unit50>
        <Filename Value="ACBrNFeDANFEFramework.pas"/>
        <UsageCount Value="20"/>
        <DefaultSyntaxHighlighter Value="Delphi"/>
      </Unit50>
      <Unit51>
        <Filename Value="..\..\ACBr\Fontes\ACBrNFe2\ACBrNFeNotasFiscais.pas"/>
        <UnitName Value="ACBrNFeNotasFiscais"/>
        <EditorIndex Value="2"/>
        <WindowIndex Value="0"/>
        <TopLine Value="66"/>
        <CursorPos X="26" Y="109"/>
        <UsageCount Value="41"/>
        <Loaded Value="True"/>
        <DefaultSyntaxHighlighter Value="Delphi"/>
      </Unit51>
      <Unit52>
        <Filename Value="C:\lazarus\fpc\2.6.0\source\rtl\objpas\classes\classesh.inc"/>
        <WindowIndex Value="0"/>
        <TopLine Value="18"/>
        <CursorPos X="4" Y="32"/>
        <UsageCount Value="11"/>
      </Unit52>
      <Unit53>
        <Filename Value="C:\lazarus\fpc\2.6.0\source\rtl\inc\wstringh.inc"/>
        <WindowIndex Value="0"/>
        <TopLine Value="11"/>
        <CursorPos X="11" Y="29"/>
        <UsageCount Value="9"/>
      </Unit53>
      <Unit54>
        <Filename Value="ACBrNFe2DANFEFramework.pas"/>
        <IsPartOfProject Value="True"/>
        <UsageCount Value="84"/>
        <DefaultSyntaxHighlighter Value="Delphi"/>
      </Unit54>
      <Unit55>
        <Filename Value="ACBrNFe2Dll.pas"/>
        <IsPartOfProject Value="True"/>
        <UnitName Value="ACBrNFe2Dll"/>
        <EditorIndex Value="0"/>
        <WindowIndex Value="0"/>
        <TopLine Value="7048"/>
        <CursorPos X="1" Y="7196"/>
        <FoldState Value=" TJV2{P1 p)ejO2~q p0'12_a1]9z12{Q[94ih42#pV0[L5S2#d[94=P2~_1 T3}F0J412946]MuU]D pjOkE0I[d4j-40J5]I8jf[98d[a5iXjJ0JQ"/>
        <UsageCount Value="84"/>
        <Loaded Value="True"/>
        <DefaultSyntaxHighlighter Value="Delphi"/>
      </Unit55>
      <Unit56>
        <Filename Value="..\..\ACBr\Fontes\ACBrNFe2\ACBrNFe.pas"/>
        <UnitName Value="ACBrNFe"/>
        <IsVisibleTab Value="True"/>
        <EditorIndex Value="3"/>
        <WindowIndex Value="0"/>
        <TopLine Value="122"/>
        <CursorPos X="28" Y="141"/>
        <UsageCount Value="41"/>
        <Loaded Value="True"/>
        <DefaultSyntaxHighlighter Value="Delphi"/>
      </Unit56>
      <Unit57>
        <Filename Value="..\..\ACBr\Fontes\ACBrNFe2\ACBrNFeConfiguracoes.pas"/>
        <UnitName Value="ACBrNFeConfiguracoes"/>
        <WindowIndex Value="0"/>
        <TopLine Value="196"/>
        <CursorPos X="42" Y="207"/>
        <UsageCount Value="11"/>
        <DefaultSyntaxHighlighter Value="Delphi"/>
      </Unit57>
      <Unit58>
        <Filename Value="..\..\ACBr\Fontes\PCN2\pcnNFe.pas"/>
        <UnitName Value="pcnNFe"/>
        <EditorIndex Value="1"/>
        <WindowIndex Value="0"/>
        <TopLine Value="398"/>
        <CursorPos X="14" Y="412"/>
        <UsageCount Value="35"/>
        <Loaded Value="True"/>
        <DefaultSyntaxHighlighter Value="Delphi"/>
      </Unit58>
      <Unit59>
        <Filename Value="..\..\ACBr\Fontes\ACBrComum\ACBrAAC.pas"/>
        <UnitName Value="ACBrAAC"/>
        <WindowIndex Value="0"/>
        <TopLine Value="571"/>
        <CursorPos X="45" Y="583"/>
        <UsageCount Value="9"/>
        <DefaultSyntaxHighlighter Value="Delphi"/>
      </Unit59>
      <Unit60>
        <Filename Value="..\..\ACBr\Fontes\PCN2\pcnConversao.pas"/>
        <UnitName Value="pcnConversao"/>
        <WindowIndex Value="0"/>
        <TopLine Value="167"/>
        <CursorPos X="3" Y="181"/>
        <UsageCount Value="31"/>
        <DefaultSyntaxHighlighter Value="Delphi"/>
      </Unit60>
      <Unit61>
        <Filename Value="..\..\ACBr\Fontes\ACBrPAF\ACBrPAF_R.pas"/>
        <UnitName Value="ACBrPAF_R"/>
        <WindowIndex Value="0"/>
        <TopLine Value="248"/>
        <CursorPos X="14" Y="287"/>
        <UsageCount Value="9"/>
        <DefaultSyntaxHighlighter Value="Delphi"/>
      </Unit61>
      <Unit62>
        <Filename Value="ACBrDISDll.pas"/>
        <UnitName Value="ACBrDISDll"/>
        <WindowIndex Value="0"/>
        <TopLine Value="1"/>
        <CursorPos X="10" Y="8"/>
        <FoldState Value=" T3j70Q4 piZjU0K3Y"/>
        <UsageCount Value="11"/>
        <DefaultSyntaxHighlighter Value="Delphi"/>
      </Unit62>
      <Unit63>
        <Filename Value="..\..\ACBr\Fontes\ACBrSerial\ACBrDIS.pas"/>
        <UnitName Value="ACBrDIS"/>
        <WindowIndex Value="0"/>
        <TopLine Value="225"/>
        <CursorPos X="62" Y="243"/>
        <UsageCount Value="11"/>
        <DefaultSyntaxHighlighter Value="Delphi"/>
      </Unit63>
      <Unit64>
        <Filename Value="C:\lazarus\fpc\2.6.0\source\rtl\objpas\types.pp"/>
        <UnitName Value="types"/>
        <WindowIndex Value="0"/>
        <TopLine Value="54"/>
        <CursorPos X="3" Y="68"/>
        <UsageCount Value="11"/>
      </Unit64>
      <Unit65>
        <Filename Value="C:\lazarus\fpc\2.6.0\source\rtl\win\wininc\struct.inc"/>
        <WindowIndex Value="0"/>
        <TopLine Value="203"/>
        <CursorPos X="1" Y="218"/>
        <UsageCount Value="11"/>
      </Unit65>
      <Unit66>
        <Filename Value="..\..\ACBr\Fontes\ACBrComum\ACBrPAFClass.pas"/>
        <UnitName Value="ACBrPAFClass"/>
        <WindowIndex Value="0"/>
        <TopLine Value="179"/>
        <CursorPos X="3" Y="147"/>
        <UsageCount Value="9"/>
        <DefaultSyntaxHighlighter Value="Delphi"/>
      </Unit66>
      <Unit67>
        <Filename Value="C:\lazarus\fpc\2.6.2\source\rtl\objpas\objpas.pp"/>
        <UnitName Value="objpas"/>
        <WindowIndex Value="0"/>
        <TopLine Value="10"/>
        <CursorPos X="8" Y="28"/>
        <UsageCount Value="9"/>
      </Unit67>
      <Unit68>
        <Filename Value="C:\lazarus\fpc\2.6.2\source\rtl\inc\objpash.inc"/>
        <WindowIndex Value="0"/>
        <TopLine Value="174"/>
        <CursorPos X="23" Y="192"/>
        <UsageCount Value="9"/>
      </Unit68>
      <Unit69>
        <Filename Value="C:\lazarus\fpc\2.6.2\source\rtl\objpas\sysutils\sysstrh.inc"/>
        <WindowIndex Value="0"/>
        <TopLine Value="95"/>
        <CursorPos X="10" Y="113"/>
        <UsageCount Value="9"/>
      </Unit69>
      <Unit70>
        <Filename Value="..\..\ACBr\Fontes\ACBrTEFD\ACBrTEFDCliSiTef.pas"/>
        <UnitName Value="ACBrTEFDCliSiTef"/>
        <WindowIndex Value="0"/>
        <TopLine Value="207"/>
        <CursorPos X="15" Y="233"/>
        <UsageCount Value="10"/>
        <DefaultSyntaxHighlighter Value="Delphi"/>
      </Unit70>
      <Unit71>
        <Filename Value="C:\lazarus\fpc\2.6.2\source\rtl\objpas\classes\classesh.inc"/>
        <WindowIndex Value="0"/>
        <TopLine Value="560"/>
        <CursorPos X="14" Y="573"/>
        <UsageCount Value="11"/>
      </Unit71>
      <Unit72>
        <Filename Value="..\..\ACBr\Fontes\ACBrComum\OpenSSL.pas"/>
        <UnitName Value="OpenSSL"/>
        <WindowIndex Value="0"/>
        <TopLine Value="982"/>
        <CursorPos X="69" Y="993"/>
        <UsageCount Value="10"/>
        <DefaultSyntaxHighlighter Value="Delphi"/>
      </Unit72>
    </Units>
    <JumpHistory Count="19" HistoryIndex="18">
      <Position1>
        <Filename Value="..\..\ACBr\Fontes\PCN2\pcnNFe.pas"/>
        <Caret Line="174" Column="14" TopLine="154"/>
      </Position1>
      <Position2>
        <Filename Value="..\..\ACBr\Fontes\PCN2\pcnNFe.pas"/>
        <Caret Line="82" Column="15" TopLine="67"/>
      </Position2>
      <Position3>
        <Filename Value="..\..\ACBr\Fontes\PCN2\pcnNFe.pas"/>
        <Caret Line="518" Column="3" TopLine="507"/>
      </Position3>
      <Position4>
        <Filename Value="..\..\ACBr\Fontes\PCN2\pcnNFe.pas"/>
        <Caret Line="83" Column="3" TopLine="69"/>
      </Position4>
      <Position5>
        <Filename Value="ACBrNFe2Dll.pas"/>
        <Caret Line="6944" Column="10" TopLine="5120"/>
      </Position5>
      <Position6>
        <Filename Value="ACBrNFe2Dll.pas"/>
        <Caret Line="6965" Column="10" TopLine="5120"/>
      </Position6>
      <Position7>
        <Filename Value="ACBrNFe2Dll.pas"/>
        <Caret Line="4218" Column="25" TopLine="4204"/>
      </Position7>
      <Position8>
        <Filename Value="..\..\ACBr\Fontes\PCN2\pcnNFe.pas"/>
        <Caret Line="278" Column="14" TopLine="263"/>
      </Position8>
      <Position9>
        <Filename Value="..\..\ACBr\Fontes\PCN2\pcnNFe.pas"/>
        <Caret Line="73" Column="3" TopLine="59"/>
      </Position9>
      <Position10>
        <Filename Value="ACBrNFe2Dll.pas"/>
        <Caret Line="4186" Column="1" TopLine="4048"/>
      </Position10>
      <Position11>
        <Filename Value="ACBrNFe2Dll.pas"/>
        <Caret Line="5382" Column="48" TopLine="5242"/>
      </Position11>
      <Position12>
        <Filename Value="ACBrNFe2Dll.pas"/>
        <Caret Line="6942" Column="39" TopLine="4124"/>
      </Position12>
      <Position13>
        <Filename Value="ACBrNFe2Dll.pas"/>
        <Caret Line="6975" Column="29" TopLine="6944"/>
      </Position13>
      <Position14>
        <Filename Value="ACBrNFe2Dll.pas"/>
        <Caret Line="7584" Column="17" TopLine="7433"/>
      </Position14>
      <Position15>
        <Filename Value="ACBrNFe2Dll.pas"/>
        <Caret Line="2401" Column="31" TopLine="2391"/>
      </Position15>
      <Position16>
        <Filename Value="ACBrNFe2Dll.pas"/>
        <Caret Line="2395" Column="27" TopLine="2385"/>
      </Position16>
      <Position17>
        <Filename Value="ACBrNFe2Dll.pas"/>
        <Caret Line="2401" Column="31" TopLine="2391"/>
      </Position17>
      <Position18>
        <Filename Value="ACBrNFe2Dll.pas"/>
        <Caret Line="2395" Column="27" TopLine="2385"/>
      </Position18>
      <Position19>
        <Filename Value="ACBrNFe2Dll.pas"/>
        <Caret Line="2389" Column="28" TopLine="2379"/>
      </Position19>
    </JumpHistory>
    <CustomSessionData Count="2">
      <Item0 Name="SVN active" Value="-1"/>
      <Item1 Name="SVN repository" Value="..\..\ACBrFramework"/>
    </CustomSessionData>
  </ProjectOptions>
  <CompilerOptions>
    <Version Value="11"/>
    <PathDelim Value="\"/>
    <Target>
      <Filename Value="x86\ACBrFramework32"/>
    </Target>
    <SearchPaths>
      <IncludeFiles Value="$(ProjOutDir);..\..\ACBr\Fontes\ACBrComum"/>
      <OtherUnitFiles Value="..\..\ACBr\Fontes\ACBrSerial;..\..\ACBr\Fontes\ACBrTCP;..\..\ACBr\Fontes\ACBrComum;..\..\ACBr\Fontes\ACBrDiversos;..\..\ACBr\Fontes\ACBrPAF;..\..\ACBr\Fontes\ACBrSintegra;..\..\ACBr\Fontes\ACBrTEFD;..\..\ACBr\Fontes\ACBrSPED;..\..\ACBr\Fontes\ACBrSPED\ACBrSPEDFiscal;..\..\ACBr\Fontes\ACBrNFe2;..\..\ACBr\Fontes\PCN2;..\..\ACBr\Fontes\synalist"/>
      <UnitOutputDirectory Value="lib\$(TargetCPU)-$(TargetOS)"/>
    </SearchPaths>
    <Parsing>
      <SyntaxOptions>
        <SyntaxMode Value="Delphi"/>
      </SyntaxOptions>
    </Parsing>
    <CodeGeneration>
      <SmartLinkUnit Value="True"/>
      <TargetCPU Value="i386"/>
      <TargetOS Value="win32"/>
      <Optimizations>
        <OptimizationLevel Value="3"/>
      </Optimizations>
    </CodeGeneration>
    <Linking>
      <Debugging>
        <GenerateDebugInfo Value="False"/>
        <UseLineInfoUnit Value="False"/>
        <StripSymbols Value="True"/>
      </Debugging>
      <LinkSmart Value="True"/>
      <Options>
        <ExecutableType Value="Library"/>
      </Options>
    </Linking>
    <Other>
      <CompilerMessages>
        <UseMsgFile Value="True"/>
      </CompilerMessages>
      <CustomOptions Value="-dCONSOLE -dFRAMEWORK -dCDECL"/>
      <CompilerPath Value="$(CompPath)"/>
    </Other>
  </CompilerOptions>
  <Debugging>
    <Exceptions Count="3">
      <Item1>
        <Name Value="EAbort"/>
      </Item1>
      <Item2>
        <Name Value="ECodetoolError"/>
      </Item2>
      <Item3>
        <Name Value="EFOpenError"/>
      </Item3>
    </Exceptions>
  </Debugging>
</CONFIG>
